
Microsoft Visual Studio Solution File, Format Version 12.00
# Visual Studio 15
VisualStudioVersion = 15.0.27004.2009
MinimumVisualStudioVersion = 10.0.40219.1
Project("{2150E333-8FDC-42A3-9474-1A3956D46DE8}") = "Core", "Core", "{E9DAB471-D189-4DFA-8606-4A57E189B9AD}"
EndProject
Project("{2150E333-8FDC-42A3-9474-1A3956D46DE8}") = "NugetSpecifications", "NugetSpecifications", "{0293E201-5C12-4E4F-ACB6-46AEE9484DCC}"
	ProjectSection(SolutionItems) = preProject
		services\StrongBeaver.Services.Connectivity.Xamarin.nuspec = services\StrongBeaver.Services.Connectivity.Xamarin.nuspec
		services\StrongBeaver.Services.DataStorage.SQLite.Xamarin.nuspec = services\StrongBeaver.Services.DataStorage.SQLite.Xamarin.nuspec
		services\StrongBeaver.Services.Geolocator.Xamarin.nuspec = services\StrongBeaver.Services.Geolocator.Xamarin.nuspec
		services\StrongBeaver.Services.Permissions.Xamarin.nuspec = services\StrongBeaver.Services.Permissions.Xamarin.nuspec
	EndProjectSection
EndProject
Project("{2150E333-8FDC-42A3-9474-1A3956D46DE8}") = "Services", "Services", "{61C95BB6-89B9-4D97-A414-800734DD8830}"
EndProject
Project("{9A19103F-16F7-4668-BE54-9A1E7A4F7556}") = "StrongBeaver.Services.DataStorage.EFC", "services\StrongBeaver.Services.DataStorage.EFC\StrongBeaver.Services.DataStorage.EFC.csproj", "{3ADF6CD0-5713-468F-A1B2-61A919E456ED}"
EndProject
Project("{2150E333-8FDC-42A3-9474-1A3956D46DE8}") = "Solution Items", "Solution Items", "{8D86B4E2-FCB5-49DF-87A0-2CB85168E01D}"
	ProjectSection(SolutionItems) = preProject
		README.md = README.md
	EndProjectSection
EndProject
Project("{9A19103F-16F7-4668-BE54-9A1E7A4F7556}") = "StrongBeaver.Core", "StrongBeaver.Core\StrongBeaver.Core.csproj", "{36C9218F-2FE5-4949-A7DD-8FFBD79175D9}"
EndProject
Project("{9A19103F-16F7-4668-BE54-9A1E7A4F7556}") = "StrongBeaver.Core.Xamarin", "StrongBeaver.Core.Xamarin\StrongBeaver.Core.Xamarin.csproj", "{F8A18AFA-9516-40B2-A2AF-73D95DAB8A56}"
EndProject
Project("{FAE04EC0-301F-11D3-BF4B-00C04F79EFBC}") = "StrongBeaver.Core.iOS", "StrongBeaver.Core.iOS\StrongBeaver.Core.iOS.csproj", "{E71F3053-056C-4381-9638-048ED73BDFF6}"
EndProject
Project("{9A19103F-16F7-4668-BE54-9A1E7A4F7556}") = "StrongBeaver.Services.Connectivity.Xamarin", "services\StrongBeaver.Services.Connectivity.Xamarin\StrongBeaver.Services.Connectivity.Xamarin.csproj", "{6F5E381C-8DFA-423A-819E-CAE5A30ECF45}"
EndProject
Project("{9A19103F-16F7-4668-BE54-9A1E7A4F7556}") = "StrongBeaver.Services.Permissions.Xamarin", "services\StrongBeaver.Services.Permissions.Xamarin\StrongBeaver.Services.Permissions.Xamarin.csproj", "{B1462907-ADBD-4772-A8FE-47E189CE664F}"
EndProject
Project("{9A19103F-16F7-4668-BE54-9A1E7A4F7556}") = "StrongBeaver.Services.Geolocator.Xamarin", "services\StrongBeaver.Services.Geolocator.Xamarin\StrongBeaver.Services.Geolocator.Xamarin.csproj", "{BD4D17CD-18DF-43F9-BD1E-C47F0D9ADBD3}"
EndProject
Project("{9A19103F-16F7-4668-BE54-9A1E7A4F7556}") = "StrongBeaver.Services.DataStorage.SqlLite.Xamarin", "services\StrongBeaver.Services.DataStorage.SqlLite.Xamarin\StrongBeaver.Services.DataStorage.SqlLite.Xamarin.csproj", "{ADABAC7D-C7E7-4781-A623-0DB4768BABA5}"
EndProject
Project("{FAE04EC0-301F-11D3-BF4B-00C04F79EFBC}") = "StrongBeaver.Showroom.iOS", "StrongBeaver.Showroom\StrongBeaver.Showroom.iOS\StrongBeaver.Showroom.iOS.csproj", "{AE27ABA3-522B-4779-9A69-B8E6EE762835}"
EndProject
Project("{9A19103F-16F7-4668-BE54-9A1E7A4F7556}") = "StrongBeaver.Showroom", "StrongBeaver.Showroom\StrongBeaver.Showroom\StrongBeaver.Showroom.csproj", "{132C0A9A-3201-45A8-ADCB-A80DAB96C6B8}"
EndProject
Project("{2150E333-8FDC-42A3-9474-1A3956D46DE8}") = "Showroom", "Showroom", "{181DE21A-6119-4EDF-8E9B-3928F79FBFF6}"
EndProject
Project("{9A19103F-16F7-4668-BE54-9A1E7A4F7556}") = "StrongBeaver.Core.ViewModel", "StrongBeaver.Core.ViewModel\StrongBeaver.Core.ViewModel.csproj", "{E0BD998D-4210-404B-8B90-801BE4097ECB}"
EndProject
Project("{9A19103F-16F7-4668-BE54-9A1E7A4F7556}") = "StrongBeaver.Core.Platform", "StrongBeaver.Core.Platform\StrongBeaver.Core.Platform.csproj", "{AEABFD9E-3141-4A4B-984C-2B69EEB6C779}"
EndProject
Project("{2150E333-8FDC-42A3-9474-1A3956D46DE8}") = "DependencyInjection", "DependencyInjection", "{E0702034-26A2-4261-9CC7-0102A0B77BE7}"
EndProject
Project("{9A19103F-16F7-4668-BE54-9A1E7A4F7556}") = "StrongBeaver.Core.ServiceLocator", "di-containers\StrongBeaver.Core.ServiceLocator\StrongBeaver.Core.ServiceLocator.csproj", "{A677BFB0-F976-4C8B-9716-BD9F06EB5832}"
EndProject
Global
	GlobalSection(SolutionConfigurationPlatforms) = preSolution
		Ad-Hoc|Any CPU = Ad-Hoc|Any CPU
		Ad-Hoc|ARM = Ad-Hoc|ARM
		Ad-Hoc|iPhone = Ad-Hoc|iPhone
		Ad-Hoc|iPhoneSimulator = Ad-Hoc|iPhoneSimulator
		Ad-Hoc|x64 = Ad-Hoc|x64
		Ad-Hoc|x86 = Ad-Hoc|x86
		AppStore|Any CPU = AppStore|Any CPU
		AppStore|ARM = AppStore|ARM
		AppStore|iPhone = AppStore|iPhone
		AppStore|iPhoneSimulator = AppStore|iPhoneSimulator
		AppStore|x64 = AppStore|x64
		AppStore|x86 = AppStore|x86
		Debug|Any CPU = Debug|Any CPU
		Debug|ARM = Debug|ARM
		Debug|iPhone = Debug|iPhone
		Debug|iPhoneSimulator = Debug|iPhoneSimulator
		Debug|x64 = Debug|x64
		Debug|x86 = Debug|x86
		Release|Any CPU = Release|Any CPU
		Release|ARM = Release|ARM
		Release|iPhone = Release|iPhone
		Release|iPhoneSimulator = Release|iPhoneSimulator
		Release|x64 = Release|x64
		Release|x86 = Release|x86
	EndGlobalSection
	GlobalSection(ProjectConfigurationPlatforms) = postSolution
		{3ADF6CD0-5713-468F-A1B2-61A919E456ED}.Ad-Hoc|Any CPU.ActiveCfg = Debug|Any CPU
		{3ADF6CD0-5713-468F-A1B2-61A919E456ED}.Ad-Hoc|Any CPU.Build.0 = Debug|Any CPU
		{3ADF6CD0-5713-468F-A1B2-61A919E456ED}.Ad-Hoc|ARM.ActiveCfg = Debug|Any CPU
		{3ADF6CD0-5713-468F-A1B2-61A919E456ED}.Ad-Hoc|ARM.Build.0 = Debug|Any CPU
		{3ADF6CD0-5713-468F-A1B2-61A919E456ED}.Ad-Hoc|iPhone.ActiveCfg = Debug|Any CPU
		{3ADF6CD0-5713-468F-A1B2-61A919E456ED}.Ad-Hoc|iPhone.Build.0 = Debug|Any CPU
		{3ADF6CD0-5713-468F-A1B2-61A919E456ED}.Ad-Hoc|iPhoneSimulator.ActiveCfg = Debug|Any CPU
		{3ADF6CD0-5713-468F-A1B2-61A919E456ED}.Ad-Hoc|iPhoneSimulator.Build.0 = Debug|Any CPU
		{3ADF6CD0-5713-468F-A1B2-61A919E456ED}.Ad-Hoc|x64.ActiveCfg = Debug|Any CPU
		{3ADF6CD0-5713-468F-A1B2-61A919E456ED}.Ad-Hoc|x64.Build.0 = Debug|Any CPU
		{3ADF6CD0-5713-468F-A1B2-61A919E456ED}.Ad-Hoc|x86.ActiveCfg = Debug|Any CPU
		{3ADF6CD0-5713-468F-A1B2-61A919E456ED}.Ad-Hoc|x86.Build.0 = Debug|Any CPU
		{3ADF6CD0-5713-468F-A1B2-61A919E456ED}.AppStore|Any CPU.ActiveCfg = Debug|Any CPU
		{3ADF6CD0-5713-468F-A1B2-61A919E456ED}.AppStore|Any CPU.Build.0 = Debug|Any CPU
		{3ADF6CD0-5713-468F-A1B2-61A919E456ED}.AppStore|ARM.ActiveCfg = Debug|Any CPU
		{3ADF6CD0-5713-468F-A1B2-61A919E456ED}.AppStore|ARM.Build.0 = Debug|Any CPU
		{3ADF6CD0-5713-468F-A1B2-61A919E456ED}.AppStore|iPhone.ActiveCfg = Debug|Any CPU
		{3ADF6CD0-5713-468F-A1B2-61A919E456ED}.AppStore|iPhone.Build.0 = Debug|Any CPU
		{3ADF6CD0-5713-468F-A1B2-61A919E456ED}.AppStore|iPhoneSimulator.ActiveCfg = Debug|Any CPU
		{3ADF6CD0-5713-468F-A1B2-61A919E456ED}.AppStore|iPhoneSimulator.Build.0 = Debug|Any CPU
		{3ADF6CD0-5713-468F-A1B2-61A919E456ED}.AppStore|x64.ActiveCfg = Debug|Any CPU
		{3ADF6CD0-5713-468F-A1B2-61A919E456ED}.AppStore|x64.Build.0 = Debug|Any CPU
		{3ADF6CD0-5713-468F-A1B2-61A919E456ED}.AppStore|x86.ActiveCfg = Debug|Any CPU
		{3ADF6CD0-5713-468F-A1B2-61A919E456ED}.AppStore|x86.Build.0 = Debug|Any CPU
		{3ADF6CD0-5713-468F-A1B2-61A919E456ED}.Debug|Any CPU.ActiveCfg = Debug|Any CPU
		{3ADF6CD0-5713-468F-A1B2-61A919E456ED}.Debug|Any CPU.Build.0 = Debug|Any CPU
		{3ADF6CD0-5713-468F-A1B2-61A919E456ED}.Debug|ARM.ActiveCfg = Debug|Any CPU
		{3ADF6CD0-5713-468F-A1B2-61A919E456ED}.Debug|ARM.Build.0 = Debug|Any CPU
		{3ADF6CD0-5713-468F-A1B2-61A919E456ED}.Debug|iPhone.ActiveCfg = Debug|Any CPU
		{3ADF6CD0-5713-468F-A1B2-61A919E456ED}.Debug|iPhone.Build.0 = Debug|Any CPU
		{3ADF6CD0-5713-468F-A1B2-61A919E456ED}.Debug|iPhoneSimulator.ActiveCfg = Debug|Any CPU
		{3ADF6CD0-5713-468F-A1B2-61A919E456ED}.Debug|iPhoneSimulator.Build.0 = Debug|Any CPU
		{3ADF6CD0-5713-468F-A1B2-61A919E456ED}.Debug|x64.ActiveCfg = Debug|Any CPU
		{3ADF6CD0-5713-468F-A1B2-61A919E456ED}.Debug|x64.Build.0 = Debug|Any CPU
		{3ADF6CD0-5713-468F-A1B2-61A919E456ED}.Debug|x86.ActiveCfg = Debug|Any CPU
		{3ADF6CD0-5713-468F-A1B2-61A919E456ED}.Debug|x86.Build.0 = Debug|Any CPU
		{3ADF6CD0-5713-468F-A1B2-61A919E456ED}.Release|Any CPU.ActiveCfg = Release|Any CPU
		{3ADF6CD0-5713-468F-A1B2-61A919E456ED}.Release|Any CPU.Build.0 = Release|Any CPU
		{3ADF6CD0-5713-468F-A1B2-61A919E456ED}.Release|ARM.ActiveCfg = Release|Any CPU
		{3ADF6CD0-5713-468F-A1B2-61A919E456ED}.Release|ARM.Build.0 = Release|Any CPU
		{3ADF6CD0-5713-468F-A1B2-61A919E456ED}.Release|iPhone.ActiveCfg = Release|Any CPU
		{3ADF6CD0-5713-468F-A1B2-61A919E456ED}.Release|iPhone.Build.0 = Release|Any CPU
		{3ADF6CD0-5713-468F-A1B2-61A919E456ED}.Release|iPhoneSimulator.ActiveCfg = Release|Any CPU
		{3ADF6CD0-5713-468F-A1B2-61A919E456ED}.Release|iPhoneSimulator.Build.0 = Release|Any CPU
		{3ADF6CD0-5713-468F-A1B2-61A919E456ED}.Release|x64.ActiveCfg = Release|Any CPU
		{3ADF6CD0-5713-468F-A1B2-61A919E456ED}.Release|x64.Build.0 = Release|Any CPU
		{3ADF6CD0-5713-468F-A1B2-61A919E456ED}.Release|x86.ActiveCfg = Release|Any CPU
		{3ADF6CD0-5713-468F-A1B2-61A919E456ED}.Release|x86.Build.0 = Release|Any CPU
		{36C9218F-2FE5-4949-A7DD-8FFBD79175D9}.Ad-Hoc|Any CPU.ActiveCfg = Debug|Any CPU
		{36C9218F-2FE5-4949-A7DD-8FFBD79175D9}.Ad-Hoc|Any CPU.Build.0 = Debug|Any CPU
		{36C9218F-2FE5-4949-A7DD-8FFBD79175D9}.Ad-Hoc|ARM.ActiveCfg = Debug|Any CPU
		{36C9218F-2FE5-4949-A7DD-8FFBD79175D9}.Ad-Hoc|ARM.Build.0 = Debug|Any CPU
		{36C9218F-2FE5-4949-A7DD-8FFBD79175D9}.Ad-Hoc|iPhone.ActiveCfg = Debug|Any CPU
		{36C9218F-2FE5-4949-A7DD-8FFBD79175D9}.Ad-Hoc|iPhone.Build.0 = Debug|Any CPU
		{36C9218F-2FE5-4949-A7DD-8FFBD79175D9}.Ad-Hoc|iPhoneSimulator.ActiveCfg = Debug|Any CPU
		{36C9218F-2FE5-4949-A7DD-8FFBD79175D9}.Ad-Hoc|iPhoneSimulator.Build.0 = Debug|Any CPU
		{36C9218F-2FE5-4949-A7DD-8FFBD79175D9}.Ad-Hoc|x64.ActiveCfg = Debug|Any CPU
		{36C9218F-2FE5-4949-A7DD-8FFBD79175D9}.Ad-Hoc|x64.Build.0 = Debug|Any CPU
		{36C9218F-2FE5-4949-A7DD-8FFBD79175D9}.Ad-Hoc|x86.ActiveCfg = Debug|Any CPU
		{36C9218F-2FE5-4949-A7DD-8FFBD79175D9}.Ad-Hoc|x86.Build.0 = Debug|Any CPU
		{36C9218F-2FE5-4949-A7DD-8FFBD79175D9}.AppStore|Any CPU.ActiveCfg = Debug|Any CPU
		{36C9218F-2FE5-4949-A7DD-8FFBD79175D9}.AppStore|Any CPU.Build.0 = Debug|Any CPU
		{36C9218F-2FE5-4949-A7DD-8FFBD79175D9}.AppStore|ARM.ActiveCfg = Debug|Any CPU
		{36C9218F-2FE5-4949-A7DD-8FFBD79175D9}.AppStore|ARM.Build.0 = Debug|Any CPU
		{36C9218F-2FE5-4949-A7DD-8FFBD79175D9}.AppStore|iPhone.ActiveCfg = Debug|Any CPU
		{36C9218F-2FE5-4949-A7DD-8FFBD79175D9}.AppStore|iPhone.Build.0 = Debug|Any CPU
		{36C9218F-2FE5-4949-A7DD-8FFBD79175D9}.AppStore|iPhoneSimulator.ActiveCfg = Debug|Any CPU
		{36C9218F-2FE5-4949-A7DD-8FFBD79175D9}.AppStore|iPhoneSimulator.Build.0 = Debug|Any CPU
		{36C9218F-2FE5-4949-A7DD-8FFBD79175D9}.AppStore|x64.ActiveCfg = Debug|Any CPU
		{36C9218F-2FE5-4949-A7DD-8FFBD79175D9}.AppStore|x64.Build.0 = Debug|Any CPU
		{36C9218F-2FE5-4949-A7DD-8FFBD79175D9}.AppStore|x86.ActiveCfg = Debug|Any CPU
		{36C9218F-2FE5-4949-A7DD-8FFBD79175D9}.AppStore|x86.Build.0 = Debug|Any CPU
		{36C9218F-2FE5-4949-A7DD-8FFBD79175D9}.Debug|Any CPU.ActiveCfg = Debug|Any CPU
		{36C9218F-2FE5-4949-A7DD-8FFBD79175D9}.Debug|Any CPU.Build.0 = Debug|Any CPU
		{36C9218F-2FE5-4949-A7DD-8FFBD79175D9}.Debug|ARM.ActiveCfg = Debug|Any CPU
		{36C9218F-2FE5-4949-A7DD-8FFBD79175D9}.Debug|ARM.Build.0 = Debug|Any CPU
		{36C9218F-2FE5-4949-A7DD-8FFBD79175D9}.Debug|iPhone.ActiveCfg = Debug|Any CPU
		{36C9218F-2FE5-4949-A7DD-8FFBD79175D9}.Debug|iPhone.Build.0 = Debug|Any CPU
		{36C9218F-2FE5-4949-A7DD-8FFBD79175D9}.Debug|iPhoneSimulator.ActiveCfg = Debug|Any CPU
		{36C9218F-2FE5-4949-A7DD-8FFBD79175D9}.Debug|iPhoneSimulator.Build.0 = Debug|Any CPU
		{36C9218F-2FE5-4949-A7DD-8FFBD79175D9}.Debug|x64.ActiveCfg = Debug|Any CPU
		{36C9218F-2FE5-4949-A7DD-8FFBD79175D9}.Debug|x64.Build.0 = Debug|Any CPU
		{36C9218F-2FE5-4949-A7DD-8FFBD79175D9}.Debug|x86.ActiveCfg = Debug|Any CPU
		{36C9218F-2FE5-4949-A7DD-8FFBD79175D9}.Debug|x86.Build.0 = Debug|Any CPU
		{36C9218F-2FE5-4949-A7DD-8FFBD79175D9}.Release|Any CPU.ActiveCfg = Release|Any CPU
		{36C9218F-2FE5-4949-A7DD-8FFBD79175D9}.Release|Any CPU.Build.0 = Release|Any CPU
		{36C9218F-2FE5-4949-A7DD-8FFBD79175D9}.Release|ARM.ActiveCfg = Release|Any CPU
		{36C9218F-2FE5-4949-A7DD-8FFBD79175D9}.Release|ARM.Build.0 = Release|Any CPU
		{36C9218F-2FE5-4949-A7DD-8FFBD79175D9}.Release|iPhone.ActiveCfg = Release|Any CPU
		{36C9218F-2FE5-4949-A7DD-8FFBD79175D9}.Release|iPhone.Build.0 = Release|Any CPU
		{36C9218F-2FE5-4949-A7DD-8FFBD79175D9}.Release|iPhoneSimulator.ActiveCfg = Release|Any CPU
		{36C9218F-2FE5-4949-A7DD-8FFBD79175D9}.Release|iPhoneSimulator.Build.0 = Release|Any CPU
		{36C9218F-2FE5-4949-A7DD-8FFBD79175D9}.Release|x64.ActiveCfg = Release|Any CPU
		{36C9218F-2FE5-4949-A7DD-8FFBD79175D9}.Release|x64.Build.0 = Release|Any CPU
		{36C9218F-2FE5-4949-A7DD-8FFBD79175D9}.Release|x86.ActiveCfg = Release|Any CPU
		{36C9218F-2FE5-4949-A7DD-8FFBD79175D9}.Release|x86.Build.0 = Release|Any CPU
		{F8A18AFA-9516-40B2-A2AF-73D95DAB8A56}.Ad-Hoc|Any CPU.ActiveCfg = Debug|Any CPU
		{F8A18AFA-9516-40B2-A2AF-73D95DAB8A56}.Ad-Hoc|Any CPU.Build.0 = Debug|Any CPU
		{F8A18AFA-9516-40B2-A2AF-73D95DAB8A56}.Ad-Hoc|ARM.ActiveCfg = Debug|Any CPU
		{F8A18AFA-9516-40B2-A2AF-73D95DAB8A56}.Ad-Hoc|ARM.Build.0 = Debug|Any CPU
		{F8A18AFA-9516-40B2-A2AF-73D95DAB8A56}.Ad-Hoc|iPhone.ActiveCfg = Debug|Any CPU
		{F8A18AFA-9516-40B2-A2AF-73D95DAB8A56}.Ad-Hoc|iPhone.Build.0 = Debug|Any CPU
		{F8A18AFA-9516-40B2-A2AF-73D95DAB8A56}.Ad-Hoc|iPhoneSimulator.ActiveCfg = Debug|Any CPU
		{F8A18AFA-9516-40B2-A2AF-73D95DAB8A56}.Ad-Hoc|iPhoneSimulator.Build.0 = Debug|Any CPU
		{F8A18AFA-9516-40B2-A2AF-73D95DAB8A56}.Ad-Hoc|x64.ActiveCfg = Debug|Any CPU
		{F8A18AFA-9516-40B2-A2AF-73D95DAB8A56}.Ad-Hoc|x64.Build.0 = Debug|Any CPU
		{F8A18AFA-9516-40B2-A2AF-73D95DAB8A56}.Ad-Hoc|x86.ActiveCfg = Debug|Any CPU
		{F8A18AFA-9516-40B2-A2AF-73D95DAB8A56}.Ad-Hoc|x86.Build.0 = Debug|Any CPU
		{F8A18AFA-9516-40B2-A2AF-73D95DAB8A56}.AppStore|Any CPU.ActiveCfg = Debug|Any CPU
		{F8A18AFA-9516-40B2-A2AF-73D95DAB8A56}.AppStore|Any CPU.Build.0 = Debug|Any CPU
		{F8A18AFA-9516-40B2-A2AF-73D95DAB8A56}.AppStore|ARM.ActiveCfg = Debug|Any CPU
		{F8A18AFA-9516-40B2-A2AF-73D95DAB8A56}.AppStore|ARM.Build.0 = Debug|Any CPU
		{F8A18AFA-9516-40B2-A2AF-73D95DAB8A56}.AppStore|iPhone.ActiveCfg = Debug|Any CPU
		{F8A18AFA-9516-40B2-A2AF-73D95DAB8A56}.AppStore|iPhone.Build.0 = Debug|Any CPU
		{F8A18AFA-9516-40B2-A2AF-73D95DAB8A56}.AppStore|iPhoneSimulator.ActiveCfg = Debug|Any CPU
		{F8A18AFA-9516-40B2-A2AF-73D95DAB8A56}.AppStore|iPhoneSimulator.Build.0 = Debug|Any CPU
		{F8A18AFA-9516-40B2-A2AF-73D95DAB8A56}.AppStore|x64.ActiveCfg = Debug|Any CPU
		{F8A18AFA-9516-40B2-A2AF-73D95DAB8A56}.AppStore|x64.Build.0 = Debug|Any CPU
		{F8A18AFA-9516-40B2-A2AF-73D95DAB8A56}.AppStore|x86.ActiveCfg = Debug|Any CPU
		{F8A18AFA-9516-40B2-A2AF-73D95DAB8A56}.AppStore|x86.Build.0 = Debug|Any CPU
		{F8A18AFA-9516-40B2-A2AF-73D95DAB8A56}.Debug|Any CPU.ActiveCfg = Debug|Any CPU
		{F8A18AFA-9516-40B2-A2AF-73D95DAB8A56}.Debug|Any CPU.Build.0 = Debug|Any CPU
		{F8A18AFA-9516-40B2-A2AF-73D95DAB8A56}.Debug|ARM.ActiveCfg = Debug|Any CPU
		{F8A18AFA-9516-40B2-A2AF-73D95DAB8A56}.Debug|ARM.Build.0 = Debug|Any CPU
		{F8A18AFA-9516-40B2-A2AF-73D95DAB8A56}.Debug|iPhone.ActiveCfg = Debug|Any CPU
		{F8A18AFA-9516-40B2-A2AF-73D95DAB8A56}.Debug|iPhone.Build.0 = Debug|Any CPU
		{F8A18AFA-9516-40B2-A2AF-73D95DAB8A56}.Debug|iPhoneSimulator.ActiveCfg = Debug|Any CPU
		{F8A18AFA-9516-40B2-A2AF-73D95DAB8A56}.Debug|iPhoneSimulator.Build.0 = Debug|Any CPU
		{F8A18AFA-9516-40B2-A2AF-73D95DAB8A56}.Debug|x64.ActiveCfg = Debug|Any CPU
		{F8A18AFA-9516-40B2-A2AF-73D95DAB8A56}.Debug|x64.Build.0 = Debug|Any CPU
		{F8A18AFA-9516-40B2-A2AF-73D95DAB8A56}.Debug|x86.ActiveCfg = Debug|Any CPU
		{F8A18AFA-9516-40B2-A2AF-73D95DAB8A56}.Debug|x86.Build.0 = Debug|Any CPU
		{F8A18AFA-9516-40B2-A2AF-73D95DAB8A56}.Release|Any CPU.ActiveCfg = Release|Any CPU
		{F8A18AFA-9516-40B2-A2AF-73D95DAB8A56}.Release|Any CPU.Build.0 = Release|Any CPU
		{F8A18AFA-9516-40B2-A2AF-73D95DAB8A56}.Release|ARM.ActiveCfg = Release|Any CPU
		{F8A18AFA-9516-40B2-A2AF-73D95DAB8A56}.Release|ARM.Build.0 = Release|Any CPU
		{F8A18AFA-9516-40B2-A2AF-73D95DAB8A56}.Release|iPhone.ActiveCfg = Release|Any CPU
		{F8A18AFA-9516-40B2-A2AF-73D95DAB8A56}.Release|iPhone.Build.0 = Release|Any CPU
		{F8A18AFA-9516-40B2-A2AF-73D95DAB8A56}.Release|iPhoneSimulator.ActiveCfg = Release|Any CPU
		{F8A18AFA-9516-40B2-A2AF-73D95DAB8A56}.Release|iPhoneSimulator.Build.0 = Release|Any CPU
		{F8A18AFA-9516-40B2-A2AF-73D95DAB8A56}.Release|x64.ActiveCfg = Release|Any CPU
		{F8A18AFA-9516-40B2-A2AF-73D95DAB8A56}.Release|x64.Build.0 = Release|Any CPU
		{F8A18AFA-9516-40B2-A2AF-73D95DAB8A56}.Release|x86.ActiveCfg = Release|Any CPU
		{F8A18AFA-9516-40B2-A2AF-73D95DAB8A56}.Release|x86.Build.0 = Release|Any CPU
		{E71F3053-056C-4381-9638-048ED73BDFF6}.Ad-Hoc|Any CPU.ActiveCfg = Release|Any CPU
		{E71F3053-056C-4381-9638-048ED73BDFF6}.Ad-Hoc|Any CPU.Build.0 = Release|Any CPU
		{E71F3053-056C-4381-9638-048ED73BDFF6}.Ad-Hoc|ARM.ActiveCfg = Release|Any CPU
		{E71F3053-056C-4381-9638-048ED73BDFF6}.Ad-Hoc|ARM.Build.0 = Release|Any CPU
		{E71F3053-056C-4381-9638-048ED73BDFF6}.Ad-Hoc|iPhone.ActiveCfg = Release|Any CPU
		{E71F3053-056C-4381-9638-048ED73BDFF6}.Ad-Hoc|iPhone.Build.0 = Release|Any CPU
		{E71F3053-056C-4381-9638-048ED73BDFF6}.Ad-Hoc|iPhoneSimulator.ActiveCfg = Release|Any CPU
		{E71F3053-056C-4381-9638-048ED73BDFF6}.Ad-Hoc|iPhoneSimulator.Build.0 = Release|Any CPU
		{E71F3053-056C-4381-9638-048ED73BDFF6}.Ad-Hoc|x64.ActiveCfg = Release|Any CPU
		{E71F3053-056C-4381-9638-048ED73BDFF6}.Ad-Hoc|x64.Build.0 = Release|Any CPU
		{E71F3053-056C-4381-9638-048ED73BDFF6}.Ad-Hoc|x86.ActiveCfg = Release|Any CPU
		{E71F3053-056C-4381-9638-048ED73BDFF6}.Ad-Hoc|x86.Build.0 = Release|Any CPU
		{E71F3053-056C-4381-9638-048ED73BDFF6}.AppStore|Any CPU.ActiveCfg = Release|Any CPU
		{E71F3053-056C-4381-9638-048ED73BDFF6}.AppStore|Any CPU.Build.0 = Release|Any CPU
		{E71F3053-056C-4381-9638-048ED73BDFF6}.AppStore|ARM.ActiveCfg = Release|Any CPU
		{E71F3053-056C-4381-9638-048ED73BDFF6}.AppStore|ARM.Build.0 = Release|Any CPU
		{E71F3053-056C-4381-9638-048ED73BDFF6}.AppStore|iPhone.ActiveCfg = Release|Any CPU
		{E71F3053-056C-4381-9638-048ED73BDFF6}.AppStore|iPhone.Build.0 = Release|Any CPU
		{E71F3053-056C-4381-9638-048ED73BDFF6}.AppStore|iPhoneSimulator.ActiveCfg = Release|Any CPU
		{E71F3053-056C-4381-9638-048ED73BDFF6}.AppStore|iPhoneSimulator.Build.0 = Release|Any CPU
		{E71F3053-056C-4381-9638-048ED73BDFF6}.AppStore|x64.ActiveCfg = Release|Any CPU
		{E71F3053-056C-4381-9638-048ED73BDFF6}.AppStore|x64.Build.0 = Release|Any CPU
		{E71F3053-056C-4381-9638-048ED73BDFF6}.AppStore|x86.ActiveCfg = Release|Any CPU
		{E71F3053-056C-4381-9638-048ED73BDFF6}.AppStore|x86.Build.0 = Release|Any CPU
		{E71F3053-056C-4381-9638-048ED73BDFF6}.Debug|Any CPU.ActiveCfg = Debug|Any CPU
		{E71F3053-056C-4381-9638-048ED73BDFF6}.Debug|Any CPU.Build.0 = Debug|Any CPU
		{E71F3053-056C-4381-9638-048ED73BDFF6}.Debug|ARM.ActiveCfg = Debug|Any CPU
		{E71F3053-056C-4381-9638-048ED73BDFF6}.Debug|ARM.Build.0 = Debug|Any CPU
		{E71F3053-056C-4381-9638-048ED73BDFF6}.Debug|iPhone.ActiveCfg = Debug|Any CPU
		{E71F3053-056C-4381-9638-048ED73BDFF6}.Debug|iPhone.Build.0 = Debug|Any CPU
		{E71F3053-056C-4381-9638-048ED73BDFF6}.Debug|iPhoneSimulator.ActiveCfg = Debug|Any CPU
		{E71F3053-056C-4381-9638-048ED73BDFF6}.Debug|iPhoneSimulator.Build.0 = Debug|Any CPU
		{E71F3053-056C-4381-9638-048ED73BDFF6}.Debug|x64.ActiveCfg = Debug|Any CPU
		{E71F3053-056C-4381-9638-048ED73BDFF6}.Debug|x64.Build.0 = Debug|Any CPU
		{E71F3053-056C-4381-9638-048ED73BDFF6}.Debug|x86.ActiveCfg = Debug|Any CPU
		{E71F3053-056C-4381-9638-048ED73BDFF6}.Debug|x86.Build.0 = Debug|Any CPU
		{E71F3053-056C-4381-9638-048ED73BDFF6}.Release|Any CPU.ActiveCfg = Release|Any CPU
		{E71F3053-056C-4381-9638-048ED73BDFF6}.Release|Any CPU.Build.0 = Release|Any CPU
		{E71F3053-056C-4381-9638-048ED73BDFF6}.Release|ARM.ActiveCfg = Release|Any CPU
		{E71F3053-056C-4381-9638-048ED73BDFF6}.Release|ARM.Build.0 = Release|Any CPU
		{E71F3053-056C-4381-9638-048ED73BDFF6}.Release|iPhone.ActiveCfg = Release|Any CPU
		{E71F3053-056C-4381-9638-048ED73BDFF6}.Release|iPhone.Build.0 = Release|Any CPU
		{E71F3053-056C-4381-9638-048ED73BDFF6}.Release|iPhoneSimulator.ActiveCfg = Release|Any CPU
		{E71F3053-056C-4381-9638-048ED73BDFF6}.Release|iPhoneSimulator.Build.0 = Release|Any CPU
		{E71F3053-056C-4381-9638-048ED73BDFF6}.Release|x64.ActiveCfg = Release|Any CPU
		{E71F3053-056C-4381-9638-048ED73BDFF6}.Release|x64.Build.0 = Release|Any CPU
		{E71F3053-056C-4381-9638-048ED73BDFF6}.Release|x86.ActiveCfg = Release|Any CPU
		{E71F3053-056C-4381-9638-048ED73BDFF6}.Release|x86.Build.0 = Release|Any CPU
		{6F5E381C-8DFA-423A-819E-CAE5A30ECF45}.Ad-Hoc|Any CPU.ActiveCfg = Debug|Any CPU
		{6F5E381C-8DFA-423A-819E-CAE5A30ECF45}.Ad-Hoc|Any CPU.Build.0 = Debug|Any CPU
		{6F5E381C-8DFA-423A-819E-CAE5A30ECF45}.Ad-Hoc|ARM.ActiveCfg = Debug|Any CPU
		{6F5E381C-8DFA-423A-819E-CAE5A30ECF45}.Ad-Hoc|ARM.Build.0 = Debug|Any CPU
		{6F5E381C-8DFA-423A-819E-CAE5A30ECF45}.Ad-Hoc|iPhone.ActiveCfg = Debug|Any CPU
		{6F5E381C-8DFA-423A-819E-CAE5A30ECF45}.Ad-Hoc|iPhone.Build.0 = Debug|Any CPU
		{6F5E381C-8DFA-423A-819E-CAE5A30ECF45}.Ad-Hoc|iPhoneSimulator.ActiveCfg = Debug|Any CPU
		{6F5E381C-8DFA-423A-819E-CAE5A30ECF45}.Ad-Hoc|iPhoneSimulator.Build.0 = Debug|Any CPU
		{6F5E381C-8DFA-423A-819E-CAE5A30ECF45}.Ad-Hoc|x64.ActiveCfg = Debug|Any CPU
		{6F5E381C-8DFA-423A-819E-CAE5A30ECF45}.Ad-Hoc|x64.Build.0 = Debug|Any CPU
		{6F5E381C-8DFA-423A-819E-CAE5A30ECF45}.Ad-Hoc|x86.ActiveCfg = Debug|Any CPU
		{6F5E381C-8DFA-423A-819E-CAE5A30ECF45}.Ad-Hoc|x86.Build.0 = Debug|Any CPU
		{6F5E381C-8DFA-423A-819E-CAE5A30ECF45}.AppStore|Any CPU.ActiveCfg = Debug|Any CPU
		{6F5E381C-8DFA-423A-819E-CAE5A30ECF45}.AppStore|Any CPU.Build.0 = Debug|Any CPU
		{6F5E381C-8DFA-423A-819E-CAE5A30ECF45}.AppStore|ARM.ActiveCfg = Debug|Any CPU
		{6F5E381C-8DFA-423A-819E-CAE5A30ECF45}.AppStore|ARM.Build.0 = Debug|Any CPU
		{6F5E381C-8DFA-423A-819E-CAE5A30ECF45}.AppStore|iPhone.ActiveCfg = Debug|Any CPU
		{6F5E381C-8DFA-423A-819E-CAE5A30ECF45}.AppStore|iPhone.Build.0 = Debug|Any CPU
		{6F5E381C-8DFA-423A-819E-CAE5A30ECF45}.AppStore|iPhoneSimulator.ActiveCfg = Debug|Any CPU
		{6F5E381C-8DFA-423A-819E-CAE5A30ECF45}.AppStore|iPhoneSimulator.Build.0 = Debug|Any CPU
		{6F5E381C-8DFA-423A-819E-CAE5A30ECF45}.AppStore|x64.ActiveCfg = Debug|Any CPU
		{6F5E381C-8DFA-423A-819E-CAE5A30ECF45}.AppStore|x64.Build.0 = Debug|Any CPU
		{6F5E381C-8DFA-423A-819E-CAE5A30ECF45}.AppStore|x86.ActiveCfg = Debug|Any CPU
		{6F5E381C-8DFA-423A-819E-CAE5A30ECF45}.AppStore|x86.Build.0 = Debug|Any CPU
		{6F5E381C-8DFA-423A-819E-CAE5A30ECF45}.Debug|Any CPU.ActiveCfg = Debug|Any CPU
		{6F5E381C-8DFA-423A-819E-CAE5A30ECF45}.Debug|Any CPU.Build.0 = Debug|Any CPU
		{6F5E381C-8DFA-423A-819E-CAE5A30ECF45}.Debug|ARM.ActiveCfg = Debug|Any CPU
		{6F5E381C-8DFA-423A-819E-CAE5A30ECF45}.Debug|ARM.Build.0 = Debug|Any CPU
		{6F5E381C-8DFA-423A-819E-CAE5A30ECF45}.Debug|iPhone.ActiveCfg = Debug|Any CPU
		{6F5E381C-8DFA-423A-819E-CAE5A30ECF45}.Debug|iPhone.Build.0 = Debug|Any CPU
		{6F5E381C-8DFA-423A-819E-CAE5A30ECF45}.Debug|iPhoneSimulator.ActiveCfg = Debug|Any CPU
		{6F5E381C-8DFA-423A-819E-CAE5A30ECF45}.Debug|iPhoneSimulator.Build.0 = Debug|Any CPU
		{6F5E381C-8DFA-423A-819E-CAE5A30ECF45}.Debug|x64.ActiveCfg = Debug|Any CPU
		{6F5E381C-8DFA-423A-819E-CAE5A30ECF45}.Debug|x64.Build.0 = Debug|Any CPU
		{6F5E381C-8DFA-423A-819E-CAE5A30ECF45}.Debug|x86.ActiveCfg = Debug|Any CPU
		{6F5E381C-8DFA-423A-819E-CAE5A30ECF45}.Debug|x86.Build.0 = Debug|Any CPU
		{6F5E381C-8DFA-423A-819E-CAE5A30ECF45}.Release|Any CPU.ActiveCfg = Release|Any CPU
		{6F5E381C-8DFA-423A-819E-CAE5A30ECF45}.Release|Any CPU.Build.0 = Release|Any CPU
		{6F5E381C-8DFA-423A-819E-CAE5A30ECF45}.Release|ARM.ActiveCfg = Release|Any CPU
		{6F5E381C-8DFA-423A-819E-CAE5A30ECF45}.Release|ARM.Build.0 = Release|Any CPU
		{6F5E381C-8DFA-423A-819E-CAE5A30ECF45}.Release|iPhone.ActiveCfg = Release|Any CPU
		{6F5E381C-8DFA-423A-819E-CAE5A30ECF45}.Release|iPhone.Build.0 = Release|Any CPU
		{6F5E381C-8DFA-423A-819E-CAE5A30ECF45}.Release|iPhoneSimulator.ActiveCfg = Release|Any CPU
		{6F5E381C-8DFA-423A-819E-CAE5A30ECF45}.Release|iPhoneSimulator.Build.0 = Release|Any CPU
		{6F5E381C-8DFA-423A-819E-CAE5A30ECF45}.Release|x64.ActiveCfg = Release|Any CPU
		{6F5E381C-8DFA-423A-819E-CAE5A30ECF45}.Release|x64.Build.0 = Release|Any CPU
		{6F5E381C-8DFA-423A-819E-CAE5A30ECF45}.Release|x86.ActiveCfg = Release|Any CPU
		{6F5E381C-8DFA-423A-819E-CAE5A30ECF45}.Release|x86.Build.0 = Release|Any CPU
		{B1462907-ADBD-4772-A8FE-47E189CE664F}.Ad-Hoc|Any CPU.ActiveCfg = Debug|Any CPU
		{B1462907-ADBD-4772-A8FE-47E189CE664F}.Ad-Hoc|Any CPU.Build.0 = Debug|Any CPU
		{B1462907-ADBD-4772-A8FE-47E189CE664F}.Ad-Hoc|ARM.ActiveCfg = Debug|Any CPU
		{B1462907-ADBD-4772-A8FE-47E189CE664F}.Ad-Hoc|ARM.Build.0 = Debug|Any CPU
		{B1462907-ADBD-4772-A8FE-47E189CE664F}.Ad-Hoc|iPhone.ActiveCfg = Debug|Any CPU
		{B1462907-ADBD-4772-A8FE-47E189CE664F}.Ad-Hoc|iPhone.Build.0 = Debug|Any CPU
		{B1462907-ADBD-4772-A8FE-47E189CE664F}.Ad-Hoc|iPhoneSimulator.ActiveCfg = Debug|Any CPU
		{B1462907-ADBD-4772-A8FE-47E189CE664F}.Ad-Hoc|iPhoneSimulator.Build.0 = Debug|Any CPU
		{B1462907-ADBD-4772-A8FE-47E189CE664F}.Ad-Hoc|x64.ActiveCfg = Debug|Any CPU
		{B1462907-ADBD-4772-A8FE-47E189CE664F}.Ad-Hoc|x64.Build.0 = Debug|Any CPU
		{B1462907-ADBD-4772-A8FE-47E189CE664F}.Ad-Hoc|x86.ActiveCfg = Debug|Any CPU
		{B1462907-ADBD-4772-A8FE-47E189CE664F}.Ad-Hoc|x86.Build.0 = Debug|Any CPU
		{B1462907-ADBD-4772-A8FE-47E189CE664F}.AppStore|Any CPU.ActiveCfg = Debug|Any CPU
		{B1462907-ADBD-4772-A8FE-47E189CE664F}.AppStore|Any CPU.Build.0 = Debug|Any CPU
		{B1462907-ADBD-4772-A8FE-47E189CE664F}.AppStore|ARM.ActiveCfg = Debug|Any CPU
		{B1462907-ADBD-4772-A8FE-47E189CE664F}.AppStore|ARM.Build.0 = Debug|Any CPU
		{B1462907-ADBD-4772-A8FE-47E189CE664F}.AppStore|iPhone.ActiveCfg = Debug|Any CPU
		{B1462907-ADBD-4772-A8FE-47E189CE664F}.AppStore|iPhone.Build.0 = Debug|Any CPU
		{B1462907-ADBD-4772-A8FE-47E189CE664F}.AppStore|iPhoneSimulator.ActiveCfg = Debug|Any CPU
		{B1462907-ADBD-4772-A8FE-47E189CE664F}.AppStore|iPhoneSimulator.Build.0 = Debug|Any CPU
		{B1462907-ADBD-4772-A8FE-47E189CE664F}.AppStore|x64.ActiveCfg = Debug|Any CPU
		{B1462907-ADBD-4772-A8FE-47E189CE664F}.AppStore|x64.Build.0 = Debug|Any CPU
		{B1462907-ADBD-4772-A8FE-47E189CE664F}.AppStore|x86.ActiveCfg = Debug|Any CPU
		{B1462907-ADBD-4772-A8FE-47E189CE664F}.AppStore|x86.Build.0 = Debug|Any CPU
		{B1462907-ADBD-4772-A8FE-47E189CE664F}.Debug|Any CPU.ActiveCfg = Debug|Any CPU
		{B1462907-ADBD-4772-A8FE-47E189CE664F}.Debug|Any CPU.Build.0 = Debug|Any CPU
		{B1462907-ADBD-4772-A8FE-47E189CE664F}.Debug|ARM.ActiveCfg = Debug|Any CPU
		{B1462907-ADBD-4772-A8FE-47E189CE664F}.Debug|ARM.Build.0 = Debug|Any CPU
		{B1462907-ADBD-4772-A8FE-47E189CE664F}.Debug|iPhone.ActiveCfg = Debug|Any CPU
		{B1462907-ADBD-4772-A8FE-47E189CE664F}.Debug|iPhone.Build.0 = Debug|Any CPU
		{B1462907-ADBD-4772-A8FE-47E189CE664F}.Debug|iPhoneSimulator.ActiveCfg = Debug|Any CPU
		{B1462907-ADBD-4772-A8FE-47E189CE664F}.Debug|iPhoneSimulator.Build.0 = Debug|Any CPU
		{B1462907-ADBD-4772-A8FE-47E189CE664F}.Debug|x64.ActiveCfg = Debug|Any CPU
		{B1462907-ADBD-4772-A8FE-47E189CE664F}.Debug|x64.Build.0 = Debug|Any CPU
		{B1462907-ADBD-4772-A8FE-47E189CE664F}.Debug|x86.ActiveCfg = Debug|Any CPU
		{B1462907-ADBD-4772-A8FE-47E189CE664F}.Debug|x86.Build.0 = Debug|Any CPU
		{B1462907-ADBD-4772-A8FE-47E189CE664F}.Release|Any CPU.ActiveCfg = Release|Any CPU
		{B1462907-ADBD-4772-A8FE-47E189CE664F}.Release|Any CPU.Build.0 = Release|Any CPU
		{B1462907-ADBD-4772-A8FE-47E189CE664F}.Release|ARM.ActiveCfg = Release|Any CPU
		{B1462907-ADBD-4772-A8FE-47E189CE664F}.Release|ARM.Build.0 = Release|Any CPU
		{B1462907-ADBD-4772-A8FE-47E189CE664F}.Release|iPhone.ActiveCfg = Release|Any CPU
		{B1462907-ADBD-4772-A8FE-47E189CE664F}.Release|iPhone.Build.0 = Release|Any CPU
		{B1462907-ADBD-4772-A8FE-47E189CE664F}.Release|iPhoneSimulator.ActiveCfg = Release|Any CPU
		{B1462907-ADBD-4772-A8FE-47E189CE664F}.Release|iPhoneSimulator.Build.0 = Release|Any CPU
		{B1462907-ADBD-4772-A8FE-47E189CE664F}.Release|x64.ActiveCfg = Release|Any CPU
		{B1462907-ADBD-4772-A8FE-47E189CE664F}.Release|x64.Build.0 = Release|Any CPU
		{B1462907-ADBD-4772-A8FE-47E189CE664F}.Release|x86.ActiveCfg = Release|Any CPU
		{B1462907-ADBD-4772-A8FE-47E189CE664F}.Release|x86.Build.0 = Release|Any CPU
		{BD4D17CD-18DF-43F9-BD1E-C47F0D9ADBD3}.Ad-Hoc|Any CPU.ActiveCfg = Debug|Any CPU
		{BD4D17CD-18DF-43F9-BD1E-C47F0D9ADBD3}.Ad-Hoc|Any CPU.Build.0 = Debug|Any CPU
		{BD4D17CD-18DF-43F9-BD1E-C47F0D9ADBD3}.Ad-Hoc|ARM.ActiveCfg = Debug|Any CPU
		{BD4D17CD-18DF-43F9-BD1E-C47F0D9ADBD3}.Ad-Hoc|ARM.Build.0 = Debug|Any CPU
		{BD4D17CD-18DF-43F9-BD1E-C47F0D9ADBD3}.Ad-Hoc|iPhone.ActiveCfg = Debug|Any CPU
		{BD4D17CD-18DF-43F9-BD1E-C47F0D9ADBD3}.Ad-Hoc|iPhone.Build.0 = Debug|Any CPU
		{BD4D17CD-18DF-43F9-BD1E-C47F0D9ADBD3}.Ad-Hoc|iPhoneSimulator.ActiveCfg = Debug|Any CPU
		{BD4D17CD-18DF-43F9-BD1E-C47F0D9ADBD3}.Ad-Hoc|iPhoneSimulator.Build.0 = Debug|Any CPU
		{BD4D17CD-18DF-43F9-BD1E-C47F0D9ADBD3}.Ad-Hoc|x64.ActiveCfg = Debug|Any CPU
		{BD4D17CD-18DF-43F9-BD1E-C47F0D9ADBD3}.Ad-Hoc|x64.Build.0 = Debug|Any CPU
		{BD4D17CD-18DF-43F9-BD1E-C47F0D9ADBD3}.Ad-Hoc|x86.ActiveCfg = Debug|Any CPU
		{BD4D17CD-18DF-43F9-BD1E-C47F0D9ADBD3}.Ad-Hoc|x86.Build.0 = Debug|Any CPU
		{BD4D17CD-18DF-43F9-BD1E-C47F0D9ADBD3}.AppStore|Any CPU.ActiveCfg = Debug|Any CPU
		{BD4D17CD-18DF-43F9-BD1E-C47F0D9ADBD3}.AppStore|Any CPU.Build.0 = Debug|Any CPU
		{BD4D17CD-18DF-43F9-BD1E-C47F0D9ADBD3}.AppStore|ARM.ActiveCfg = Debug|Any CPU
		{BD4D17CD-18DF-43F9-BD1E-C47F0D9ADBD3}.AppStore|ARM.Build.0 = Debug|Any CPU
		{BD4D17CD-18DF-43F9-BD1E-C47F0D9ADBD3}.AppStore|iPhone.ActiveCfg = Debug|Any CPU
		{BD4D17CD-18DF-43F9-BD1E-C47F0D9ADBD3}.AppStore|iPhone.Build.0 = Debug|Any CPU
		{BD4D17CD-18DF-43F9-BD1E-C47F0D9ADBD3}.AppStore|iPhoneSimulator.ActiveCfg = Debug|Any CPU
		{BD4D17CD-18DF-43F9-BD1E-C47F0D9ADBD3}.AppStore|iPhoneSimulator.Build.0 = Debug|Any CPU
		{BD4D17CD-18DF-43F9-BD1E-C47F0D9ADBD3}.AppStore|x64.ActiveCfg = Debug|Any CPU
		{BD4D17CD-18DF-43F9-BD1E-C47F0D9ADBD3}.AppStore|x64.Build.0 = Debug|Any CPU
		{BD4D17CD-18DF-43F9-BD1E-C47F0D9ADBD3}.AppStore|x86.ActiveCfg = Debug|Any CPU
		{BD4D17CD-18DF-43F9-BD1E-C47F0D9ADBD3}.AppStore|x86.Build.0 = Debug|Any CPU
		{BD4D17CD-18DF-43F9-BD1E-C47F0D9ADBD3}.Debug|Any CPU.ActiveCfg = Debug|Any CPU
		{BD4D17CD-18DF-43F9-BD1E-C47F0D9ADBD3}.Debug|Any CPU.Build.0 = Debug|Any CPU
		{BD4D17CD-18DF-43F9-BD1E-C47F0D9ADBD3}.Debug|ARM.ActiveCfg = Debug|Any CPU
		{BD4D17CD-18DF-43F9-BD1E-C47F0D9ADBD3}.Debug|ARM.Build.0 = Debug|Any CPU
		{BD4D17CD-18DF-43F9-BD1E-C47F0D9ADBD3}.Debug|iPhone.ActiveCfg = Debug|Any CPU
		{BD4D17CD-18DF-43F9-BD1E-C47F0D9ADBD3}.Debug|iPhone.Build.0 = Debug|Any CPU
		{BD4D17CD-18DF-43F9-BD1E-C47F0D9ADBD3}.Debug|iPhoneSimulator.ActiveCfg = Debug|Any CPU
		{BD4D17CD-18DF-43F9-BD1E-C47F0D9ADBD3}.Debug|iPhoneSimulator.Build.0 = Debug|Any CPU
		{BD4D17CD-18DF-43F9-BD1E-C47F0D9ADBD3}.Debug|x64.ActiveCfg = Debug|Any CPU
		{BD4D17CD-18DF-43F9-BD1E-C47F0D9ADBD3}.Debug|x64.Build.0 = Debug|Any CPU
		{BD4D17CD-18DF-43F9-BD1E-C47F0D9ADBD3}.Debug|x86.ActiveCfg = Debug|Any CPU
		{BD4D17CD-18DF-43F9-BD1E-C47F0D9ADBD3}.Debug|x86.Build.0 = Debug|Any CPU
		{BD4D17CD-18DF-43F9-BD1E-C47F0D9ADBD3}.Release|Any CPU.ActiveCfg = Release|Any CPU
		{BD4D17CD-18DF-43F9-BD1E-C47F0D9ADBD3}.Release|Any CPU.Build.0 = Release|Any CPU
		{BD4D17CD-18DF-43F9-BD1E-C47F0D9ADBD3}.Release|ARM.ActiveCfg = Release|Any CPU
		{BD4D17CD-18DF-43F9-BD1E-C47F0D9ADBD3}.Release|ARM.Build.0 = Release|Any CPU
		{BD4D17CD-18DF-43F9-BD1E-C47F0D9ADBD3}.Release|iPhone.ActiveCfg = Release|Any CPU
		{BD4D17CD-18DF-43F9-BD1E-C47F0D9ADBD3}.Release|iPhone.Build.0 = Release|Any CPU
		{BD4D17CD-18DF-43F9-BD1E-C47F0D9ADBD3}.Release|iPhoneSimulator.ActiveCfg = Release|Any CPU
		{BD4D17CD-18DF-43F9-BD1E-C47F0D9ADBD3}.Release|iPhoneSimulator.Build.0 = Release|Any CPU
		{BD4D17CD-18DF-43F9-BD1E-C47F0D9ADBD3}.Release|x64.ActiveCfg = Release|Any CPU
		{BD4D17CD-18DF-43F9-BD1E-C47F0D9ADBD3}.Release|x64.Build.0 = Release|Any CPU
		{BD4D17CD-18DF-43F9-BD1E-C47F0D9ADBD3}.Release|x86.ActiveCfg = Release|Any CPU
		{BD4D17CD-18DF-43F9-BD1E-C47F0D9ADBD3}.Release|x86.Build.0 = Release|Any CPU
		{ADABAC7D-C7E7-4781-A623-0DB4768BABA5}.Ad-Hoc|Any CPU.ActiveCfg = Debug|Any CPU
		{ADABAC7D-C7E7-4781-A623-0DB4768BABA5}.Ad-Hoc|Any CPU.Build.0 = Debug|Any CPU
		{ADABAC7D-C7E7-4781-A623-0DB4768BABA5}.Ad-Hoc|ARM.ActiveCfg = Debug|Any CPU
		{ADABAC7D-C7E7-4781-A623-0DB4768BABA5}.Ad-Hoc|ARM.Build.0 = Debug|Any CPU
		{ADABAC7D-C7E7-4781-A623-0DB4768BABA5}.Ad-Hoc|iPhone.ActiveCfg = Debug|Any CPU
		{ADABAC7D-C7E7-4781-A623-0DB4768BABA5}.Ad-Hoc|iPhone.Build.0 = Debug|Any CPU
		{ADABAC7D-C7E7-4781-A623-0DB4768BABA5}.Ad-Hoc|iPhoneSimulator.ActiveCfg = Debug|Any CPU
		{ADABAC7D-C7E7-4781-A623-0DB4768BABA5}.Ad-Hoc|iPhoneSimulator.Build.0 = Debug|Any CPU
		{ADABAC7D-C7E7-4781-A623-0DB4768BABA5}.Ad-Hoc|x64.ActiveCfg = Debug|Any CPU
		{ADABAC7D-C7E7-4781-A623-0DB4768BABA5}.Ad-Hoc|x64.Build.0 = Debug|Any CPU
		{ADABAC7D-C7E7-4781-A623-0DB4768BABA5}.Ad-Hoc|x86.ActiveCfg = Debug|Any CPU
		{ADABAC7D-C7E7-4781-A623-0DB4768BABA5}.Ad-Hoc|x86.Build.0 = Debug|Any CPU
		{ADABAC7D-C7E7-4781-A623-0DB4768BABA5}.AppStore|Any CPU.ActiveCfg = Debug|Any CPU
		{ADABAC7D-C7E7-4781-A623-0DB4768BABA5}.AppStore|Any CPU.Build.0 = Debug|Any CPU
		{ADABAC7D-C7E7-4781-A623-0DB4768BABA5}.AppStore|ARM.ActiveCfg = Debug|Any CPU
		{ADABAC7D-C7E7-4781-A623-0DB4768BABA5}.AppStore|ARM.Build.0 = Debug|Any CPU
		{ADABAC7D-C7E7-4781-A623-0DB4768BABA5}.AppStore|iPhone.ActiveCfg = Debug|Any CPU
		{ADABAC7D-C7E7-4781-A623-0DB4768BABA5}.AppStore|iPhone.Build.0 = Debug|Any CPU
		{ADABAC7D-C7E7-4781-A623-0DB4768BABA5}.AppStore|iPhoneSimulator.ActiveCfg = Debug|Any CPU
		{ADABAC7D-C7E7-4781-A623-0DB4768BABA5}.AppStore|iPhoneSimulator.Build.0 = Debug|Any CPU
		{ADABAC7D-C7E7-4781-A623-0DB4768BABA5}.AppStore|x64.ActiveCfg = Debug|Any CPU
		{ADABAC7D-C7E7-4781-A623-0DB4768BABA5}.AppStore|x64.Build.0 = Debug|Any CPU
		{ADABAC7D-C7E7-4781-A623-0DB4768BABA5}.AppStore|x86.ActiveCfg = Debug|Any CPU
		{ADABAC7D-C7E7-4781-A623-0DB4768BABA5}.AppStore|x86.Build.0 = Debug|Any CPU
		{ADABAC7D-C7E7-4781-A623-0DB4768BABA5}.Debug|Any CPU.ActiveCfg = Debug|Any CPU
		{ADABAC7D-C7E7-4781-A623-0DB4768BABA5}.Debug|Any CPU.Build.0 = Debug|Any CPU
		{ADABAC7D-C7E7-4781-A623-0DB4768BABA5}.Debug|ARM.ActiveCfg = Debug|Any CPU
		{ADABAC7D-C7E7-4781-A623-0DB4768BABA5}.Debug|ARM.Build.0 = Debug|Any CPU
		{ADABAC7D-C7E7-4781-A623-0DB4768BABA5}.Debug|iPhone.ActiveCfg = Debug|Any CPU
		{ADABAC7D-C7E7-4781-A623-0DB4768BABA5}.Debug|iPhone.Build.0 = Debug|Any CPU
		{ADABAC7D-C7E7-4781-A623-0DB4768BABA5}.Debug|iPhoneSimulator.ActiveCfg = Debug|Any CPU
		{ADABAC7D-C7E7-4781-A623-0DB4768BABA5}.Debug|iPhoneSimulator.Build.0 = Debug|Any CPU
		{ADABAC7D-C7E7-4781-A623-0DB4768BABA5}.Debug|x64.ActiveCfg = Debug|Any CPU
		{ADABAC7D-C7E7-4781-A623-0DB4768BABA5}.Debug|x64.Build.0 = Debug|Any CPU
		{ADABAC7D-C7E7-4781-A623-0DB4768BABA5}.Debug|x86.ActiveCfg = Debug|Any CPU
		{ADABAC7D-C7E7-4781-A623-0DB4768BABA5}.Debug|x86.Build.0 = Debug|Any CPU
		{ADABAC7D-C7E7-4781-A623-0DB4768BABA5}.Release|Any CPU.ActiveCfg = Release|Any CPU
		{ADABAC7D-C7E7-4781-A623-0DB4768BABA5}.Release|Any CPU.Build.0 = Release|Any CPU
		{ADABAC7D-C7E7-4781-A623-0DB4768BABA5}.Release|ARM.ActiveCfg = Release|Any CPU
		{ADABAC7D-C7E7-4781-A623-0DB4768BABA5}.Release|ARM.Build.0 = Release|Any CPU
		{ADABAC7D-C7E7-4781-A623-0DB4768BABA5}.Release|iPhone.ActiveCfg = Release|Any CPU
		{ADABAC7D-C7E7-4781-A623-0DB4768BABA5}.Release|iPhone.Build.0 = Release|Any CPU
		{ADABAC7D-C7E7-4781-A623-0DB4768BABA5}.Release|iPhoneSimulator.ActiveCfg = Release|Any CPU
		{ADABAC7D-C7E7-4781-A623-0DB4768BABA5}.Release|iPhoneSimulator.Build.0 = Release|Any CPU
		{ADABAC7D-C7E7-4781-A623-0DB4768BABA5}.Release|x64.ActiveCfg = Release|Any CPU
		{ADABAC7D-C7E7-4781-A623-0DB4768BABA5}.Release|x64.Build.0 = Release|Any CPU
		{ADABAC7D-C7E7-4781-A623-0DB4768BABA5}.Release|x86.ActiveCfg = Release|Any CPU
		{ADABAC7D-C7E7-4781-A623-0DB4768BABA5}.Release|x86.Build.0 = Release|Any CPU
		{AE27ABA3-522B-4779-9A69-B8E6EE762835}.Ad-Hoc|Any CPU.ActiveCfg = Ad-Hoc|iPhone
		{AE27ABA3-522B-4779-9A69-B8E6EE762835}.Ad-Hoc|ARM.ActiveCfg = Ad-Hoc|iPhone
		{AE27ABA3-522B-4779-9A69-B8E6EE762835}.Ad-Hoc|iPhone.ActiveCfg = Ad-Hoc|iPhone
		{AE27ABA3-522B-4779-9A69-B8E6EE762835}.Ad-Hoc|iPhone.Build.0 = Ad-Hoc|iPhone
		{AE27ABA3-522B-4779-9A69-B8E6EE762835}.Ad-Hoc|iPhoneSimulator.ActiveCfg = Ad-Hoc|iPhoneSimulator
		{AE27ABA3-522B-4779-9A69-B8E6EE762835}.Ad-Hoc|iPhoneSimulator.Build.0 = Ad-Hoc|iPhoneSimulator
		{AE27ABA3-522B-4779-9A69-B8E6EE762835}.Ad-Hoc|x64.ActiveCfg = Ad-Hoc|iPhone
		{AE27ABA3-522B-4779-9A69-B8E6EE762835}.Ad-Hoc|x86.ActiveCfg = Ad-Hoc|iPhone
		{AE27ABA3-522B-4779-9A69-B8E6EE762835}.AppStore|Any CPU.ActiveCfg = AppStore|iPhone
		{AE27ABA3-522B-4779-9A69-B8E6EE762835}.AppStore|ARM.ActiveCfg = AppStore|iPhone
		{AE27ABA3-522B-4779-9A69-B8E6EE762835}.AppStore|iPhone.ActiveCfg = AppStore|iPhone
		{AE27ABA3-522B-4779-9A69-B8E6EE762835}.AppStore|iPhone.Build.0 = AppStore|iPhone
		{AE27ABA3-522B-4779-9A69-B8E6EE762835}.AppStore|iPhoneSimulator.ActiveCfg = AppStore|iPhoneSimulator
		{AE27ABA3-522B-4779-9A69-B8E6EE762835}.AppStore|iPhoneSimulator.Build.0 = AppStore|iPhoneSimulator
		{AE27ABA3-522B-4779-9A69-B8E6EE762835}.AppStore|x64.ActiveCfg = AppStore|iPhone
		{AE27ABA3-522B-4779-9A69-B8E6EE762835}.AppStore|x86.ActiveCfg = AppStore|iPhone
		{AE27ABA3-522B-4779-9A69-B8E6EE762835}.Debug|Any CPU.ActiveCfg = Debug|iPhone
		{AE27ABA3-522B-4779-9A69-B8E6EE762835}.Debug|ARM.ActiveCfg = Debug|iPhone
		{AE27ABA3-522B-4779-9A69-B8E6EE762835}.Debug|iPhone.ActiveCfg = Debug|iPhone
		{AE27ABA3-522B-4779-9A69-B8E6EE762835}.Debug|iPhone.Build.0 = Debug|iPhone
		{AE27ABA3-522B-4779-9A69-B8E6EE762835}.Debug|iPhoneSimulator.ActiveCfg = Debug|iPhoneSimulator
		{AE27ABA3-522B-4779-9A69-B8E6EE762835}.Debug|iPhoneSimulator.Build.0 = Debug|iPhoneSimulator
		{AE27ABA3-522B-4779-9A69-B8E6EE762835}.Debug|x64.ActiveCfg = Debug|iPhone
		{AE27ABA3-522B-4779-9A69-B8E6EE762835}.Debug|x86.ActiveCfg = Debug|iPhone
		{AE27ABA3-522B-4779-9A69-B8E6EE762835}.Release|Any CPU.ActiveCfg = Release|iPhone
		{AE27ABA3-522B-4779-9A69-B8E6EE762835}.Release|ARM.ActiveCfg = Release|iPhone
		{AE27ABA3-522B-4779-9A69-B8E6EE762835}.Release|iPhone.ActiveCfg = Release|iPhone
		{AE27ABA3-522B-4779-9A69-B8E6EE762835}.Release|iPhone.Build.0 = Release|iPhone
		{AE27ABA3-522B-4779-9A69-B8E6EE762835}.Release|iPhoneSimulator.ActiveCfg = Release|iPhoneSimulator
		{AE27ABA3-522B-4779-9A69-B8E6EE762835}.Release|iPhoneSimulator.Build.0 = Release|iPhoneSimulator
		{AE27ABA3-522B-4779-9A69-B8E6EE762835}.Release|x64.ActiveCfg = Release|iPhone
		{AE27ABA3-522B-4779-9A69-B8E6EE762835}.Release|x86.ActiveCfg = Release|iPhone
		{132C0A9A-3201-45A8-ADCB-A80DAB96C6B8}.Ad-Hoc|Any CPU.ActiveCfg = Debug|Any CPU
		{132C0A9A-3201-45A8-ADCB-A80DAB96C6B8}.Ad-Hoc|Any CPU.Build.0 = Debug|Any CPU
		{132C0A9A-3201-45A8-ADCB-A80DAB96C6B8}.Ad-Hoc|ARM.ActiveCfg = Debug|Any CPU
		{132C0A9A-3201-45A8-ADCB-A80DAB96C6B8}.Ad-Hoc|ARM.Build.0 = Debug|Any CPU
		{132C0A9A-3201-45A8-ADCB-A80DAB96C6B8}.Ad-Hoc|iPhone.ActiveCfg = Debug|Any CPU
		{132C0A9A-3201-45A8-ADCB-A80DAB96C6B8}.Ad-Hoc|iPhone.Build.0 = Debug|Any CPU
		{132C0A9A-3201-45A8-ADCB-A80DAB96C6B8}.Ad-Hoc|iPhoneSimulator.ActiveCfg = Debug|Any CPU
		{132C0A9A-3201-45A8-ADCB-A80DAB96C6B8}.Ad-Hoc|iPhoneSimulator.Build.0 = Debug|Any CPU
		{132C0A9A-3201-45A8-ADCB-A80DAB96C6B8}.Ad-Hoc|x64.ActiveCfg = Debug|Any CPU
		{132C0A9A-3201-45A8-ADCB-A80DAB96C6B8}.Ad-Hoc|x64.Build.0 = Debug|Any CPU
		{132C0A9A-3201-45A8-ADCB-A80DAB96C6B8}.Ad-Hoc|x86.ActiveCfg = Debug|Any CPU
		{132C0A9A-3201-45A8-ADCB-A80DAB96C6B8}.Ad-Hoc|x86.Build.0 = Debug|Any CPU
		{132C0A9A-3201-45A8-ADCB-A80DAB96C6B8}.AppStore|Any CPU.ActiveCfg = Debug|Any CPU
		{132C0A9A-3201-45A8-ADCB-A80DAB96C6B8}.AppStore|Any CPU.Build.0 = Debug|Any CPU
		{132C0A9A-3201-45A8-ADCB-A80DAB96C6B8}.AppStore|ARM.ActiveCfg = Debug|Any CPU
		{132C0A9A-3201-45A8-ADCB-A80DAB96C6B8}.AppStore|ARM.Build.0 = Debug|Any CPU
		{132C0A9A-3201-45A8-ADCB-A80DAB96C6B8}.AppStore|iPhone.ActiveCfg = Debug|Any CPU
		{132C0A9A-3201-45A8-ADCB-A80DAB96C6B8}.AppStore|iPhone.Build.0 = Debug|Any CPU
		{132C0A9A-3201-45A8-ADCB-A80DAB96C6B8}.AppStore|iPhoneSimulator.ActiveCfg = Debug|Any CPU
		{132C0A9A-3201-45A8-ADCB-A80DAB96C6B8}.AppStore|iPhoneSimulator.Build.0 = Debug|Any CPU
		{132C0A9A-3201-45A8-ADCB-A80DAB96C6B8}.AppStore|x64.ActiveCfg = Debug|Any CPU
		{132C0A9A-3201-45A8-ADCB-A80DAB96C6B8}.AppStore|x64.Build.0 = Debug|Any CPU
		{132C0A9A-3201-45A8-ADCB-A80DAB96C6B8}.AppStore|x86.ActiveCfg = Debug|Any CPU
		{132C0A9A-3201-45A8-ADCB-A80DAB96C6B8}.AppStore|x86.Build.0 = Debug|Any CPU
		{132C0A9A-3201-45A8-ADCB-A80DAB96C6B8}.Debug|Any CPU.ActiveCfg = Debug|Any CPU
		{132C0A9A-3201-45A8-ADCB-A80DAB96C6B8}.Debug|Any CPU.Build.0 = Debug|Any CPU
		{132C0A9A-3201-45A8-ADCB-A80DAB96C6B8}.Debug|ARM.ActiveCfg = Debug|Any CPU
		{132C0A9A-3201-45A8-ADCB-A80DAB96C6B8}.Debug|ARM.Build.0 = Debug|Any CPU
		{132C0A9A-3201-45A8-ADCB-A80DAB96C6B8}.Debug|iPhone.ActiveCfg = Debug|Any CPU
		{132C0A9A-3201-45A8-ADCB-A80DAB96C6B8}.Debug|iPhone.Build.0 = Debug|Any CPU
		{132C0A9A-3201-45A8-ADCB-A80DAB96C6B8}.Debug|iPhoneSimulator.ActiveCfg = Debug|Any CPU
		{132C0A9A-3201-45A8-ADCB-A80DAB96C6B8}.Debug|iPhoneSimulator.Build.0 = Debug|Any CPU
		{132C0A9A-3201-45A8-ADCB-A80DAB96C6B8}.Debug|x64.ActiveCfg = Debug|Any CPU
		{132C0A9A-3201-45A8-ADCB-A80DAB96C6B8}.Debug|x64.Build.0 = Debug|Any CPU
		{132C0A9A-3201-45A8-ADCB-A80DAB96C6B8}.Debug|x86.ActiveCfg = Debug|Any CPU
		{132C0A9A-3201-45A8-ADCB-A80DAB96C6B8}.Debug|x86.Build.0 = Debug|Any CPU
		{132C0A9A-3201-45A8-ADCB-A80DAB96C6B8}.Release|Any CPU.ActiveCfg = Release|Any CPU
		{132C0A9A-3201-45A8-ADCB-A80DAB96C6B8}.Release|Any CPU.Build.0 = Release|Any CPU
		{132C0A9A-3201-45A8-ADCB-A80DAB96C6B8}.Release|ARM.ActiveCfg = Release|Any CPU
		{132C0A9A-3201-45A8-ADCB-A80DAB96C6B8}.Release|ARM.Build.0 = Release|Any CPU
		{132C0A9A-3201-45A8-ADCB-A80DAB96C6B8}.Release|iPhone.ActiveCfg = Release|Any CPU
		{132C0A9A-3201-45A8-ADCB-A80DAB96C6B8}.Release|iPhone.Build.0 = Release|Any CPU
		{132C0A9A-3201-45A8-ADCB-A80DAB96C6B8}.Release|iPhoneSimulator.ActiveCfg = Release|Any CPU
		{132C0A9A-3201-45A8-ADCB-A80DAB96C6B8}.Release|iPhoneSimulator.Build.0 = Release|Any CPU
		{132C0A9A-3201-45A8-ADCB-A80DAB96C6B8}.Release|x64.ActiveCfg = Release|Any CPU
		{132C0A9A-3201-45A8-ADCB-A80DAB96C6B8}.Release|x64.Build.0 = Release|Any CPU
		{132C0A9A-3201-45A8-ADCB-A80DAB96C6B8}.Release|x86.ActiveCfg = Release|Any CPU
		{132C0A9A-3201-45A8-ADCB-A80DAB96C6B8}.Release|x86.Build.0 = Release|Any CPU
		{E0BD998D-4210-404B-8B90-801BE4097ECB}.Ad-Hoc|Any CPU.ActiveCfg = Debug|Any CPU
		{E0BD998D-4210-404B-8B90-801BE4097ECB}.Ad-Hoc|Any CPU.Build.0 = Debug|Any CPU
		{E0BD998D-4210-404B-8B90-801BE4097ECB}.Ad-Hoc|ARM.ActiveCfg = Debug|Any CPU
		{E0BD998D-4210-404B-8B90-801BE4097ECB}.Ad-Hoc|ARM.Build.0 = Debug|Any CPU
		{E0BD998D-4210-404B-8B90-801BE4097ECB}.Ad-Hoc|iPhone.ActiveCfg = Debug|Any CPU
		{E0BD998D-4210-404B-8B90-801BE4097ECB}.Ad-Hoc|iPhone.Build.0 = Debug|Any CPU
		{E0BD998D-4210-404B-8B90-801BE4097ECB}.Ad-Hoc|iPhoneSimulator.ActiveCfg = Debug|Any CPU
		{E0BD998D-4210-404B-8B90-801BE4097ECB}.Ad-Hoc|iPhoneSimulator.Build.0 = Debug|Any CPU
		{E0BD998D-4210-404B-8B90-801BE4097ECB}.Ad-Hoc|x64.ActiveCfg = Debug|Any CPU
		{E0BD998D-4210-404B-8B90-801BE4097ECB}.Ad-Hoc|x64.Build.0 = Debug|Any CPU
		{E0BD998D-4210-404B-8B90-801BE4097ECB}.Ad-Hoc|x86.ActiveCfg = Debug|Any CPU
		{E0BD998D-4210-404B-8B90-801BE4097ECB}.Ad-Hoc|x86.Build.0 = Debug|Any CPU
		{E0BD998D-4210-404B-8B90-801BE4097ECB}.AppStore|Any CPU.ActiveCfg = Debug|Any CPU
		{E0BD998D-4210-404B-8B90-801BE4097ECB}.AppStore|Any CPU.Build.0 = Debug|Any CPU
		{E0BD998D-4210-404B-8B90-801BE4097ECB}.AppStore|ARM.ActiveCfg = Debug|Any CPU
		{E0BD998D-4210-404B-8B90-801BE4097ECB}.AppStore|ARM.Build.0 = Debug|Any CPU
		{E0BD998D-4210-404B-8B90-801BE4097ECB}.AppStore|iPhone.ActiveCfg = Debug|Any CPU
		{E0BD998D-4210-404B-8B90-801BE4097ECB}.AppStore|iPhone.Build.0 = Debug|Any CPU
		{E0BD998D-4210-404B-8B90-801BE4097ECB}.AppStore|iPhoneSimulator.ActiveCfg = Debug|Any CPU
		{E0BD998D-4210-404B-8B90-801BE4097ECB}.AppStore|iPhoneSimulator.Build.0 = Debug|Any CPU
		{E0BD998D-4210-404B-8B90-801BE4097ECB}.AppStore|x64.ActiveCfg = Debug|Any CPU
		{E0BD998D-4210-404B-8B90-801BE4097ECB}.AppStore|x64.Build.0 = Debug|Any CPU
		{E0BD998D-4210-404B-8B90-801BE4097ECB}.AppStore|x86.ActiveCfg = Debug|Any CPU
		{E0BD998D-4210-404B-8B90-801BE4097ECB}.AppStore|x86.Build.0 = Debug|Any CPU
		{E0BD998D-4210-404B-8B90-801BE4097ECB}.Debug|Any CPU.ActiveCfg = Debug|Any CPU
		{E0BD998D-4210-404B-8B90-801BE4097ECB}.Debug|Any CPU.Build.0 = Debug|Any CPU
		{E0BD998D-4210-404B-8B90-801BE4097ECB}.Debug|ARM.ActiveCfg = Debug|Any CPU
		{E0BD998D-4210-404B-8B90-801BE4097ECB}.Debug|ARM.Build.0 = Debug|Any CPU
		{E0BD998D-4210-404B-8B90-801BE4097ECB}.Debug|iPhone.ActiveCfg = Debug|Any CPU
		{E0BD998D-4210-404B-8B90-801BE4097ECB}.Debug|iPhone.Build.0 = Debug|Any CPU
		{E0BD998D-4210-404B-8B90-801BE4097ECB}.Debug|iPhoneSimulator.ActiveCfg = Debug|Any CPU
		{E0BD998D-4210-404B-8B90-801BE4097ECB}.Debug|iPhoneSimulator.Build.0 = Debug|Any CPU
		{E0BD998D-4210-404B-8B90-801BE4097ECB}.Debug|x64.ActiveCfg = Debug|Any CPU
		{E0BD998D-4210-404B-8B90-801BE4097ECB}.Debug|x64.Build.0 = Debug|Any CPU
		{E0BD998D-4210-404B-8B90-801BE4097ECB}.Debug|x86.ActiveCfg = Debug|Any CPU
		{E0BD998D-4210-404B-8B90-801BE4097ECB}.Debug|x86.Build.0 = Debug|Any CPU
		{E0BD998D-4210-404B-8B90-801BE4097ECB}.Release|Any CPU.ActiveCfg = Release|Any CPU
		{E0BD998D-4210-404B-8B90-801BE4097ECB}.Release|Any CPU.Build.0 = Release|Any CPU
		{E0BD998D-4210-404B-8B90-801BE4097ECB}.Release|ARM.ActiveCfg = Release|Any CPU
		{E0BD998D-4210-404B-8B90-801BE4097ECB}.Release|ARM.Build.0 = Release|Any CPU
		{E0BD998D-4210-404B-8B90-801BE4097ECB}.Release|iPhone.ActiveCfg = Release|Any CPU
		{E0BD998D-4210-404B-8B90-801BE4097ECB}.Release|iPhone.Build.0 = Release|Any CPU
		{E0BD998D-4210-404B-8B90-801BE4097ECB}.Release|iPhoneSimulator.ActiveCfg = Release|Any CPU
		{E0BD998D-4210-404B-8B90-801BE4097ECB}.Release|iPhoneSimulator.Build.0 = Release|Any CPU
		{E0BD998D-4210-404B-8B90-801BE4097ECB}.Release|x64.ActiveCfg = Release|Any CPU
		{E0BD998D-4210-404B-8B90-801BE4097ECB}.Release|x64.Build.0 = Release|Any CPU
		{E0BD998D-4210-404B-8B90-801BE4097ECB}.Release|x86.ActiveCfg = Release|Any CPU
		{E0BD998D-4210-404B-8B90-801BE4097ECB}.Release|x86.Build.0 = Release|Any CPU
		{AEABFD9E-3141-4A4B-984C-2B69EEB6C779}.Ad-Hoc|Any CPU.ActiveCfg = Debug|Any CPU
		{AEABFD9E-3141-4A4B-984C-2B69EEB6C779}.Ad-Hoc|Any CPU.Build.0 = Debug|Any CPU
		{AEABFD9E-3141-4A4B-984C-2B69EEB6C779}.Ad-Hoc|ARM.ActiveCfg = Debug|Any CPU
		{AEABFD9E-3141-4A4B-984C-2B69EEB6C779}.Ad-Hoc|ARM.Build.0 = Debug|Any CPU
		{AEABFD9E-3141-4A4B-984C-2B69EEB6C779}.Ad-Hoc|iPhone.ActiveCfg = Debug|Any CPU
		{AEABFD9E-3141-4A4B-984C-2B69EEB6C779}.Ad-Hoc|iPhone.Build.0 = Debug|Any CPU
		{AEABFD9E-3141-4A4B-984C-2B69EEB6C779}.Ad-Hoc|iPhoneSimulator.ActiveCfg = Debug|Any CPU
		{AEABFD9E-3141-4A4B-984C-2B69EEB6C779}.Ad-Hoc|iPhoneSimulator.Build.0 = Debug|Any CPU
		{AEABFD9E-3141-4A4B-984C-2B69EEB6C779}.Ad-Hoc|x64.ActiveCfg = Debug|Any CPU
		{AEABFD9E-3141-4A4B-984C-2B69EEB6C779}.Ad-Hoc|x64.Build.0 = Debug|Any CPU
		{AEABFD9E-3141-4A4B-984C-2B69EEB6C779}.Ad-Hoc|x86.ActiveCfg = Debug|Any CPU
		{AEABFD9E-3141-4A4B-984C-2B69EEB6C779}.Ad-Hoc|x86.Build.0 = Debug|Any CPU
		{AEABFD9E-3141-4A4B-984C-2B69EEB6C779}.AppStore|Any CPU.ActiveCfg = Debug|Any CPU
		{AEABFD9E-3141-4A4B-984C-2B69EEB6C779}.AppStore|Any CPU.Build.0 = Debug|Any CPU
		{AEABFD9E-3141-4A4B-984C-2B69EEB6C779}.AppStore|ARM.ActiveCfg = Debug|Any CPU
		{AEABFD9E-3141-4A4B-984C-2B69EEB6C779}.AppStore|ARM.Build.0 = Debug|Any CPU
		{AEABFD9E-3141-4A4B-984C-2B69EEB6C779}.AppStore|iPhone.ActiveCfg = Debug|Any CPU
		{AEABFD9E-3141-4A4B-984C-2B69EEB6C779}.AppStore|iPhone.Build.0 = Debug|Any CPU
		{AEABFD9E-3141-4A4B-984C-2B69EEB6C779}.AppStore|iPhoneSimulator.ActiveCfg = Debug|Any CPU
		{AEABFD9E-3141-4A4B-984C-2B69EEB6C779}.AppStore|iPhoneSimulator.Build.0 = Debug|Any CPU
		{AEABFD9E-3141-4A4B-984C-2B69EEB6C779}.AppStore|x64.ActiveCfg = Debug|Any CPU
		{AEABFD9E-3141-4A4B-984C-2B69EEB6C779}.AppStore|x64.Build.0 = Debug|Any CPU
		{AEABFD9E-3141-4A4B-984C-2B69EEB6C779}.AppStore|x86.ActiveCfg = Debug|Any CPU
		{AEABFD9E-3141-4A4B-984C-2B69EEB6C779}.AppStore|x86.Build.0 = Debug|Any CPU
		{AEABFD9E-3141-4A4B-984C-2B69EEB6C779}.Debug|Any CPU.ActiveCfg = Debug|Any CPU
		{AEABFD9E-3141-4A4B-984C-2B69EEB6C779}.Debug|Any CPU.Build.0 = Debug|Any CPU
		{AEABFD9E-3141-4A4B-984C-2B69EEB6C779}.Debug|ARM.ActiveCfg = Debug|Any CPU
		{AEABFD9E-3141-4A4B-984C-2B69EEB6C779}.Debug|ARM.Build.0 = Debug|Any CPU
		{AEABFD9E-3141-4A4B-984C-2B69EEB6C779}.Debug|iPhone.ActiveCfg = Debug|Any CPU
		{AEABFD9E-3141-4A4B-984C-2B69EEB6C779}.Debug|iPhone.Build.0 = Debug|Any CPU
		{AEABFD9E-3141-4A4B-984C-2B69EEB6C779}.Debug|iPhoneSimulator.ActiveCfg = Debug|Any CPU
		{AEABFD9E-3141-4A4B-984C-2B69EEB6C779}.Debug|iPhoneSimulator.Build.0 = Debug|Any CPU
		{AEABFD9E-3141-4A4B-984C-2B69EEB6C779}.Debug|x64.ActiveCfg = Debug|Any CPU
		{AEABFD9E-3141-4A4B-984C-2B69EEB6C779}.Debug|x64.Build.0 = Debug|Any CPU
		{AEABFD9E-3141-4A4B-984C-2B69EEB6C779}.Debug|x86.ActiveCfg = Debug|Any CPU
		{AEABFD9E-3141-4A4B-984C-2B69EEB6C779}.Debug|x86.Build.0 = Debug|Any CPU
		{AEABFD9E-3141-4A4B-984C-2B69EEB6C779}.Release|Any CPU.ActiveCfg = Release|Any CPU
		{AEABFD9E-3141-4A4B-984C-2B69EEB6C779}.Release|Any CPU.Build.0 = Release|Any CPU
		{AEABFD9E-3141-4A4B-984C-2B69EEB6C779}.Release|ARM.ActiveCfg = Release|Any CPU
		{AEABFD9E-3141-4A4B-984C-2B69EEB6C779}.Release|ARM.Build.0 = Release|Any CPU
		{AEABFD9E-3141-4A4B-984C-2B69EEB6C779}.Release|iPhone.ActiveCfg = Release|Any CPU
		{AEABFD9E-3141-4A4B-984C-2B69EEB6C779}.Release|iPhone.Build.0 = Release|Any CPU
		{AEABFD9E-3141-4A4B-984C-2B69EEB6C779}.Release|iPhoneSimulator.ActiveCfg = Release|Any CPU
		{AEABFD9E-3141-4A4B-984C-2B69EEB6C779}.Release|iPhoneSimulator.Build.0 = Release|Any CPU
		{AEABFD9E-3141-4A4B-984C-2B69EEB6C779}.Release|x64.ActiveCfg = Release|Any CPU
		{AEABFD9E-3141-4A4B-984C-2B69EEB6C779}.Release|x64.Build.0 = Release|Any CPU
		{AEABFD9E-3141-4A4B-984C-2B69EEB6C779}.Release|x86.ActiveCfg = Release|Any CPU
		{AEABFD9E-3141-4A4B-984C-2B69EEB6C779}.Release|x86.Build.0 = Release|Any CPU
		{A677BFB0-F976-4C8B-9716-BD9F06EB5832}.Ad-Hoc|Any CPU.ActiveCfg = Debug|Any CPU
		{A677BFB0-F976-4C8B-9716-BD9F06EB5832}.Ad-Hoc|Any CPU.Build.0 = Debug|Any CPU
		{A677BFB0-F976-4C8B-9716-BD9F06EB5832}.Ad-Hoc|ARM.ActiveCfg = Debug|Any CPU
		{A677BFB0-F976-4C8B-9716-BD9F06EB5832}.Ad-Hoc|ARM.Build.0 = Debug|Any CPU
		{A677BFB0-F976-4C8B-9716-BD9F06EB5832}.Ad-Hoc|iPhone.ActiveCfg = Debug|Any CPU
		{A677BFB0-F976-4C8B-9716-BD9F06EB5832}.Ad-Hoc|iPhone.Build.0 = Debug|Any CPU
		{A677BFB0-F976-4C8B-9716-BD9F06EB5832}.Ad-Hoc|iPhoneSimulator.ActiveCfg = Debug|Any CPU
		{A677BFB0-F976-4C8B-9716-BD9F06EB5832}.Ad-Hoc|iPhoneSimulator.Build.0 = Debug|Any CPU
		{A677BFB0-F976-4C8B-9716-BD9F06EB5832}.Ad-Hoc|x64.ActiveCfg = Debug|Any CPU
		{A677BFB0-F976-4C8B-9716-BD9F06EB5832}.Ad-Hoc|x64.Build.0 = Debug|Any CPU
		{A677BFB0-F976-4C8B-9716-BD9F06EB5832}.Ad-Hoc|x86.ActiveCfg = Debug|Any CPU
		{A677BFB0-F976-4C8B-9716-BD9F06EB5832}.Ad-Hoc|x86.Build.0 = Debug|Any CPU
		{A677BFB0-F976-4C8B-9716-BD9F06EB5832}.AppStore|Any CPU.ActiveCfg = Debug|Any CPU
		{A677BFB0-F976-4C8B-9716-BD9F06EB5832}.AppStore|Any CPU.Build.0 = Debug|Any CPU
		{A677BFB0-F976-4C8B-9716-BD9F06EB5832}.AppStore|ARM.ActiveCfg = Debug|Any CPU
		{A677BFB0-F976-4C8B-9716-BD9F06EB5832}.AppStore|ARM.Build.0 = Debug|Any CPU
		{A677BFB0-F976-4C8B-9716-BD9F06EB5832}.AppStore|iPhone.ActiveCfg = Debug|Any CPU
		{A677BFB0-F976-4C8B-9716-BD9F06EB5832}.AppStore|iPhone.Build.0 = Debug|Any CPU
		{A677BFB0-F976-4C8B-9716-BD9F06EB5832}.AppStore|iPhoneSimulator.ActiveCfg = Debug|Any CPU
		{A677BFB0-F976-4C8B-9716-BD9F06EB5832}.AppStore|iPhoneSimulator.Build.0 = Debug|Any CPU
		{A677BFB0-F976-4C8B-9716-BD9F06EB5832}.AppStore|x64.ActiveCfg = Debug|Any CPU
		{A677BFB0-F976-4C8B-9716-BD9F06EB5832}.AppStore|x64.Build.0 = Debug|Any CPU
		{A677BFB0-F976-4C8B-9716-BD9F06EB5832}.AppStore|x86.ActiveCfg = Debug|Any CPU
		{A677BFB0-F976-4C8B-9716-BD9F06EB5832}.AppStore|x86.Build.0 = Debug|Any CPU
		{A677BFB0-F976-4C8B-9716-BD9F06EB5832}.Debug|Any CPU.ActiveCfg = Debug|Any CPU
		{A677BFB0-F976-4C8B-9716-BD9F06EB5832}.Debug|Any CPU.Build.0 = Debug|Any CPU
		{A677BFB0-F976-4C8B-9716-BD9F06EB5832}.Debug|ARM.ActiveCfg = Debug|Any CPU
		{A677BFB0-F976-4C8B-9716-BD9F06EB5832}.Debug|ARM.Build.0 = Debug|Any CPU
		{A677BFB0-F976-4C8B-9716-BD9F06EB5832}.Debug|iPhone.ActiveCfg = Debug|Any CPU
		{A677BFB0-F976-4C8B-9716-BD9F06EB5832}.Debug|iPhone.Build.0 = Debug|Any CPU
		{A677BFB0-F976-4C8B-9716-BD9F06EB5832}.Debug|iPhoneSimulator.ActiveCfg = Debug|Any CPU
		{A677BFB0-F976-4C8B-9716-BD9F06EB5832}.Debug|iPhoneSimulator.Build.0 = Debug|Any CPU
		{A677BFB0-F976-4C8B-9716-BD9F06EB5832}.Debug|x64.ActiveCfg = Debug|Any CPU
		{A677BFB0-F976-4C8B-9716-BD9F06EB5832}.Debug|x64.Build.0 = Debug|Any CPU
		{A677BFB0-F976-4C8B-9716-BD9F06EB5832}.Debug|x86.ActiveCfg = Debug|Any CPU
		{A677BFB0-F976-4C8B-9716-BD9F06EB5832}.Debug|x86.Build.0 = Debug|Any CPU
		{A677BFB0-F976-4C8B-9716-BD9F06EB5832}.Release|Any CPU.ActiveCfg = Release|Any CPU
		{A677BFB0-F976-4C8B-9716-BD9F06EB5832}.Release|Any CPU.Build.0 = Release|Any CPU
		{A677BFB0-F976-4C8B-9716-BD9F06EB5832}.Release|ARM.ActiveCfg = Release|Any CPU
		{A677BFB0-F976-4C8B-9716-BD9F06EB5832}.Release|ARM.Build.0 = Release|Any CPU
		{A677BFB0-F976-4C8B-9716-BD9F06EB5832}.Release|iPhone.ActiveCfg = Release|Any CPU
		{A677BFB0-F976-4C8B-9716-BD9F06EB5832}.Release|iPhone.Build.0 = Release|Any CPU
		{A677BFB0-F976-4C8B-9716-BD9F06EB5832}.Release|iPhoneSimulator.ActiveCfg = Release|Any CPU
		{A677BFB0-F976-4C8B-9716-BD9F06EB5832}.Release|iPhoneSimulator.Build.0 = Release|Any CPU
		{A677BFB0-F976-4C8B-9716-BD9F06EB5832}.Release|x64.ActiveCfg = Release|Any CPU
		{A677BFB0-F976-4C8B-9716-BD9F06EB5832}.Release|x64.Build.0 = Release|Any CPU
		{A677BFB0-F976-4C8B-9716-BD9F06EB5832}.Release|x86.ActiveCfg = Release|Any CPU
		{A677BFB0-F976-4C8B-9716-BD9F06EB5832}.Release|x86.Build.0 = Release|Any CPU
	EndGlobalSection
	GlobalSection(SolutionProperties) = preSolution
		HideSolutionNode = FALSE
	EndGlobalSection
	GlobalSection(NestedProjects) = preSolution
		{3ADF6CD0-5713-468F-A1B2-61A919E456ED} = {61C95BB6-89B9-4D97-A414-800734DD8830}
		{36C9218F-2FE5-4949-A7DD-8FFBD79175D9} = {E9DAB471-D189-4DFA-8606-4A57E189B9AD}
		{F8A18AFA-9516-40B2-A2AF-73D95DAB8A56} = {E9DAB471-D189-4DFA-8606-4A57E189B9AD}
		{E71F3053-056C-4381-9638-048ED73BDFF6} = {E9DAB471-D189-4DFA-8606-4A57E189B9AD}
		{6F5E381C-8DFA-423A-819E-CAE5A30ECF45} = {61C95BB6-89B9-4D97-A414-800734DD8830}
		{B1462907-ADBD-4772-A8FE-47E189CE664F} = {61C95BB6-89B9-4D97-A414-800734DD8830}
		{BD4D17CD-18DF-43F9-BD1E-C47F0D9ADBD3} = {61C95BB6-89B9-4D97-A414-800734DD8830}
		{ADABAC7D-C7E7-4781-A623-0DB4768BABA5} = {61C95BB6-89B9-4D97-A414-800734DD8830}
		{AE27ABA3-522B-4779-9A69-B8E6EE762835} = {181DE21A-6119-4EDF-8E9B-3928F79FBFF6}
		{132C0A9A-3201-45A8-ADCB-A80DAB96C6B8} = {181DE21A-6119-4EDF-8E9B-3928F79FBFF6}
		{E0BD998D-4210-404B-8B90-801BE4097ECB} = {E9DAB471-D189-4DFA-8606-4A57E189B9AD}
		{AEABFD9E-3141-4A4B-984C-2B69EEB6C779} = {E9DAB471-D189-4DFA-8606-4A57E189B9AD}
		{A677BFB0-F976-4C8B-9716-BD9F06EB5832} = {E0702034-26A2-4261-9CC7-0102A0B77BE7}
	EndGlobalSection
	GlobalSection(ExtensibilityGlobals) = postSolution
		SolutionGuid = {3EA94BC6-C2E6-4D5D-ACD0-6EBB4E8852A6}
	EndGlobalSection
EndGlobal
