
Microsoft Visual Studio Solution File, Format Version 12.00
# Visual Studio 15
VisualStudioVersion = 15.0.27004.2009
MinimumVisualStudioVersion = 10.0.40219.1
Project("{FAE04EC0-301F-11D3-BF4B-00C04F79EFBC}") = "StrongBeaver.Core.iOS", "StrongBeaver.Core.iOS\StrongBeaver.Core.iOS.csproj", "{17783EDB-7903-48A7-B85A-4243DD0A0A5A}"
EndProject
Project("{2150E333-8FDC-42A3-9474-1A3956D46DE8}") = "Core", "Core", "{E9DAB471-D189-4DFA-8606-4A57E189B9AD}"
EndProject
Project("{2150E333-8FDC-42A3-9474-1A3956D46DE8}") = "UI", "UI", "{DD8EC577-580D-4123-95BC-4FB46A035C62}"
EndProject
Project("{FAE04EC0-301F-11D3-BF4B-00C04F79EFBC}") = "StrongBeaver.Core.Droid", "StrongBeaver.Core.Droid\StrongBeaver.Core.Droid.csproj", "{A3374CFD-2F4F-4C38-9F14-F5D4EA06AC52}"
EndProject
Project("{2150E333-8FDC-42A3-9474-1A3956D46DE8}") = "NugetSpecifications", "NugetSpecifications", "{0293E201-5C12-4E4F-ACB6-46AEE9484DCC}"
	ProjectSection(SolutionItems) = preProject
		StrongBeaver.Core.nuspec = StrongBeaver.Core.nuspec
		StrongBeaver.Core.Xamarin.nuspec = StrongBeaver.Core.Xamarin.nuspec
		services\StrongBeaver.Services.Connectivity.Xamarin.nuspec = services\StrongBeaver.Services.Connectivity.Xamarin.nuspec
		services\StrongBeaver.Services.DataStorage.SQLite.Xamarin.nuspec = services\StrongBeaver.Services.DataStorage.SQLite.Xamarin.nuspec
		services\StrongBeaver.Services.Geolocator.Xamarin.nuspec = services\StrongBeaver.Services.Geolocator.Xamarin.nuspec
		services\StrongBeaver.Services.Permissions.Xamarin.nuspec = services\StrongBeaver.Services.Permissions.Xamarin.nuspec
	EndProjectSection
EndProject
Project("{2150E333-8FDC-42A3-9474-1A3956D46DE8}") = "Services", "Services", "{61C95BB6-89B9-4D97-A414-800734DD8830}"
EndProject
Project("{FAE04EC0-301F-11D3-BF4B-00C04F79EFBC}") = "StrongBeaver.Core.Xamarin", "StrongBeaver.Core.Xamarin\StrongBeaver.Core.Xamarin.csproj", "{87C5C96C-C9D7-407C-A3FA-B94AFA3CD99A}"
EndProject
Project("{2150E333-8FDC-42A3-9474-1A3956D46DE8}") = "Showroom", "Showroom", "{BECCC884-E964-462D-8122-FE37305ECCF9}"
EndProject
Project("{FAE04EC0-301F-11D3-BF4B-00C04F79EFBC}") = "StrongBeaver.Services.Connectivity.Xamarin", "services\StrongBeaver.Services.Connectivity.Xamarin\StrongBeaver.Services.Connectivity.Xamarin.csproj", "{96C8785B-A213-4713-80F7-B7B0D6442C3C}"
EndProject
Project("{FAE04EC0-301F-11D3-BF4B-00C04F79EFBC}") = "StrongBeaver.Services.Permissions.Xamarin", "services\StrongBeaver.Services.Permissions.Xamarin\StrongBeaver.Services.Permissions.Xamarin.csproj", "{652E2446-972F-4B4F-A000-EF1C472C568C}"
EndProject
Project("{FAE04EC0-301F-11D3-BF4B-00C04F79EFBC}") = "StrongBeaver.Services.Geolocator.Xamarin", "services\StrongBeaver.Services.Geolocator.Xamarin\StrongBeaver.Services.Geolocator.Xamarin.csproj", "{545FACBE-2D1C-44D2-A1F9-8743859F965F}"
EndProject
Project("{FAE04EC0-301F-11D3-BF4B-00C04F79EFBC}") = "StrongBeaver.Showroom.Android", "StrongBeaver.Showroom\StrongBeaver.Showroom.Android\StrongBeaver.Showroom.Android.csproj", "{027A76B1-C8EE-4C76-9C40-F95D2B0F3B54}"
EndProject
Project("{FAE04EC0-301F-11D3-BF4B-00C04F79EFBC}") = "StrongBeaver.Showroom", "StrongBeaver.Showroom\StrongBeaver.Showroom\StrongBeaver.Showroom.csproj", "{22C24E38-B823-446D-8B50-773C618B0C34}"
EndProject
Project("{FAE04EC0-301F-11D3-BF4B-00C04F79EFBC}") = "StrongBeaver.Showroom.UWP", "StrongBeaver.Showroom\StrongBeaver.Showroom.UWP\StrongBeaver.Showroom.UWP.csproj", "{05774B41-6763-49F8-A6D8-9EF3D5DD1E07}"
EndProject
Project("{FAE04EC0-301F-11D3-BF4B-00C04F79EFBC}") = "StrongBeaver.Showroom.iOS", "StrongBeaver.Showroom\StrongBeaver.Showroom.iOS\StrongBeaver.Showroom.iOS.csproj", "{A0264C2A-0F0D-4254-8105-661F575E1EAC}"
EndProject
Project("{FAE04EC0-301F-11D3-BF4B-00C04F79EFBC}") = "StrongBeaver.UI", "StrongBeaver.UI\StrongBeaver.UI.csproj", "{D1B48BAB-29FD-4BCF-96C4-235F5DC4CF99}"
EndProject
Project("{FAE04EC0-301F-11D3-BF4B-00C04F79EFBC}") = "StrongBeaver.UI.Xamarin", "StrongBeaver.UI.Xamarin\StrongBeaver.UI.Xamarin.csproj", "{92F38F9F-E482-4D39-B40B-EAC0FCDC5DC7}"
EndProject
Project("{9A19103F-16F7-4668-BE54-9A1E7A4F7556}") = "StrongBeaver.Services.DataStorage.EFC", "services\StrongBeaver.Services.DataStorage.EFC\StrongBeaver.Services.DataStorage.EFC.csproj", "{3ADF6CD0-5713-468F-A1B2-61A919E456ED}"
EndProject
Project("{FAE04EC0-301F-11D3-BF4B-00C04F79EFBC}") = "StrongBeaver.Services.DataStorage.SqlLite.Xamarin", "services\StrongBeaver.Services.DataStorage.SqlLite.Xamarin\StrongBeaver.Services.DataStorage.SqlLite.Xamarin.csproj", "{D5165F0C-CD17-4AA4-8594-D367AE519F50}"
EndProject
Project("{2150E333-8FDC-42A3-9474-1A3956D46DE8}") = "Solution Items", "Solution Items", "{8D86B4E2-FCB5-49DF-87A0-2CB85168E01D}"
	ProjectSection(SolutionItems) = preProject
		README.md = README.md
	EndProjectSection
EndProject
Project("{FAE04EC0-301F-11D3-BF4B-00C04F79EFBC}") = "StrongBeaver.Core", "StrongBeaver.Core\StrongBeaver.Core.csproj", "{36C9218F-2FE5-4949-A7DD-8FFBD79175D9}"
EndProject
Global
	GlobalSection(SolutionConfigurationPlatforms) = preSolution
		Ad-Hoc|Any CPU = Ad-Hoc|Any CPU
		Ad-Hoc|ARM = Ad-Hoc|ARM
		Ad-Hoc|iPhone = Ad-Hoc|iPhone
		Ad-Hoc|iPhoneSimulator = Ad-Hoc|iPhoneSimulator
		Ad-Hoc|x64 = Ad-Hoc|x64
		Ad-Hoc|x86 = Ad-Hoc|x86
		AppStore|Any CPU = AppStore|Any CPU
		AppStore|ARM = AppStore|ARM
		AppStore|iPhone = AppStore|iPhone
		AppStore|iPhoneSimulator = AppStore|iPhoneSimulator
		AppStore|x64 = AppStore|x64
		AppStore|x86 = AppStore|x86
		Debug|Any CPU = Debug|Any CPU
		Debug|ARM = Debug|ARM
		Debug|iPhone = Debug|iPhone
		Debug|iPhoneSimulator = Debug|iPhoneSimulator
		Debug|x64 = Debug|x64
		Debug|x86 = Debug|x86
		Release|Any CPU = Release|Any CPU
		Release|ARM = Release|ARM
		Release|iPhone = Release|iPhone
		Release|iPhoneSimulator = Release|iPhoneSimulator
		Release|x64 = Release|x64
		Release|x86 = Release|x86
	EndGlobalSection
	GlobalSection(ProjectConfigurationPlatforms) = postSolution
		{17783EDB-7903-48A7-B85A-4243DD0A0A5A}.Ad-Hoc|Any CPU.ActiveCfg = Release|Any CPU
		{17783EDB-7903-48A7-B85A-4243DD0A0A5A}.Ad-Hoc|Any CPU.Build.0 = Release|Any CPU
		{17783EDB-7903-48A7-B85A-4243DD0A0A5A}.Ad-Hoc|ARM.ActiveCfg = Release|Any CPU
		{17783EDB-7903-48A7-B85A-4243DD0A0A5A}.Ad-Hoc|ARM.Build.0 = Release|Any CPU
		{17783EDB-7903-48A7-B85A-4243DD0A0A5A}.Ad-Hoc|iPhone.ActiveCfg = Release|Any CPU
		{17783EDB-7903-48A7-B85A-4243DD0A0A5A}.Ad-Hoc|iPhone.Build.0 = Release|Any CPU
		{17783EDB-7903-48A7-B85A-4243DD0A0A5A}.Ad-Hoc|iPhoneSimulator.ActiveCfg = Release|Any CPU
		{17783EDB-7903-48A7-B85A-4243DD0A0A5A}.Ad-Hoc|iPhoneSimulator.Build.0 = Release|Any CPU
		{17783EDB-7903-48A7-B85A-4243DD0A0A5A}.Ad-Hoc|x64.ActiveCfg = Release|Any CPU
		{17783EDB-7903-48A7-B85A-4243DD0A0A5A}.Ad-Hoc|x64.Build.0 = Release|Any CPU
		{17783EDB-7903-48A7-B85A-4243DD0A0A5A}.Ad-Hoc|x86.ActiveCfg = Release|Any CPU
		{17783EDB-7903-48A7-B85A-4243DD0A0A5A}.Ad-Hoc|x86.Build.0 = Release|Any CPU
		{17783EDB-7903-48A7-B85A-4243DD0A0A5A}.AppStore|Any CPU.ActiveCfg = Release|Any CPU
		{17783EDB-7903-48A7-B85A-4243DD0A0A5A}.AppStore|Any CPU.Build.0 = Release|Any CPU
		{17783EDB-7903-48A7-B85A-4243DD0A0A5A}.AppStore|ARM.ActiveCfg = Release|Any CPU
		{17783EDB-7903-48A7-B85A-4243DD0A0A5A}.AppStore|ARM.Build.0 = Release|Any CPU
		{17783EDB-7903-48A7-B85A-4243DD0A0A5A}.AppStore|iPhone.ActiveCfg = Release|Any CPU
		{17783EDB-7903-48A7-B85A-4243DD0A0A5A}.AppStore|iPhone.Build.0 = Release|Any CPU
		{17783EDB-7903-48A7-B85A-4243DD0A0A5A}.AppStore|iPhoneSimulator.ActiveCfg = Release|Any CPU
		{17783EDB-7903-48A7-B85A-4243DD0A0A5A}.AppStore|iPhoneSimulator.Build.0 = Release|Any CPU
		{17783EDB-7903-48A7-B85A-4243DD0A0A5A}.AppStore|x64.ActiveCfg = Release|Any CPU
		{17783EDB-7903-48A7-B85A-4243DD0A0A5A}.AppStore|x64.Build.0 = Release|Any CPU
		{17783EDB-7903-48A7-B85A-4243DD0A0A5A}.AppStore|x86.ActiveCfg = Release|Any CPU
		{17783EDB-7903-48A7-B85A-4243DD0A0A5A}.AppStore|x86.Build.0 = Release|Any CPU
		{17783EDB-7903-48A7-B85A-4243DD0A0A5A}.Debug|Any CPU.ActiveCfg = Debug|Any CPU
		{17783EDB-7903-48A7-B85A-4243DD0A0A5A}.Debug|Any CPU.Build.0 = Debug|Any CPU
		{17783EDB-7903-48A7-B85A-4243DD0A0A5A}.Debug|ARM.ActiveCfg = Debug|Any CPU
		{17783EDB-7903-48A7-B85A-4243DD0A0A5A}.Debug|ARM.Build.0 = Debug|Any CPU
		{17783EDB-7903-48A7-B85A-4243DD0A0A5A}.Debug|iPhone.ActiveCfg = Debug|Any CPU
		{17783EDB-7903-48A7-B85A-4243DD0A0A5A}.Debug|iPhone.Build.0 = Debug|Any CPU
		{17783EDB-7903-48A7-B85A-4243DD0A0A5A}.Debug|iPhoneSimulator.ActiveCfg = Debug|Any CPU
		{17783EDB-7903-48A7-B85A-4243DD0A0A5A}.Debug|iPhoneSimulator.Build.0 = Debug|Any CPU
		{17783EDB-7903-48A7-B85A-4243DD0A0A5A}.Debug|x64.ActiveCfg = Debug|Any CPU
		{17783EDB-7903-48A7-B85A-4243DD0A0A5A}.Debug|x64.Build.0 = Debug|Any CPU
		{17783EDB-7903-48A7-B85A-4243DD0A0A5A}.Debug|x86.ActiveCfg = Debug|Any CPU
		{17783EDB-7903-48A7-B85A-4243DD0A0A5A}.Debug|x86.Build.0 = Debug|Any CPU
		{17783EDB-7903-48A7-B85A-4243DD0A0A5A}.Release|Any CPU.ActiveCfg = Release|Any CPU
		{17783EDB-7903-48A7-B85A-4243DD0A0A5A}.Release|Any CPU.Build.0 = Release|Any CPU
		{17783EDB-7903-48A7-B85A-4243DD0A0A5A}.Release|ARM.ActiveCfg = Release|Any CPU
		{17783EDB-7903-48A7-B85A-4243DD0A0A5A}.Release|ARM.Build.0 = Release|Any CPU
		{17783EDB-7903-48A7-B85A-4243DD0A0A5A}.Release|iPhone.ActiveCfg = Release|Any CPU
		{17783EDB-7903-48A7-B85A-4243DD0A0A5A}.Release|iPhone.Build.0 = Release|Any CPU
		{17783EDB-7903-48A7-B85A-4243DD0A0A5A}.Release|iPhoneSimulator.ActiveCfg = Release|Any CPU
		{17783EDB-7903-48A7-B85A-4243DD0A0A5A}.Release|iPhoneSimulator.Build.0 = Release|Any CPU
		{17783EDB-7903-48A7-B85A-4243DD0A0A5A}.Release|x64.ActiveCfg = Release|Any CPU
		{17783EDB-7903-48A7-B85A-4243DD0A0A5A}.Release|x64.Build.0 = Release|Any CPU
		{17783EDB-7903-48A7-B85A-4243DD0A0A5A}.Release|x86.ActiveCfg = Release|Any CPU
		{17783EDB-7903-48A7-B85A-4243DD0A0A5A}.Release|x86.Build.0 = Release|Any CPU
		{A3374CFD-2F4F-4C38-9F14-F5D4EA06AC52}.Ad-Hoc|Any CPU.ActiveCfg = Release|Any CPU
		{A3374CFD-2F4F-4C38-9F14-F5D4EA06AC52}.Ad-Hoc|Any CPU.Build.0 = Release|Any CPU
		{A3374CFD-2F4F-4C38-9F14-F5D4EA06AC52}.Ad-Hoc|ARM.ActiveCfg = Release|Any CPU
		{A3374CFD-2F4F-4C38-9F14-F5D4EA06AC52}.Ad-Hoc|ARM.Build.0 = Release|Any CPU
		{A3374CFD-2F4F-4C38-9F14-F5D4EA06AC52}.Ad-Hoc|iPhone.ActiveCfg = Release|Any CPU
		{A3374CFD-2F4F-4C38-9F14-F5D4EA06AC52}.Ad-Hoc|iPhone.Build.0 = Release|Any CPU
		{A3374CFD-2F4F-4C38-9F14-F5D4EA06AC52}.Ad-Hoc|iPhoneSimulator.ActiveCfg = Release|Any CPU
		{A3374CFD-2F4F-4C38-9F14-F5D4EA06AC52}.Ad-Hoc|iPhoneSimulator.Build.0 = Release|Any CPU
		{A3374CFD-2F4F-4C38-9F14-F5D4EA06AC52}.Ad-Hoc|x64.ActiveCfg = Release|Any CPU
		{A3374CFD-2F4F-4C38-9F14-F5D4EA06AC52}.Ad-Hoc|x64.Build.0 = Release|Any CPU
		{A3374CFD-2F4F-4C38-9F14-F5D4EA06AC52}.Ad-Hoc|x86.ActiveCfg = Release|Any CPU
		{A3374CFD-2F4F-4C38-9F14-F5D4EA06AC52}.Ad-Hoc|x86.Build.0 = Release|Any CPU
		{A3374CFD-2F4F-4C38-9F14-F5D4EA06AC52}.AppStore|Any CPU.ActiveCfg = Release|Any CPU
		{A3374CFD-2F4F-4C38-9F14-F5D4EA06AC52}.AppStore|Any CPU.Build.0 = Release|Any CPU
		{A3374CFD-2F4F-4C38-9F14-F5D4EA06AC52}.AppStore|ARM.ActiveCfg = Release|Any CPU
		{A3374CFD-2F4F-4C38-9F14-F5D4EA06AC52}.AppStore|ARM.Build.0 = Release|Any CPU
		{A3374CFD-2F4F-4C38-9F14-F5D4EA06AC52}.AppStore|iPhone.ActiveCfg = Release|Any CPU
		{A3374CFD-2F4F-4C38-9F14-F5D4EA06AC52}.AppStore|iPhone.Build.0 = Release|Any CPU
		{A3374CFD-2F4F-4C38-9F14-F5D4EA06AC52}.AppStore|iPhoneSimulator.ActiveCfg = Release|Any CPU
		{A3374CFD-2F4F-4C38-9F14-F5D4EA06AC52}.AppStore|iPhoneSimulator.Build.0 = Release|Any CPU
		{A3374CFD-2F4F-4C38-9F14-F5D4EA06AC52}.AppStore|x64.ActiveCfg = Release|Any CPU
		{A3374CFD-2F4F-4C38-9F14-F5D4EA06AC52}.AppStore|x64.Build.0 = Release|Any CPU
		{A3374CFD-2F4F-4C38-9F14-F5D4EA06AC52}.AppStore|x86.ActiveCfg = Release|Any CPU
		{A3374CFD-2F4F-4C38-9F14-F5D4EA06AC52}.AppStore|x86.Build.0 = Release|Any CPU
		{A3374CFD-2F4F-4C38-9F14-F5D4EA06AC52}.Debug|Any CPU.ActiveCfg = Debug|Any CPU
		{A3374CFD-2F4F-4C38-9F14-F5D4EA06AC52}.Debug|Any CPU.Build.0 = Debug|Any CPU
		{A3374CFD-2F4F-4C38-9F14-F5D4EA06AC52}.Debug|ARM.ActiveCfg = Debug|Any CPU
		{A3374CFD-2F4F-4C38-9F14-F5D4EA06AC52}.Debug|ARM.Build.0 = Debug|Any CPU
		{A3374CFD-2F4F-4C38-9F14-F5D4EA06AC52}.Debug|iPhone.ActiveCfg = Debug|Any CPU
		{A3374CFD-2F4F-4C38-9F14-F5D4EA06AC52}.Debug|iPhone.Build.0 = Debug|Any CPU
		{A3374CFD-2F4F-4C38-9F14-F5D4EA06AC52}.Debug|iPhoneSimulator.ActiveCfg = Debug|Any CPU
		{A3374CFD-2F4F-4C38-9F14-F5D4EA06AC52}.Debug|iPhoneSimulator.Build.0 = Debug|Any CPU
		{A3374CFD-2F4F-4C38-9F14-F5D4EA06AC52}.Debug|x64.ActiveCfg = Debug|Any CPU
		{A3374CFD-2F4F-4C38-9F14-F5D4EA06AC52}.Debug|x64.Build.0 = Debug|Any CPU
		{A3374CFD-2F4F-4C38-9F14-F5D4EA06AC52}.Debug|x86.ActiveCfg = Debug|Any CPU
		{A3374CFD-2F4F-4C38-9F14-F5D4EA06AC52}.Debug|x86.Build.0 = Debug|Any CPU
		{A3374CFD-2F4F-4C38-9F14-F5D4EA06AC52}.Release|Any CPU.ActiveCfg = Release|Any CPU
		{A3374CFD-2F4F-4C38-9F14-F5D4EA06AC52}.Release|Any CPU.Build.0 = Release|Any CPU
		{A3374CFD-2F4F-4C38-9F14-F5D4EA06AC52}.Release|ARM.ActiveCfg = Release|Any CPU
		{A3374CFD-2F4F-4C38-9F14-F5D4EA06AC52}.Release|ARM.Build.0 = Release|Any CPU
		{A3374CFD-2F4F-4C38-9F14-F5D4EA06AC52}.Release|iPhone.ActiveCfg = Release|Any CPU
		{A3374CFD-2F4F-4C38-9F14-F5D4EA06AC52}.Release|iPhone.Build.0 = Release|Any CPU
		{A3374CFD-2F4F-4C38-9F14-F5D4EA06AC52}.Release|iPhoneSimulator.ActiveCfg = Release|Any CPU
		{A3374CFD-2F4F-4C38-9F14-F5D4EA06AC52}.Release|iPhoneSimulator.Build.0 = Release|Any CPU
		{A3374CFD-2F4F-4C38-9F14-F5D4EA06AC52}.Release|x64.ActiveCfg = Release|Any CPU
		{A3374CFD-2F4F-4C38-9F14-F5D4EA06AC52}.Release|x64.Build.0 = Release|Any CPU
		{A3374CFD-2F4F-4C38-9F14-F5D4EA06AC52}.Release|x86.ActiveCfg = Release|Any CPU
		{A3374CFD-2F4F-4C38-9F14-F5D4EA06AC52}.Release|x86.Build.0 = Release|Any CPU
		{87C5C96C-C9D7-407C-A3FA-B94AFA3CD99A}.Ad-Hoc|Any CPU.ActiveCfg = Release|Any CPU
		{87C5C96C-C9D7-407C-A3FA-B94AFA3CD99A}.Ad-Hoc|Any CPU.Build.0 = Release|Any CPU
		{87C5C96C-C9D7-407C-A3FA-B94AFA3CD99A}.Ad-Hoc|ARM.ActiveCfg = Release|Any CPU
		{87C5C96C-C9D7-407C-A3FA-B94AFA3CD99A}.Ad-Hoc|ARM.Build.0 = Release|Any CPU
		{87C5C96C-C9D7-407C-A3FA-B94AFA3CD99A}.Ad-Hoc|iPhone.ActiveCfg = Release|Any CPU
		{87C5C96C-C9D7-407C-A3FA-B94AFA3CD99A}.Ad-Hoc|iPhone.Build.0 = Release|Any CPU
		{87C5C96C-C9D7-407C-A3FA-B94AFA3CD99A}.Ad-Hoc|iPhoneSimulator.ActiveCfg = Release|Any CPU
		{87C5C96C-C9D7-407C-A3FA-B94AFA3CD99A}.Ad-Hoc|iPhoneSimulator.Build.0 = Release|Any CPU
		{87C5C96C-C9D7-407C-A3FA-B94AFA3CD99A}.Ad-Hoc|x64.ActiveCfg = Release|Any CPU
		{87C5C96C-C9D7-407C-A3FA-B94AFA3CD99A}.Ad-Hoc|x64.Build.0 = Release|Any CPU
		{87C5C96C-C9D7-407C-A3FA-B94AFA3CD99A}.Ad-Hoc|x86.ActiveCfg = Release|Any CPU
		{87C5C96C-C9D7-407C-A3FA-B94AFA3CD99A}.Ad-Hoc|x86.Build.0 = Release|Any CPU
		{87C5C96C-C9D7-407C-A3FA-B94AFA3CD99A}.AppStore|Any CPU.ActiveCfg = Release|Any CPU
		{87C5C96C-C9D7-407C-A3FA-B94AFA3CD99A}.AppStore|Any CPU.Build.0 = Release|Any CPU
		{87C5C96C-C9D7-407C-A3FA-B94AFA3CD99A}.AppStore|ARM.ActiveCfg = Release|Any CPU
		{87C5C96C-C9D7-407C-A3FA-B94AFA3CD99A}.AppStore|ARM.Build.0 = Release|Any CPU
		{87C5C96C-C9D7-407C-A3FA-B94AFA3CD99A}.AppStore|iPhone.ActiveCfg = Release|Any CPU
		{87C5C96C-C9D7-407C-A3FA-B94AFA3CD99A}.AppStore|iPhone.Build.0 = Release|Any CPU
		{87C5C96C-C9D7-407C-A3FA-B94AFA3CD99A}.AppStore|iPhoneSimulator.ActiveCfg = Release|Any CPU
		{87C5C96C-C9D7-407C-A3FA-B94AFA3CD99A}.AppStore|iPhoneSimulator.Build.0 = Release|Any CPU
		{87C5C96C-C9D7-407C-A3FA-B94AFA3CD99A}.AppStore|x64.ActiveCfg = Release|Any CPU
		{87C5C96C-C9D7-407C-A3FA-B94AFA3CD99A}.AppStore|x64.Build.0 = Release|Any CPU
		{87C5C96C-C9D7-407C-A3FA-B94AFA3CD99A}.AppStore|x86.ActiveCfg = Release|Any CPU
		{87C5C96C-C9D7-407C-A3FA-B94AFA3CD99A}.AppStore|x86.Build.0 = Release|Any CPU
		{87C5C96C-C9D7-407C-A3FA-B94AFA3CD99A}.Debug|Any CPU.ActiveCfg = Debug|Any CPU
		{87C5C96C-C9D7-407C-A3FA-B94AFA3CD99A}.Debug|Any CPU.Build.0 = Debug|Any CPU
		{87C5C96C-C9D7-407C-A3FA-B94AFA3CD99A}.Debug|ARM.ActiveCfg = Debug|Any CPU
		{87C5C96C-C9D7-407C-A3FA-B94AFA3CD99A}.Debug|ARM.Build.0 = Debug|Any CPU
		{87C5C96C-C9D7-407C-A3FA-B94AFA3CD99A}.Debug|iPhone.ActiveCfg = Debug|Any CPU
		{87C5C96C-C9D7-407C-A3FA-B94AFA3CD99A}.Debug|iPhone.Build.0 = Debug|Any CPU
		{87C5C96C-C9D7-407C-A3FA-B94AFA3CD99A}.Debug|iPhoneSimulator.ActiveCfg = Debug|Any CPU
		{87C5C96C-C9D7-407C-A3FA-B94AFA3CD99A}.Debug|iPhoneSimulator.Build.0 = Debug|Any CPU
		{87C5C96C-C9D7-407C-A3FA-B94AFA3CD99A}.Debug|x64.ActiveCfg = Debug|Any CPU
		{87C5C96C-C9D7-407C-A3FA-B94AFA3CD99A}.Debug|x64.Build.0 = Debug|Any CPU
		{87C5C96C-C9D7-407C-A3FA-B94AFA3CD99A}.Debug|x86.ActiveCfg = Debug|Any CPU
		{87C5C96C-C9D7-407C-A3FA-B94AFA3CD99A}.Debug|x86.Build.0 = Debug|Any CPU
		{87C5C96C-C9D7-407C-A3FA-B94AFA3CD99A}.Release|Any CPU.ActiveCfg = Release|Any CPU
		{87C5C96C-C9D7-407C-A3FA-B94AFA3CD99A}.Release|Any CPU.Build.0 = Release|Any CPU
		{87C5C96C-C9D7-407C-A3FA-B94AFA3CD99A}.Release|ARM.ActiveCfg = Release|Any CPU
		{87C5C96C-C9D7-407C-A3FA-B94AFA3CD99A}.Release|ARM.Build.0 = Release|Any CPU
		{87C5C96C-C9D7-407C-A3FA-B94AFA3CD99A}.Release|iPhone.ActiveCfg = Release|Any CPU
		{87C5C96C-C9D7-407C-A3FA-B94AFA3CD99A}.Release|iPhone.Build.0 = Release|Any CPU
		{87C5C96C-C9D7-407C-A3FA-B94AFA3CD99A}.Release|iPhoneSimulator.ActiveCfg = Release|Any CPU
		{87C5C96C-C9D7-407C-A3FA-B94AFA3CD99A}.Release|iPhoneSimulator.Build.0 = Release|Any CPU
		{87C5C96C-C9D7-407C-A3FA-B94AFA3CD99A}.Release|x64.ActiveCfg = Release|Any CPU
		{87C5C96C-C9D7-407C-A3FA-B94AFA3CD99A}.Release|x64.Build.0 = Release|Any CPU
		{87C5C96C-C9D7-407C-A3FA-B94AFA3CD99A}.Release|x86.ActiveCfg = Release|Any CPU
		{87C5C96C-C9D7-407C-A3FA-B94AFA3CD99A}.Release|x86.Build.0 = Release|Any CPU
		{96C8785B-A213-4713-80F7-B7B0D6442C3C}.Ad-Hoc|Any CPU.ActiveCfg = Release|Any CPU
		{96C8785B-A213-4713-80F7-B7B0D6442C3C}.Ad-Hoc|Any CPU.Build.0 = Release|Any CPU
		{96C8785B-A213-4713-80F7-B7B0D6442C3C}.Ad-Hoc|ARM.ActiveCfg = Release|Any CPU
		{96C8785B-A213-4713-80F7-B7B0D6442C3C}.Ad-Hoc|ARM.Build.0 = Release|Any CPU
		{96C8785B-A213-4713-80F7-B7B0D6442C3C}.Ad-Hoc|iPhone.ActiveCfg = Release|Any CPU
		{96C8785B-A213-4713-80F7-B7B0D6442C3C}.Ad-Hoc|iPhone.Build.0 = Release|Any CPU
		{96C8785B-A213-4713-80F7-B7B0D6442C3C}.Ad-Hoc|iPhoneSimulator.ActiveCfg = Release|Any CPU
		{96C8785B-A213-4713-80F7-B7B0D6442C3C}.Ad-Hoc|iPhoneSimulator.Build.0 = Release|Any CPU
		{96C8785B-A213-4713-80F7-B7B0D6442C3C}.Ad-Hoc|x64.ActiveCfg = Release|Any CPU
		{96C8785B-A213-4713-80F7-B7B0D6442C3C}.Ad-Hoc|x64.Build.0 = Release|Any CPU
		{96C8785B-A213-4713-80F7-B7B0D6442C3C}.Ad-Hoc|x86.ActiveCfg = Release|Any CPU
		{96C8785B-A213-4713-80F7-B7B0D6442C3C}.Ad-Hoc|x86.Build.0 = Release|Any CPU
		{96C8785B-A213-4713-80F7-B7B0D6442C3C}.AppStore|Any CPU.ActiveCfg = Release|Any CPU
		{96C8785B-A213-4713-80F7-B7B0D6442C3C}.AppStore|Any CPU.Build.0 = Release|Any CPU
		{96C8785B-A213-4713-80F7-B7B0D6442C3C}.AppStore|ARM.ActiveCfg = Release|Any CPU
		{96C8785B-A213-4713-80F7-B7B0D6442C3C}.AppStore|ARM.Build.0 = Release|Any CPU
		{96C8785B-A213-4713-80F7-B7B0D6442C3C}.AppStore|iPhone.ActiveCfg = Release|Any CPU
		{96C8785B-A213-4713-80F7-B7B0D6442C3C}.AppStore|iPhone.Build.0 = Release|Any CPU
		{96C8785B-A213-4713-80F7-B7B0D6442C3C}.AppStore|iPhoneSimulator.ActiveCfg = Release|Any CPU
		{96C8785B-A213-4713-80F7-B7B0D6442C3C}.AppStore|iPhoneSimulator.Build.0 = Release|Any CPU
		{96C8785B-A213-4713-80F7-B7B0D6442C3C}.AppStore|x64.ActiveCfg = Release|Any CPU
		{96C8785B-A213-4713-80F7-B7B0D6442C3C}.AppStore|x64.Build.0 = Release|Any CPU
		{96C8785B-A213-4713-80F7-B7B0D6442C3C}.AppStore|x86.ActiveCfg = Release|Any CPU
		{96C8785B-A213-4713-80F7-B7B0D6442C3C}.AppStore|x86.Build.0 = Release|Any CPU
		{96C8785B-A213-4713-80F7-B7B0D6442C3C}.Debug|Any CPU.ActiveCfg = Debug|Any CPU
		{96C8785B-A213-4713-80F7-B7B0D6442C3C}.Debug|Any CPU.Build.0 = Debug|Any CPU
		{96C8785B-A213-4713-80F7-B7B0D6442C3C}.Debug|ARM.ActiveCfg = Debug|Any CPU
		{96C8785B-A213-4713-80F7-B7B0D6442C3C}.Debug|ARM.Build.0 = Debug|Any CPU
		{96C8785B-A213-4713-80F7-B7B0D6442C3C}.Debug|iPhone.ActiveCfg = Debug|Any CPU
		{96C8785B-A213-4713-80F7-B7B0D6442C3C}.Debug|iPhone.Build.0 = Debug|Any CPU
		{96C8785B-A213-4713-80F7-B7B0D6442C3C}.Debug|iPhoneSimulator.ActiveCfg = Debug|Any CPU
		{96C8785B-A213-4713-80F7-B7B0D6442C3C}.Debug|iPhoneSimulator.Build.0 = Debug|Any CPU
		{96C8785B-A213-4713-80F7-B7B0D6442C3C}.Debug|x64.ActiveCfg = Debug|Any CPU
		{96C8785B-A213-4713-80F7-B7B0D6442C3C}.Debug|x64.Build.0 = Debug|Any CPU
		{96C8785B-A213-4713-80F7-B7B0D6442C3C}.Debug|x86.ActiveCfg = Debug|Any CPU
		{96C8785B-A213-4713-80F7-B7B0D6442C3C}.Debug|x86.Build.0 = Debug|Any CPU
		{96C8785B-A213-4713-80F7-B7B0D6442C3C}.Release|Any CPU.ActiveCfg = Release|Any CPU
		{96C8785B-A213-4713-80F7-B7B0D6442C3C}.Release|Any CPU.Build.0 = Release|Any CPU
		{96C8785B-A213-4713-80F7-B7B0D6442C3C}.Release|ARM.ActiveCfg = Release|Any CPU
		{96C8785B-A213-4713-80F7-B7B0D6442C3C}.Release|ARM.Build.0 = Release|Any CPU
		{96C8785B-A213-4713-80F7-B7B0D6442C3C}.Release|iPhone.ActiveCfg = Release|Any CPU
		{96C8785B-A213-4713-80F7-B7B0D6442C3C}.Release|iPhone.Build.0 = Release|Any CPU
		{96C8785B-A213-4713-80F7-B7B0D6442C3C}.Release|iPhoneSimulator.ActiveCfg = Release|Any CPU
		{96C8785B-A213-4713-80F7-B7B0D6442C3C}.Release|iPhoneSimulator.Build.0 = Release|Any CPU
		{96C8785B-A213-4713-80F7-B7B0D6442C3C}.Release|x64.ActiveCfg = Release|Any CPU
		{96C8785B-A213-4713-80F7-B7B0D6442C3C}.Release|x64.Build.0 = Release|Any CPU
		{96C8785B-A213-4713-80F7-B7B0D6442C3C}.Release|x86.ActiveCfg = Release|Any CPU
		{96C8785B-A213-4713-80F7-B7B0D6442C3C}.Release|x86.Build.0 = Release|Any CPU
		{652E2446-972F-4B4F-A000-EF1C472C568C}.Ad-Hoc|Any CPU.ActiveCfg = Release|Any CPU
		{652E2446-972F-4B4F-A000-EF1C472C568C}.Ad-Hoc|Any CPU.Build.0 = Release|Any CPU
		{652E2446-972F-4B4F-A000-EF1C472C568C}.Ad-Hoc|ARM.ActiveCfg = Release|Any CPU
		{652E2446-972F-4B4F-A000-EF1C472C568C}.Ad-Hoc|ARM.Build.0 = Release|Any CPU
		{652E2446-972F-4B4F-A000-EF1C472C568C}.Ad-Hoc|iPhone.ActiveCfg = Release|Any CPU
		{652E2446-972F-4B4F-A000-EF1C472C568C}.Ad-Hoc|iPhone.Build.0 = Release|Any CPU
		{652E2446-972F-4B4F-A000-EF1C472C568C}.Ad-Hoc|iPhoneSimulator.ActiveCfg = Release|Any CPU
		{652E2446-972F-4B4F-A000-EF1C472C568C}.Ad-Hoc|iPhoneSimulator.Build.0 = Release|Any CPU
		{652E2446-972F-4B4F-A000-EF1C472C568C}.Ad-Hoc|x64.ActiveCfg = Release|Any CPU
		{652E2446-972F-4B4F-A000-EF1C472C568C}.Ad-Hoc|x64.Build.0 = Release|Any CPU
		{652E2446-972F-4B4F-A000-EF1C472C568C}.Ad-Hoc|x86.ActiveCfg = Release|Any CPU
		{652E2446-972F-4B4F-A000-EF1C472C568C}.Ad-Hoc|x86.Build.0 = Release|Any CPU
		{652E2446-972F-4B4F-A000-EF1C472C568C}.AppStore|Any CPU.ActiveCfg = Release|Any CPU
		{652E2446-972F-4B4F-A000-EF1C472C568C}.AppStore|Any CPU.Build.0 = Release|Any CPU
		{652E2446-972F-4B4F-A000-EF1C472C568C}.AppStore|ARM.ActiveCfg = Release|Any CPU
		{652E2446-972F-4B4F-A000-EF1C472C568C}.AppStore|ARM.Build.0 = Release|Any CPU
		{652E2446-972F-4B4F-A000-EF1C472C568C}.AppStore|iPhone.ActiveCfg = Release|Any CPU
		{652E2446-972F-4B4F-A000-EF1C472C568C}.AppStore|iPhone.Build.0 = Release|Any CPU
		{652E2446-972F-4B4F-A000-EF1C472C568C}.AppStore|iPhoneSimulator.ActiveCfg = Release|Any CPU
		{652E2446-972F-4B4F-A000-EF1C472C568C}.AppStore|iPhoneSimulator.Build.0 = Release|Any CPU
		{652E2446-972F-4B4F-A000-EF1C472C568C}.AppStore|x64.ActiveCfg = Release|Any CPU
		{652E2446-972F-4B4F-A000-EF1C472C568C}.AppStore|x64.Build.0 = Release|Any CPU
		{652E2446-972F-4B4F-A000-EF1C472C568C}.AppStore|x86.ActiveCfg = Release|Any CPU
		{652E2446-972F-4B4F-A000-EF1C472C568C}.AppStore|x86.Build.0 = Release|Any CPU
		{652E2446-972F-4B4F-A000-EF1C472C568C}.Debug|Any CPU.ActiveCfg = Debug|Any CPU
		{652E2446-972F-4B4F-A000-EF1C472C568C}.Debug|Any CPU.Build.0 = Debug|Any CPU
		{652E2446-972F-4B4F-A000-EF1C472C568C}.Debug|ARM.ActiveCfg = Debug|Any CPU
		{652E2446-972F-4B4F-A000-EF1C472C568C}.Debug|ARM.Build.0 = Debug|Any CPU
		{652E2446-972F-4B4F-A000-EF1C472C568C}.Debug|iPhone.ActiveCfg = Debug|Any CPU
		{652E2446-972F-4B4F-A000-EF1C472C568C}.Debug|iPhone.Build.0 = Debug|Any CPU
		{652E2446-972F-4B4F-A000-EF1C472C568C}.Debug|iPhoneSimulator.ActiveCfg = Debug|Any CPU
		{652E2446-972F-4B4F-A000-EF1C472C568C}.Debug|iPhoneSimulator.Build.0 = Debug|Any CPU
		{652E2446-972F-4B4F-A000-EF1C472C568C}.Debug|x64.ActiveCfg = Debug|Any CPU
		{652E2446-972F-4B4F-A000-EF1C472C568C}.Debug|x64.Build.0 = Debug|Any CPU
		{652E2446-972F-4B4F-A000-EF1C472C568C}.Debug|x86.ActiveCfg = Debug|Any CPU
		{652E2446-972F-4B4F-A000-EF1C472C568C}.Debug|x86.Build.0 = Debug|Any CPU
		{652E2446-972F-4B4F-A000-EF1C472C568C}.Release|Any CPU.ActiveCfg = Release|Any CPU
		{652E2446-972F-4B4F-A000-EF1C472C568C}.Release|Any CPU.Build.0 = Release|Any CPU
		{652E2446-972F-4B4F-A000-EF1C472C568C}.Release|ARM.ActiveCfg = Release|Any CPU
		{652E2446-972F-4B4F-A000-EF1C472C568C}.Release|ARM.Build.0 = Release|Any CPU
		{652E2446-972F-4B4F-A000-EF1C472C568C}.Release|iPhone.ActiveCfg = Release|Any CPU
		{652E2446-972F-4B4F-A000-EF1C472C568C}.Release|iPhone.Build.0 = Release|Any CPU
		{652E2446-972F-4B4F-A000-EF1C472C568C}.Release|iPhoneSimulator.ActiveCfg = Release|Any CPU
		{652E2446-972F-4B4F-A000-EF1C472C568C}.Release|iPhoneSimulator.Build.0 = Release|Any CPU
		{652E2446-972F-4B4F-A000-EF1C472C568C}.Release|x64.ActiveCfg = Release|Any CPU
		{652E2446-972F-4B4F-A000-EF1C472C568C}.Release|x64.Build.0 = Release|Any CPU
		{652E2446-972F-4B4F-A000-EF1C472C568C}.Release|x86.ActiveCfg = Release|Any CPU
		{652E2446-972F-4B4F-A000-EF1C472C568C}.Release|x86.Build.0 = Release|Any CPU
		{545FACBE-2D1C-44D2-A1F9-8743859F965F}.Ad-Hoc|Any CPU.ActiveCfg = Release|Any CPU
		{545FACBE-2D1C-44D2-A1F9-8743859F965F}.Ad-Hoc|Any CPU.Build.0 = Release|Any CPU
		{545FACBE-2D1C-44D2-A1F9-8743859F965F}.Ad-Hoc|ARM.ActiveCfg = Release|Any CPU
		{545FACBE-2D1C-44D2-A1F9-8743859F965F}.Ad-Hoc|ARM.Build.0 = Release|Any CPU
		{545FACBE-2D1C-44D2-A1F9-8743859F965F}.Ad-Hoc|iPhone.ActiveCfg = Release|Any CPU
		{545FACBE-2D1C-44D2-A1F9-8743859F965F}.Ad-Hoc|iPhone.Build.0 = Release|Any CPU
		{545FACBE-2D1C-44D2-A1F9-8743859F965F}.Ad-Hoc|iPhoneSimulator.ActiveCfg = Release|Any CPU
		{545FACBE-2D1C-44D2-A1F9-8743859F965F}.Ad-Hoc|iPhoneSimulator.Build.0 = Release|Any CPU
		{545FACBE-2D1C-44D2-A1F9-8743859F965F}.Ad-Hoc|x64.ActiveCfg = Release|Any CPU
		{545FACBE-2D1C-44D2-A1F9-8743859F965F}.Ad-Hoc|x64.Build.0 = Release|Any CPU
		{545FACBE-2D1C-44D2-A1F9-8743859F965F}.Ad-Hoc|x86.ActiveCfg = Release|Any CPU
		{545FACBE-2D1C-44D2-A1F9-8743859F965F}.Ad-Hoc|x86.Build.0 = Release|Any CPU
		{545FACBE-2D1C-44D2-A1F9-8743859F965F}.AppStore|Any CPU.ActiveCfg = Release|Any CPU
		{545FACBE-2D1C-44D2-A1F9-8743859F965F}.AppStore|Any CPU.Build.0 = Release|Any CPU
		{545FACBE-2D1C-44D2-A1F9-8743859F965F}.AppStore|ARM.ActiveCfg = Release|Any CPU
		{545FACBE-2D1C-44D2-A1F9-8743859F965F}.AppStore|ARM.Build.0 = Release|Any CPU
		{545FACBE-2D1C-44D2-A1F9-8743859F965F}.AppStore|iPhone.ActiveCfg = Release|Any CPU
		{545FACBE-2D1C-44D2-A1F9-8743859F965F}.AppStore|iPhone.Build.0 = Release|Any CPU
		{545FACBE-2D1C-44D2-A1F9-8743859F965F}.AppStore|iPhoneSimulator.ActiveCfg = Release|Any CPU
		{545FACBE-2D1C-44D2-A1F9-8743859F965F}.AppStore|iPhoneSimulator.Build.0 = Release|Any CPU
		{545FACBE-2D1C-44D2-A1F9-8743859F965F}.AppStore|x64.ActiveCfg = Release|Any CPU
		{545FACBE-2D1C-44D2-A1F9-8743859F965F}.AppStore|x64.Build.0 = Release|Any CPU
		{545FACBE-2D1C-44D2-A1F9-8743859F965F}.AppStore|x86.ActiveCfg = Release|Any CPU
		{545FACBE-2D1C-44D2-A1F9-8743859F965F}.AppStore|x86.Build.0 = Release|Any CPU
		{545FACBE-2D1C-44D2-A1F9-8743859F965F}.Debug|Any CPU.ActiveCfg = Debug|Any CPU
		{545FACBE-2D1C-44D2-A1F9-8743859F965F}.Debug|Any CPU.Build.0 = Debug|Any CPU
		{545FACBE-2D1C-44D2-A1F9-8743859F965F}.Debug|ARM.ActiveCfg = Debug|Any CPU
		{545FACBE-2D1C-44D2-A1F9-8743859F965F}.Debug|ARM.Build.0 = Debug|Any CPU
		{545FACBE-2D1C-44D2-A1F9-8743859F965F}.Debug|iPhone.ActiveCfg = Debug|Any CPU
		{545FACBE-2D1C-44D2-A1F9-8743859F965F}.Debug|iPhone.Build.0 = Debug|Any CPU
		{545FACBE-2D1C-44D2-A1F9-8743859F965F}.Debug|iPhoneSimulator.ActiveCfg = Debug|Any CPU
		{545FACBE-2D1C-44D2-A1F9-8743859F965F}.Debug|iPhoneSimulator.Build.0 = Debug|Any CPU
		{545FACBE-2D1C-44D2-A1F9-8743859F965F}.Debug|x64.ActiveCfg = Debug|Any CPU
		{545FACBE-2D1C-44D2-A1F9-8743859F965F}.Debug|x64.Build.0 = Debug|Any CPU
		{545FACBE-2D1C-44D2-A1F9-8743859F965F}.Debug|x86.ActiveCfg = Debug|Any CPU
		{545FACBE-2D1C-44D2-A1F9-8743859F965F}.Debug|x86.Build.0 = Debug|Any CPU
		{545FACBE-2D1C-44D2-A1F9-8743859F965F}.Release|Any CPU.ActiveCfg = Release|Any CPU
		{545FACBE-2D1C-44D2-A1F9-8743859F965F}.Release|Any CPU.Build.0 = Release|Any CPU
		{545FACBE-2D1C-44D2-A1F9-8743859F965F}.Release|ARM.ActiveCfg = Release|Any CPU
		{545FACBE-2D1C-44D2-A1F9-8743859F965F}.Release|ARM.Build.0 = Release|Any CPU
		{545FACBE-2D1C-44D2-A1F9-8743859F965F}.Release|iPhone.ActiveCfg = Release|Any CPU
		{545FACBE-2D1C-44D2-A1F9-8743859F965F}.Release|iPhone.Build.0 = Release|Any CPU
		{545FACBE-2D1C-44D2-A1F9-8743859F965F}.Release|iPhoneSimulator.ActiveCfg = Release|Any CPU
		{545FACBE-2D1C-44D2-A1F9-8743859F965F}.Release|iPhoneSimulator.Build.0 = Release|Any CPU
		{545FACBE-2D1C-44D2-A1F9-8743859F965F}.Release|x64.ActiveCfg = Release|Any CPU
		{545FACBE-2D1C-44D2-A1F9-8743859F965F}.Release|x64.Build.0 = Release|Any CPU
		{545FACBE-2D1C-44D2-A1F9-8743859F965F}.Release|x86.ActiveCfg = Release|Any CPU
		{545FACBE-2D1C-44D2-A1F9-8743859F965F}.Release|x86.Build.0 = Release|Any CPU
		{027A76B1-C8EE-4C76-9C40-F95D2B0F3B54}.Ad-Hoc|Any CPU.ActiveCfg = Release|Any CPU
		{027A76B1-C8EE-4C76-9C40-F95D2B0F3B54}.Ad-Hoc|Any CPU.Build.0 = Release|Any CPU
		{027A76B1-C8EE-4C76-9C40-F95D2B0F3B54}.Ad-Hoc|Any CPU.Deploy.0 = Release|Any CPU
		{027A76B1-C8EE-4C76-9C40-F95D2B0F3B54}.Ad-Hoc|ARM.ActiveCfg = Release|Any CPU
		{027A76B1-C8EE-4C76-9C40-F95D2B0F3B54}.Ad-Hoc|ARM.Build.0 = Release|Any CPU
		{027A76B1-C8EE-4C76-9C40-F95D2B0F3B54}.Ad-Hoc|ARM.Deploy.0 = Release|Any CPU
		{027A76B1-C8EE-4C76-9C40-F95D2B0F3B54}.Ad-Hoc|iPhone.ActiveCfg = Release|Any CPU
		{027A76B1-C8EE-4C76-9C40-F95D2B0F3B54}.Ad-Hoc|iPhone.Build.0 = Release|Any CPU
		{027A76B1-C8EE-4C76-9C40-F95D2B0F3B54}.Ad-Hoc|iPhone.Deploy.0 = Release|Any CPU
		{027A76B1-C8EE-4C76-9C40-F95D2B0F3B54}.Ad-Hoc|iPhoneSimulator.ActiveCfg = Release|Any CPU
		{027A76B1-C8EE-4C76-9C40-F95D2B0F3B54}.Ad-Hoc|iPhoneSimulator.Build.0 = Release|Any CPU
		{027A76B1-C8EE-4C76-9C40-F95D2B0F3B54}.Ad-Hoc|iPhoneSimulator.Deploy.0 = Release|Any CPU
		{027A76B1-C8EE-4C76-9C40-F95D2B0F3B54}.Ad-Hoc|x64.ActiveCfg = Release|Any CPU
		{027A76B1-C8EE-4C76-9C40-F95D2B0F3B54}.Ad-Hoc|x64.Build.0 = Release|Any CPU
		{027A76B1-C8EE-4C76-9C40-F95D2B0F3B54}.Ad-Hoc|x64.Deploy.0 = Release|Any CPU
		{027A76B1-C8EE-4C76-9C40-F95D2B0F3B54}.Ad-Hoc|x86.ActiveCfg = Release|Any CPU
		{027A76B1-C8EE-4C76-9C40-F95D2B0F3B54}.Ad-Hoc|x86.Build.0 = Release|Any CPU
		{027A76B1-C8EE-4C76-9C40-F95D2B0F3B54}.Ad-Hoc|x86.Deploy.0 = Release|Any CPU
		{027A76B1-C8EE-4C76-9C40-F95D2B0F3B54}.AppStore|Any CPU.ActiveCfg = Release|Any CPU
		{027A76B1-C8EE-4C76-9C40-F95D2B0F3B54}.AppStore|Any CPU.Build.0 = Release|Any CPU
		{027A76B1-C8EE-4C76-9C40-F95D2B0F3B54}.AppStore|Any CPU.Deploy.0 = Release|Any CPU
		{027A76B1-C8EE-4C76-9C40-F95D2B0F3B54}.AppStore|ARM.ActiveCfg = Release|Any CPU
		{027A76B1-C8EE-4C76-9C40-F95D2B0F3B54}.AppStore|ARM.Build.0 = Release|Any CPU
		{027A76B1-C8EE-4C76-9C40-F95D2B0F3B54}.AppStore|ARM.Deploy.0 = Release|Any CPU
		{027A76B1-C8EE-4C76-9C40-F95D2B0F3B54}.AppStore|iPhone.ActiveCfg = Release|Any CPU
		{027A76B1-C8EE-4C76-9C40-F95D2B0F3B54}.AppStore|iPhone.Build.0 = Release|Any CPU
		{027A76B1-C8EE-4C76-9C40-F95D2B0F3B54}.AppStore|iPhone.Deploy.0 = Release|Any CPU
		{027A76B1-C8EE-4C76-9C40-F95D2B0F3B54}.AppStore|iPhoneSimulator.ActiveCfg = Release|Any CPU
		{027A76B1-C8EE-4C76-9C40-F95D2B0F3B54}.AppStore|iPhoneSimulator.Build.0 = Release|Any CPU
		{027A76B1-C8EE-4C76-9C40-F95D2B0F3B54}.AppStore|iPhoneSimulator.Deploy.0 = Release|Any CPU
		{027A76B1-C8EE-4C76-9C40-F95D2B0F3B54}.AppStore|x64.ActiveCfg = Release|Any CPU
		{027A76B1-C8EE-4C76-9C40-F95D2B0F3B54}.AppStore|x64.Build.0 = Release|Any CPU
		{027A76B1-C8EE-4C76-9C40-F95D2B0F3B54}.AppStore|x64.Deploy.0 = Release|Any CPU
		{027A76B1-C8EE-4C76-9C40-F95D2B0F3B54}.AppStore|x86.ActiveCfg = Release|Any CPU
		{027A76B1-C8EE-4C76-9C40-F95D2B0F3B54}.AppStore|x86.Build.0 = Release|Any CPU
		{027A76B1-C8EE-4C76-9C40-F95D2B0F3B54}.AppStore|x86.Deploy.0 = Release|Any CPU
		{027A76B1-C8EE-4C76-9C40-F95D2B0F3B54}.Debug|Any CPU.ActiveCfg = Debug|Any CPU
		{027A76B1-C8EE-4C76-9C40-F95D2B0F3B54}.Debug|Any CPU.Build.0 = Debug|Any CPU
		{027A76B1-C8EE-4C76-9C40-F95D2B0F3B54}.Debug|Any CPU.Deploy.0 = Debug|Any CPU
		{027A76B1-C8EE-4C76-9C40-F95D2B0F3B54}.Debug|ARM.ActiveCfg = Debug|Any CPU
		{027A76B1-C8EE-4C76-9C40-F95D2B0F3B54}.Debug|ARM.Build.0 = Debug|Any CPU
		{027A76B1-C8EE-4C76-9C40-F95D2B0F3B54}.Debug|ARM.Deploy.0 = Debug|Any CPU
		{027A76B1-C8EE-4C76-9C40-F95D2B0F3B54}.Debug|iPhone.ActiveCfg = Debug|Any CPU
		{027A76B1-C8EE-4C76-9C40-F95D2B0F3B54}.Debug|iPhone.Build.0 = Debug|Any CPU
		{027A76B1-C8EE-4C76-9C40-F95D2B0F3B54}.Debug|iPhone.Deploy.0 = Debug|Any CPU
		{027A76B1-C8EE-4C76-9C40-F95D2B0F3B54}.Debug|iPhoneSimulator.ActiveCfg = Debug|Any CPU
		{027A76B1-C8EE-4C76-9C40-F95D2B0F3B54}.Debug|iPhoneSimulator.Build.0 = Debug|Any CPU
		{027A76B1-C8EE-4C76-9C40-F95D2B0F3B54}.Debug|iPhoneSimulator.Deploy.0 = Debug|Any CPU
		{027A76B1-C8EE-4C76-9C40-F95D2B0F3B54}.Debug|x64.ActiveCfg = Debug|Any CPU
		{027A76B1-C8EE-4C76-9C40-F95D2B0F3B54}.Debug|x64.Build.0 = Debug|Any CPU
		{027A76B1-C8EE-4C76-9C40-F95D2B0F3B54}.Debug|x64.Deploy.0 = Debug|Any CPU
		{027A76B1-C8EE-4C76-9C40-F95D2B0F3B54}.Debug|x86.ActiveCfg = Debug|Any CPU
		{027A76B1-C8EE-4C76-9C40-F95D2B0F3B54}.Debug|x86.Build.0 = Debug|Any CPU
		{027A76B1-C8EE-4C76-9C40-F95D2B0F3B54}.Debug|x86.Deploy.0 = Debug|Any CPU
		{027A76B1-C8EE-4C76-9C40-F95D2B0F3B54}.Release|Any CPU.ActiveCfg = Release|Any CPU
		{027A76B1-C8EE-4C76-9C40-F95D2B0F3B54}.Release|Any CPU.Build.0 = Release|Any CPU
		{027A76B1-C8EE-4C76-9C40-F95D2B0F3B54}.Release|Any CPU.Deploy.0 = Release|Any CPU
		{027A76B1-C8EE-4C76-9C40-F95D2B0F3B54}.Release|ARM.ActiveCfg = Release|Any CPU
		{027A76B1-C8EE-4C76-9C40-F95D2B0F3B54}.Release|ARM.Build.0 = Release|Any CPU
		{027A76B1-C8EE-4C76-9C40-F95D2B0F3B54}.Release|ARM.Deploy.0 = Release|Any CPU
		{027A76B1-C8EE-4C76-9C40-F95D2B0F3B54}.Release|iPhone.ActiveCfg = Release|Any CPU
		{027A76B1-C8EE-4C76-9C40-F95D2B0F3B54}.Release|iPhone.Build.0 = Release|Any CPU
		{027A76B1-C8EE-4C76-9C40-F95D2B0F3B54}.Release|iPhone.Deploy.0 = Release|Any CPU
		{027A76B1-C8EE-4C76-9C40-F95D2B0F3B54}.Release|iPhoneSimulator.ActiveCfg = Release|Any CPU
		{027A76B1-C8EE-4C76-9C40-F95D2B0F3B54}.Release|iPhoneSimulator.Build.0 = Release|Any CPU
		{027A76B1-C8EE-4C76-9C40-F95D2B0F3B54}.Release|iPhoneSimulator.Deploy.0 = Release|Any CPU
		{027A76B1-C8EE-4C76-9C40-F95D2B0F3B54}.Release|x64.ActiveCfg = Release|Any CPU
		{027A76B1-C8EE-4C76-9C40-F95D2B0F3B54}.Release|x64.Build.0 = Release|Any CPU
		{027A76B1-C8EE-4C76-9C40-F95D2B0F3B54}.Release|x64.Deploy.0 = Release|Any CPU
		{027A76B1-C8EE-4C76-9C40-F95D2B0F3B54}.Release|x86.ActiveCfg = Release|Any CPU
		{027A76B1-C8EE-4C76-9C40-F95D2B0F3B54}.Release|x86.Build.0 = Release|Any CPU
		{027A76B1-C8EE-4C76-9C40-F95D2B0F3B54}.Release|x86.Deploy.0 = Release|Any CPU
		{22C24E38-B823-446D-8B50-773C618B0C34}.Ad-Hoc|Any CPU.ActiveCfg = Release|Any CPU
		{22C24E38-B823-446D-8B50-773C618B0C34}.Ad-Hoc|Any CPU.Build.0 = Release|Any CPU
		{22C24E38-B823-446D-8B50-773C618B0C34}.Ad-Hoc|ARM.ActiveCfg = Release|Any CPU
		{22C24E38-B823-446D-8B50-773C618B0C34}.Ad-Hoc|ARM.Build.0 = Release|Any CPU
		{22C24E38-B823-446D-8B50-773C618B0C34}.Ad-Hoc|iPhone.ActiveCfg = Release|Any CPU
		{22C24E38-B823-446D-8B50-773C618B0C34}.Ad-Hoc|iPhone.Build.0 = Release|Any CPU
		{22C24E38-B823-446D-8B50-773C618B0C34}.Ad-Hoc|iPhoneSimulator.ActiveCfg = Release|Any CPU
		{22C24E38-B823-446D-8B50-773C618B0C34}.Ad-Hoc|iPhoneSimulator.Build.0 = Release|Any CPU
		{22C24E38-B823-446D-8B50-773C618B0C34}.Ad-Hoc|x64.ActiveCfg = Release|Any CPU
		{22C24E38-B823-446D-8B50-773C618B0C34}.Ad-Hoc|x64.Build.0 = Release|Any CPU
		{22C24E38-B823-446D-8B50-773C618B0C34}.Ad-Hoc|x86.ActiveCfg = Release|Any CPU
		{22C24E38-B823-446D-8B50-773C618B0C34}.Ad-Hoc|x86.Build.0 = Release|Any CPU
		{22C24E38-B823-446D-8B50-773C618B0C34}.AppStore|Any CPU.ActiveCfg = Release|Any CPU
		{22C24E38-B823-446D-8B50-773C618B0C34}.AppStore|Any CPU.Build.0 = Release|Any CPU
		{22C24E38-B823-446D-8B50-773C618B0C34}.AppStore|ARM.ActiveCfg = Release|Any CPU
		{22C24E38-B823-446D-8B50-773C618B0C34}.AppStore|ARM.Build.0 = Release|Any CPU
		{22C24E38-B823-446D-8B50-773C618B0C34}.AppStore|iPhone.ActiveCfg = Release|Any CPU
		{22C24E38-B823-446D-8B50-773C618B0C34}.AppStore|iPhone.Build.0 = Release|Any CPU
		{22C24E38-B823-446D-8B50-773C618B0C34}.AppStore|iPhoneSimulator.ActiveCfg = Release|Any CPU
		{22C24E38-B823-446D-8B50-773C618B0C34}.AppStore|iPhoneSimulator.Build.0 = Release|Any CPU
		{22C24E38-B823-446D-8B50-773C618B0C34}.AppStore|x64.ActiveCfg = Release|Any CPU
		{22C24E38-B823-446D-8B50-773C618B0C34}.AppStore|x64.Build.0 = Release|Any CPU
		{22C24E38-B823-446D-8B50-773C618B0C34}.AppStore|x86.ActiveCfg = Release|Any CPU
		{22C24E38-B823-446D-8B50-773C618B0C34}.AppStore|x86.Build.0 = Release|Any CPU
		{22C24E38-B823-446D-8B50-773C618B0C34}.Debug|Any CPU.ActiveCfg = Debug|Any CPU
		{22C24E38-B823-446D-8B50-773C618B0C34}.Debug|Any CPU.Build.0 = Debug|Any CPU
		{22C24E38-B823-446D-8B50-773C618B0C34}.Debug|ARM.ActiveCfg = Debug|Any CPU
		{22C24E38-B823-446D-8B50-773C618B0C34}.Debug|ARM.Build.0 = Debug|Any CPU
		{22C24E38-B823-446D-8B50-773C618B0C34}.Debug|iPhone.ActiveCfg = Debug|Any CPU
		{22C24E38-B823-446D-8B50-773C618B0C34}.Debug|iPhone.Build.0 = Debug|Any CPU
		{22C24E38-B823-446D-8B50-773C618B0C34}.Debug|iPhoneSimulator.ActiveCfg = Debug|Any CPU
		{22C24E38-B823-446D-8B50-773C618B0C34}.Debug|iPhoneSimulator.Build.0 = Debug|Any CPU
		{22C24E38-B823-446D-8B50-773C618B0C34}.Debug|x64.ActiveCfg = Debug|Any CPU
		{22C24E38-B823-446D-8B50-773C618B0C34}.Debug|x64.Build.0 = Debug|Any CPU
		{22C24E38-B823-446D-8B50-773C618B0C34}.Debug|x86.ActiveCfg = Debug|Any CPU
		{22C24E38-B823-446D-8B50-773C618B0C34}.Debug|x86.Build.0 = Debug|Any CPU
		{22C24E38-B823-446D-8B50-773C618B0C34}.Release|Any CPU.ActiveCfg = Release|Any CPU
		{22C24E38-B823-446D-8B50-773C618B0C34}.Release|Any CPU.Build.0 = Release|Any CPU
		{22C24E38-B823-446D-8B50-773C618B0C34}.Release|ARM.ActiveCfg = Release|Any CPU
		{22C24E38-B823-446D-8B50-773C618B0C34}.Release|ARM.Build.0 = Release|Any CPU
		{22C24E38-B823-446D-8B50-773C618B0C34}.Release|iPhone.ActiveCfg = Release|Any CPU
		{22C24E38-B823-446D-8B50-773C618B0C34}.Release|iPhone.Build.0 = Release|Any CPU
		{22C24E38-B823-446D-8B50-773C618B0C34}.Release|iPhoneSimulator.ActiveCfg = Release|Any CPU
		{22C24E38-B823-446D-8B50-773C618B0C34}.Release|iPhoneSimulator.Build.0 = Release|Any CPU
		{22C24E38-B823-446D-8B50-773C618B0C34}.Release|x64.ActiveCfg = Release|Any CPU
		{22C24E38-B823-446D-8B50-773C618B0C34}.Release|x64.Build.0 = Release|Any CPU
		{22C24E38-B823-446D-8B50-773C618B0C34}.Release|x86.ActiveCfg = Release|Any CPU
		{22C24E38-B823-446D-8B50-773C618B0C34}.Release|x86.Build.0 = Release|Any CPU
		{05774B41-6763-49F8-A6D8-9EF3D5DD1E07}.Ad-Hoc|Any CPU.ActiveCfg = Release|x86
		{05774B41-6763-49F8-A6D8-9EF3D5DD1E07}.Ad-Hoc|Any CPU.Build.0 = Release|x86
		{05774B41-6763-49F8-A6D8-9EF3D5DD1E07}.Ad-Hoc|Any CPU.Deploy.0 = Release|x86
		{05774B41-6763-49F8-A6D8-9EF3D5DD1E07}.Ad-Hoc|ARM.ActiveCfg = Release|ARM
		{05774B41-6763-49F8-A6D8-9EF3D5DD1E07}.Ad-Hoc|ARM.Build.0 = Release|ARM
		{05774B41-6763-49F8-A6D8-9EF3D5DD1E07}.Ad-Hoc|ARM.Deploy.0 = Release|ARM
		{05774B41-6763-49F8-A6D8-9EF3D5DD1E07}.Ad-Hoc|iPhone.ActiveCfg = Release|x86
		{05774B41-6763-49F8-A6D8-9EF3D5DD1E07}.Ad-Hoc|iPhone.Build.0 = Release|x86
		{05774B41-6763-49F8-A6D8-9EF3D5DD1E07}.Ad-Hoc|iPhone.Deploy.0 = Release|x86
		{05774B41-6763-49F8-A6D8-9EF3D5DD1E07}.Ad-Hoc|iPhoneSimulator.ActiveCfg = Release|x86
		{05774B41-6763-49F8-A6D8-9EF3D5DD1E07}.Ad-Hoc|iPhoneSimulator.Build.0 = Release|x86
		{05774B41-6763-49F8-A6D8-9EF3D5DD1E07}.Ad-Hoc|iPhoneSimulator.Deploy.0 = Release|x86
		{05774B41-6763-49F8-A6D8-9EF3D5DD1E07}.Ad-Hoc|x64.ActiveCfg = Release|x64
		{05774B41-6763-49F8-A6D8-9EF3D5DD1E07}.Ad-Hoc|x64.Build.0 = Release|x64
		{05774B41-6763-49F8-A6D8-9EF3D5DD1E07}.Ad-Hoc|x64.Deploy.0 = Release|x64
		{05774B41-6763-49F8-A6D8-9EF3D5DD1E07}.Ad-Hoc|x86.ActiveCfg = Release|x86
		{05774B41-6763-49F8-A6D8-9EF3D5DD1E07}.Ad-Hoc|x86.Build.0 = Release|x86
		{05774B41-6763-49F8-A6D8-9EF3D5DD1E07}.Ad-Hoc|x86.Deploy.0 = Release|x86
		{05774B41-6763-49F8-A6D8-9EF3D5DD1E07}.AppStore|Any CPU.ActiveCfg = Release|x86
		{05774B41-6763-49F8-A6D8-9EF3D5DD1E07}.AppStore|Any CPU.Build.0 = Release|x86
		{05774B41-6763-49F8-A6D8-9EF3D5DD1E07}.AppStore|Any CPU.Deploy.0 = Release|x86
		{05774B41-6763-49F8-A6D8-9EF3D5DD1E07}.AppStore|ARM.ActiveCfg = Release|ARM
		{05774B41-6763-49F8-A6D8-9EF3D5DD1E07}.AppStore|ARM.Build.0 = Release|ARM
		{05774B41-6763-49F8-A6D8-9EF3D5DD1E07}.AppStore|ARM.Deploy.0 = Release|ARM
		{05774B41-6763-49F8-A6D8-9EF3D5DD1E07}.AppStore|iPhone.ActiveCfg = Release|x86
		{05774B41-6763-49F8-A6D8-9EF3D5DD1E07}.AppStore|iPhone.Build.0 = Release|x86
		{05774B41-6763-49F8-A6D8-9EF3D5DD1E07}.AppStore|iPhone.Deploy.0 = Release|x86
		{05774B41-6763-49F8-A6D8-9EF3D5DD1E07}.AppStore|iPhoneSimulator.ActiveCfg = Release|x86
		{05774B41-6763-49F8-A6D8-9EF3D5DD1E07}.AppStore|iPhoneSimulator.Build.0 = Release|x86
		{05774B41-6763-49F8-A6D8-9EF3D5DD1E07}.AppStore|iPhoneSimulator.Deploy.0 = Release|x86
		{05774B41-6763-49F8-A6D8-9EF3D5DD1E07}.AppStore|x64.ActiveCfg = Release|x64
		{05774B41-6763-49F8-A6D8-9EF3D5DD1E07}.AppStore|x64.Build.0 = Release|x64
		{05774B41-6763-49F8-A6D8-9EF3D5DD1E07}.AppStore|x64.Deploy.0 = Release|x64
		{05774B41-6763-49F8-A6D8-9EF3D5DD1E07}.AppStore|x86.ActiveCfg = Release|x86
		{05774B41-6763-49F8-A6D8-9EF3D5DD1E07}.AppStore|x86.Build.0 = Release|x86
		{05774B41-6763-49F8-A6D8-9EF3D5DD1E07}.AppStore|x86.Deploy.0 = Release|x86
		{05774B41-6763-49F8-A6D8-9EF3D5DD1E07}.Debug|Any CPU.ActiveCfg = Debug|x86
		{05774B41-6763-49F8-A6D8-9EF3D5DD1E07}.Debug|ARM.ActiveCfg = Debug|ARM
		{05774B41-6763-49F8-A6D8-9EF3D5DD1E07}.Debug|ARM.Build.0 = Debug|ARM
		{05774B41-6763-49F8-A6D8-9EF3D5DD1E07}.Debug|ARM.Deploy.0 = Debug|ARM
		{05774B41-6763-49F8-A6D8-9EF3D5DD1E07}.Debug|iPhone.ActiveCfg = Debug|x86
		{05774B41-6763-49F8-A6D8-9EF3D5DD1E07}.Debug|iPhoneSimulator.ActiveCfg = Debug|x86
		{05774B41-6763-49F8-A6D8-9EF3D5DD1E07}.Debug|x64.ActiveCfg = Debug|x64
		{05774B41-6763-49F8-A6D8-9EF3D5DD1E07}.Debug|x64.Build.0 = Debug|x64
		{05774B41-6763-49F8-A6D8-9EF3D5DD1E07}.Debug|x64.Deploy.0 = Debug|x64
		{05774B41-6763-49F8-A6D8-9EF3D5DD1E07}.Debug|x86.ActiveCfg = Debug|x86
		{05774B41-6763-49F8-A6D8-9EF3D5DD1E07}.Debug|x86.Build.0 = Debug|x86
		{05774B41-6763-49F8-A6D8-9EF3D5DD1E07}.Debug|x86.Deploy.0 = Debug|x86
		{05774B41-6763-49F8-A6D8-9EF3D5DD1E07}.Release|Any CPU.ActiveCfg = Release|x86
		{05774B41-6763-49F8-A6D8-9EF3D5DD1E07}.Release|ARM.ActiveCfg = Release|ARM
		{05774B41-6763-49F8-A6D8-9EF3D5DD1E07}.Release|ARM.Build.0 = Release|ARM
		{05774B41-6763-49F8-A6D8-9EF3D5DD1E07}.Release|ARM.Deploy.0 = Release|ARM
		{05774B41-6763-49F8-A6D8-9EF3D5DD1E07}.Release|iPhone.ActiveCfg = Release|x86
		{05774B41-6763-49F8-A6D8-9EF3D5DD1E07}.Release|iPhoneSimulator.ActiveCfg = Release|x86
		{05774B41-6763-49F8-A6D8-9EF3D5DD1E07}.Release|x64.ActiveCfg = Release|x64
		{05774B41-6763-49F8-A6D8-9EF3D5DD1E07}.Release|x64.Build.0 = Release|x64
		{05774B41-6763-49F8-A6D8-9EF3D5DD1E07}.Release|x64.Deploy.0 = Release|x64
		{05774B41-6763-49F8-A6D8-9EF3D5DD1E07}.Release|x86.ActiveCfg = Release|x86
		{05774B41-6763-49F8-A6D8-9EF3D5DD1E07}.Release|x86.Build.0 = Release|x86
		{05774B41-6763-49F8-A6D8-9EF3D5DD1E07}.Release|x86.Deploy.0 = Release|x86
		{A0264C2A-0F0D-4254-8105-661F575E1EAC}.Ad-Hoc|Any CPU.ActiveCfg = Ad-Hoc|iPhone
		{A0264C2A-0F0D-4254-8105-661F575E1EAC}.Ad-Hoc|ARM.ActiveCfg = Ad-Hoc|iPhone
		{A0264C2A-0F0D-4254-8105-661F575E1EAC}.Ad-Hoc|iPhone.ActiveCfg = Ad-Hoc|iPhone
		{A0264C2A-0F0D-4254-8105-661F575E1EAC}.Ad-Hoc|iPhone.Build.0 = Ad-Hoc|iPhone
		{A0264C2A-0F0D-4254-8105-661F575E1EAC}.Ad-Hoc|iPhoneSimulator.ActiveCfg = Ad-Hoc|iPhoneSimulator
		{A0264C2A-0F0D-4254-8105-661F575E1EAC}.Ad-Hoc|iPhoneSimulator.Build.0 = Ad-Hoc|iPhoneSimulator
		{A0264C2A-0F0D-4254-8105-661F575E1EAC}.Ad-Hoc|x64.ActiveCfg = Ad-Hoc|iPhone
		{A0264C2A-0F0D-4254-8105-661F575E1EAC}.Ad-Hoc|x86.ActiveCfg = Ad-Hoc|iPhone
		{A0264C2A-0F0D-4254-8105-661F575E1EAC}.AppStore|Any CPU.ActiveCfg = AppStore|iPhone
		{A0264C2A-0F0D-4254-8105-661F575E1EAC}.AppStore|ARM.ActiveCfg = AppStore|iPhone
		{A0264C2A-0F0D-4254-8105-661F575E1EAC}.AppStore|iPhone.ActiveCfg = AppStore|iPhone
		{A0264C2A-0F0D-4254-8105-661F575E1EAC}.AppStore|iPhone.Build.0 = AppStore|iPhone
		{A0264C2A-0F0D-4254-8105-661F575E1EAC}.AppStore|iPhoneSimulator.ActiveCfg = AppStore|iPhoneSimulator
		{A0264C2A-0F0D-4254-8105-661F575E1EAC}.AppStore|iPhoneSimulator.Build.0 = AppStore|iPhoneSimulator
		{A0264C2A-0F0D-4254-8105-661F575E1EAC}.AppStore|x64.ActiveCfg = AppStore|iPhone
		{A0264C2A-0F0D-4254-8105-661F575E1EAC}.AppStore|x86.ActiveCfg = AppStore|iPhone
		{A0264C2A-0F0D-4254-8105-661F575E1EAC}.Debug|Any CPU.ActiveCfg = Debug|iPhone
		{A0264C2A-0F0D-4254-8105-661F575E1EAC}.Debug|ARM.ActiveCfg = Debug|iPhone
		{A0264C2A-0F0D-4254-8105-661F575E1EAC}.Debug|iPhone.ActiveCfg = Debug|iPhone
		{A0264C2A-0F0D-4254-8105-661F575E1EAC}.Debug|iPhone.Build.0 = Debug|iPhone
		{A0264C2A-0F0D-4254-8105-661F575E1EAC}.Debug|iPhoneSimulator.ActiveCfg = Debug|iPhoneSimulator
		{A0264C2A-0F0D-4254-8105-661F575E1EAC}.Debug|iPhoneSimulator.Build.0 = Debug|iPhoneSimulator
		{A0264C2A-0F0D-4254-8105-661F575E1EAC}.Debug|x64.ActiveCfg = Debug|iPhone
		{A0264C2A-0F0D-4254-8105-661F575E1EAC}.Debug|x86.ActiveCfg = Debug|iPhone
		{A0264C2A-0F0D-4254-8105-661F575E1EAC}.Release|Any CPU.ActiveCfg = Release|iPhone
		{A0264C2A-0F0D-4254-8105-661F575E1EAC}.Release|ARM.ActiveCfg = Release|iPhone
		{A0264C2A-0F0D-4254-8105-661F575E1EAC}.Release|iPhone.ActiveCfg = Release|iPhone
		{A0264C2A-0F0D-4254-8105-661F575E1EAC}.Release|iPhone.Build.0 = Release|iPhone
		{A0264C2A-0F0D-4254-8105-661F575E1EAC}.Release|iPhoneSimulator.ActiveCfg = Release|iPhoneSimulator
		{A0264C2A-0F0D-4254-8105-661F575E1EAC}.Release|iPhoneSimulator.Build.0 = Release|iPhoneSimulator
		{A0264C2A-0F0D-4254-8105-661F575E1EAC}.Release|x64.ActiveCfg = Release|iPhone
		{A0264C2A-0F0D-4254-8105-661F575E1EAC}.Release|x86.ActiveCfg = Release|iPhone
		{D1B48BAB-29FD-4BCF-96C4-235F5DC4CF99}.Ad-Hoc|Any CPU.ActiveCfg = Release|Any CPU
		{D1B48BAB-29FD-4BCF-96C4-235F5DC4CF99}.Ad-Hoc|Any CPU.Build.0 = Release|Any CPU
		{D1B48BAB-29FD-4BCF-96C4-235F5DC4CF99}.Ad-Hoc|ARM.ActiveCfg = Release|Any CPU
		{D1B48BAB-29FD-4BCF-96C4-235F5DC4CF99}.Ad-Hoc|ARM.Build.0 = Release|Any CPU
		{D1B48BAB-29FD-4BCF-96C4-235F5DC4CF99}.Ad-Hoc|iPhone.ActiveCfg = Release|Any CPU
		{D1B48BAB-29FD-4BCF-96C4-235F5DC4CF99}.Ad-Hoc|iPhone.Build.0 = Release|Any CPU
		{D1B48BAB-29FD-4BCF-96C4-235F5DC4CF99}.Ad-Hoc|iPhoneSimulator.ActiveCfg = Release|Any CPU
		{D1B48BAB-29FD-4BCF-96C4-235F5DC4CF99}.Ad-Hoc|iPhoneSimulator.Build.0 = Release|Any CPU
		{D1B48BAB-29FD-4BCF-96C4-235F5DC4CF99}.Ad-Hoc|x64.ActiveCfg = Release|Any CPU
		{D1B48BAB-29FD-4BCF-96C4-235F5DC4CF99}.Ad-Hoc|x64.Build.0 = Release|Any CPU
		{D1B48BAB-29FD-4BCF-96C4-235F5DC4CF99}.Ad-Hoc|x86.ActiveCfg = Release|Any CPU
		{D1B48BAB-29FD-4BCF-96C4-235F5DC4CF99}.Ad-Hoc|x86.Build.0 = Release|Any CPU
		{D1B48BAB-29FD-4BCF-96C4-235F5DC4CF99}.AppStore|Any CPU.ActiveCfg = Release|Any CPU
		{D1B48BAB-29FD-4BCF-96C4-235F5DC4CF99}.AppStore|Any CPU.Build.0 = Release|Any CPU
		{D1B48BAB-29FD-4BCF-96C4-235F5DC4CF99}.AppStore|ARM.ActiveCfg = Release|Any CPU
		{D1B48BAB-29FD-4BCF-96C4-235F5DC4CF99}.AppStore|ARM.Build.0 = Release|Any CPU
		{D1B48BAB-29FD-4BCF-96C4-235F5DC4CF99}.AppStore|iPhone.ActiveCfg = Release|Any CPU
		{D1B48BAB-29FD-4BCF-96C4-235F5DC4CF99}.AppStore|iPhone.Build.0 = Release|Any CPU
		{D1B48BAB-29FD-4BCF-96C4-235F5DC4CF99}.AppStore|iPhoneSimulator.ActiveCfg = Release|Any CPU
		{D1B48BAB-29FD-4BCF-96C4-235F5DC4CF99}.AppStore|iPhoneSimulator.Build.0 = Release|Any CPU
		{D1B48BAB-29FD-4BCF-96C4-235F5DC4CF99}.AppStore|x64.ActiveCfg = Release|Any CPU
		{D1B48BAB-29FD-4BCF-96C4-235F5DC4CF99}.AppStore|x64.Build.0 = Release|Any CPU
		{D1B48BAB-29FD-4BCF-96C4-235F5DC4CF99}.AppStore|x86.ActiveCfg = Release|Any CPU
		{D1B48BAB-29FD-4BCF-96C4-235F5DC4CF99}.AppStore|x86.Build.0 = Release|Any CPU
		{D1B48BAB-29FD-4BCF-96C4-235F5DC4CF99}.Debug|Any CPU.ActiveCfg = Debug|Any CPU
		{D1B48BAB-29FD-4BCF-96C4-235F5DC4CF99}.Debug|Any CPU.Build.0 = Debug|Any CPU
		{D1B48BAB-29FD-4BCF-96C4-235F5DC4CF99}.Debug|ARM.ActiveCfg = Debug|Any CPU
		{D1B48BAB-29FD-4BCF-96C4-235F5DC4CF99}.Debug|ARM.Build.0 = Debug|Any CPU
		{D1B48BAB-29FD-4BCF-96C4-235F5DC4CF99}.Debug|iPhone.ActiveCfg = Debug|Any CPU
		{D1B48BAB-29FD-4BCF-96C4-235F5DC4CF99}.Debug|iPhone.Build.0 = Debug|Any CPU
		{D1B48BAB-29FD-4BCF-96C4-235F5DC4CF99}.Debug|iPhoneSimulator.ActiveCfg = Debug|Any CPU
		{D1B48BAB-29FD-4BCF-96C4-235F5DC4CF99}.Debug|iPhoneSimulator.Build.0 = Debug|Any CPU
		{D1B48BAB-29FD-4BCF-96C4-235F5DC4CF99}.Debug|x64.ActiveCfg = Debug|Any CPU
		{D1B48BAB-29FD-4BCF-96C4-235F5DC4CF99}.Debug|x64.Build.0 = Debug|Any CPU
		{D1B48BAB-29FD-4BCF-96C4-235F5DC4CF99}.Debug|x86.ActiveCfg = Debug|Any CPU
		{D1B48BAB-29FD-4BCF-96C4-235F5DC4CF99}.Debug|x86.Build.0 = Debug|Any CPU
		{D1B48BAB-29FD-4BCF-96C4-235F5DC4CF99}.Release|Any CPU.ActiveCfg = Release|Any CPU
		{D1B48BAB-29FD-4BCF-96C4-235F5DC4CF99}.Release|Any CPU.Build.0 = Release|Any CPU
		{D1B48BAB-29FD-4BCF-96C4-235F5DC4CF99}.Release|ARM.ActiveCfg = Release|Any CPU
		{D1B48BAB-29FD-4BCF-96C4-235F5DC4CF99}.Release|ARM.Build.0 = Release|Any CPU
		{D1B48BAB-29FD-4BCF-96C4-235F5DC4CF99}.Release|iPhone.ActiveCfg = Release|Any CPU
		{D1B48BAB-29FD-4BCF-96C4-235F5DC4CF99}.Release|iPhone.Build.0 = Release|Any CPU
		{D1B48BAB-29FD-4BCF-96C4-235F5DC4CF99}.Release|iPhoneSimulator.ActiveCfg = Release|Any CPU
		{D1B48BAB-29FD-4BCF-96C4-235F5DC4CF99}.Release|iPhoneSimulator.Build.0 = Release|Any CPU
		{D1B48BAB-29FD-4BCF-96C4-235F5DC4CF99}.Release|x64.ActiveCfg = Release|Any CPU
		{D1B48BAB-29FD-4BCF-96C4-235F5DC4CF99}.Release|x64.Build.0 = Release|Any CPU
		{D1B48BAB-29FD-4BCF-96C4-235F5DC4CF99}.Release|x86.ActiveCfg = Release|Any CPU
		{D1B48BAB-29FD-4BCF-96C4-235F5DC4CF99}.Release|x86.Build.0 = Release|Any CPU
		{92F38F9F-E482-4D39-B40B-EAC0FCDC5DC7}.Ad-Hoc|Any CPU.ActiveCfg = Release|Any CPU
		{92F38F9F-E482-4D39-B40B-EAC0FCDC5DC7}.Ad-Hoc|Any CPU.Build.0 = Release|Any CPU
		{92F38F9F-E482-4D39-B40B-EAC0FCDC5DC7}.Ad-Hoc|ARM.ActiveCfg = Release|Any CPU
		{92F38F9F-E482-4D39-B40B-EAC0FCDC5DC7}.Ad-Hoc|ARM.Build.0 = Release|Any CPU
		{92F38F9F-E482-4D39-B40B-EAC0FCDC5DC7}.Ad-Hoc|iPhone.ActiveCfg = Release|Any CPU
		{92F38F9F-E482-4D39-B40B-EAC0FCDC5DC7}.Ad-Hoc|iPhone.Build.0 = Release|Any CPU
		{92F38F9F-E482-4D39-B40B-EAC0FCDC5DC7}.Ad-Hoc|iPhoneSimulator.ActiveCfg = Release|Any CPU
		{92F38F9F-E482-4D39-B40B-EAC0FCDC5DC7}.Ad-Hoc|iPhoneSimulator.Build.0 = Release|Any CPU
		{92F38F9F-E482-4D39-B40B-EAC0FCDC5DC7}.Ad-Hoc|x64.ActiveCfg = Release|Any CPU
		{92F38F9F-E482-4D39-B40B-EAC0FCDC5DC7}.Ad-Hoc|x64.Build.0 = Release|Any CPU
		{92F38F9F-E482-4D39-B40B-EAC0FCDC5DC7}.Ad-Hoc|x86.ActiveCfg = Release|Any CPU
		{92F38F9F-E482-4D39-B40B-EAC0FCDC5DC7}.Ad-Hoc|x86.Build.0 = Release|Any CPU
		{92F38F9F-E482-4D39-B40B-EAC0FCDC5DC7}.AppStore|Any CPU.ActiveCfg = Release|Any CPU
		{92F38F9F-E482-4D39-B40B-EAC0FCDC5DC7}.AppStore|Any CPU.Build.0 = Release|Any CPU
		{92F38F9F-E482-4D39-B40B-EAC0FCDC5DC7}.AppStore|ARM.ActiveCfg = Release|Any CPU
		{92F38F9F-E482-4D39-B40B-EAC0FCDC5DC7}.AppStore|ARM.Build.0 = Release|Any CPU
		{92F38F9F-E482-4D39-B40B-EAC0FCDC5DC7}.AppStore|iPhone.ActiveCfg = Release|Any CPU
		{92F38F9F-E482-4D39-B40B-EAC0FCDC5DC7}.AppStore|iPhone.Build.0 = Release|Any CPU
		{92F38F9F-E482-4D39-B40B-EAC0FCDC5DC7}.AppStore|iPhoneSimulator.ActiveCfg = Release|Any CPU
		{92F38F9F-E482-4D39-B40B-EAC0FCDC5DC7}.AppStore|iPhoneSimulator.Build.0 = Release|Any CPU
		{92F38F9F-E482-4D39-B40B-EAC0FCDC5DC7}.AppStore|x64.ActiveCfg = Release|Any CPU
		{92F38F9F-E482-4D39-B40B-EAC0FCDC5DC7}.AppStore|x64.Build.0 = Release|Any CPU
		{92F38F9F-E482-4D39-B40B-EAC0FCDC5DC7}.AppStore|x86.ActiveCfg = Release|Any CPU
		{92F38F9F-E482-4D39-B40B-EAC0FCDC5DC7}.AppStore|x86.Build.0 = Release|Any CPU
		{92F38F9F-E482-4D39-B40B-EAC0FCDC5DC7}.Debug|Any CPU.ActiveCfg = Debug|Any CPU
		{92F38F9F-E482-4D39-B40B-EAC0FCDC5DC7}.Debug|Any CPU.Build.0 = Debug|Any CPU
		{92F38F9F-E482-4D39-B40B-EAC0FCDC5DC7}.Debug|ARM.ActiveCfg = Debug|Any CPU
		{92F38F9F-E482-4D39-B40B-EAC0FCDC5DC7}.Debug|ARM.Build.0 = Debug|Any CPU
		{92F38F9F-E482-4D39-B40B-EAC0FCDC5DC7}.Debug|iPhone.ActiveCfg = Debug|Any CPU
		{92F38F9F-E482-4D39-B40B-EAC0FCDC5DC7}.Debug|iPhone.Build.0 = Debug|Any CPU
		{92F38F9F-E482-4D39-B40B-EAC0FCDC5DC7}.Debug|iPhoneSimulator.ActiveCfg = Debug|Any CPU
		{92F38F9F-E482-4D39-B40B-EAC0FCDC5DC7}.Debug|iPhoneSimulator.Build.0 = Debug|Any CPU
		{92F38F9F-E482-4D39-B40B-EAC0FCDC5DC7}.Debug|x64.ActiveCfg = Debug|Any CPU
		{92F38F9F-E482-4D39-B40B-EAC0FCDC5DC7}.Debug|x64.Build.0 = Debug|Any CPU
		{92F38F9F-E482-4D39-B40B-EAC0FCDC5DC7}.Debug|x86.ActiveCfg = Debug|Any CPU
		{92F38F9F-E482-4D39-B40B-EAC0FCDC5DC7}.Debug|x86.Build.0 = Debug|Any CPU
		{92F38F9F-E482-4D39-B40B-EAC0FCDC5DC7}.Release|Any CPU.ActiveCfg = Release|Any CPU
		{92F38F9F-E482-4D39-B40B-EAC0FCDC5DC7}.Release|Any CPU.Build.0 = Release|Any CPU
		{92F38F9F-E482-4D39-B40B-EAC0FCDC5DC7}.Release|ARM.ActiveCfg = Release|Any CPU
		{92F38F9F-E482-4D39-B40B-EAC0FCDC5DC7}.Release|ARM.Build.0 = Release|Any CPU
		{92F38F9F-E482-4D39-B40B-EAC0FCDC5DC7}.Release|iPhone.ActiveCfg = Release|Any CPU
		{92F38F9F-E482-4D39-B40B-EAC0FCDC5DC7}.Release|iPhone.Build.0 = Release|Any CPU
		{92F38F9F-E482-4D39-B40B-EAC0FCDC5DC7}.Release|iPhoneSimulator.ActiveCfg = Release|Any CPU
		{92F38F9F-E482-4D39-B40B-EAC0FCDC5DC7}.Release|iPhoneSimulator.Build.0 = Release|Any CPU
		{92F38F9F-E482-4D39-B40B-EAC0FCDC5DC7}.Release|x64.ActiveCfg = Release|Any CPU
		{92F38F9F-E482-4D39-B40B-EAC0FCDC5DC7}.Release|x64.Build.0 = Release|Any CPU
		{92F38F9F-E482-4D39-B40B-EAC0FCDC5DC7}.Release|x86.ActiveCfg = Release|Any CPU
		{92F38F9F-E482-4D39-B40B-EAC0FCDC5DC7}.Release|x86.Build.0 = Release|Any CPU
		{3ADF6CD0-5713-468F-A1B2-61A919E456ED}.Ad-Hoc|Any CPU.ActiveCfg = Debug|Any CPU
		{3ADF6CD0-5713-468F-A1B2-61A919E456ED}.Ad-Hoc|Any CPU.Build.0 = Debug|Any CPU
		{3ADF6CD0-5713-468F-A1B2-61A919E456ED}.Ad-Hoc|ARM.ActiveCfg = Debug|Any CPU
		{3ADF6CD0-5713-468F-A1B2-61A919E456ED}.Ad-Hoc|ARM.Build.0 = Debug|Any CPU
		{3ADF6CD0-5713-468F-A1B2-61A919E456ED}.Ad-Hoc|iPhone.ActiveCfg = Debug|Any CPU
		{3ADF6CD0-5713-468F-A1B2-61A919E456ED}.Ad-Hoc|iPhone.Build.0 = Debug|Any CPU
		{3ADF6CD0-5713-468F-A1B2-61A919E456ED}.Ad-Hoc|iPhoneSimulator.ActiveCfg = Debug|Any CPU
		{3ADF6CD0-5713-468F-A1B2-61A919E456ED}.Ad-Hoc|iPhoneSimulator.Build.0 = Debug|Any CPU
		{3ADF6CD0-5713-468F-A1B2-61A919E456ED}.Ad-Hoc|x64.ActiveCfg = Debug|Any CPU
		{3ADF6CD0-5713-468F-A1B2-61A919E456ED}.Ad-Hoc|x64.Build.0 = Debug|Any CPU
		{3ADF6CD0-5713-468F-A1B2-61A919E456ED}.Ad-Hoc|x86.ActiveCfg = Debug|Any CPU
		{3ADF6CD0-5713-468F-A1B2-61A919E456ED}.Ad-Hoc|x86.Build.0 = Debug|Any CPU
		{3ADF6CD0-5713-468F-A1B2-61A919E456ED}.AppStore|Any CPU.ActiveCfg = Debug|Any CPU
		{3ADF6CD0-5713-468F-A1B2-61A919E456ED}.AppStore|Any CPU.Build.0 = Debug|Any CPU
		{3ADF6CD0-5713-468F-A1B2-61A919E456ED}.AppStore|ARM.ActiveCfg = Debug|Any CPU
		{3ADF6CD0-5713-468F-A1B2-61A919E456ED}.AppStore|ARM.Build.0 = Debug|Any CPU
		{3ADF6CD0-5713-468F-A1B2-61A919E456ED}.AppStore|iPhone.ActiveCfg = Debug|Any CPU
		{3ADF6CD0-5713-468F-A1B2-61A919E456ED}.AppStore|iPhone.Build.0 = Debug|Any CPU
		{3ADF6CD0-5713-468F-A1B2-61A919E456ED}.AppStore|iPhoneSimulator.ActiveCfg = Debug|Any CPU
		{3ADF6CD0-5713-468F-A1B2-61A919E456ED}.AppStore|iPhoneSimulator.Build.0 = Debug|Any CPU
		{3ADF6CD0-5713-468F-A1B2-61A919E456ED}.AppStore|x64.ActiveCfg = Debug|Any CPU
		{3ADF6CD0-5713-468F-A1B2-61A919E456ED}.AppStore|x64.Build.0 = Debug|Any CPU
		{3ADF6CD0-5713-468F-A1B2-61A919E456ED}.AppStore|x86.ActiveCfg = Debug|Any CPU
		{3ADF6CD0-5713-468F-A1B2-61A919E456ED}.AppStore|x86.Build.0 = Debug|Any CPU
		{3ADF6CD0-5713-468F-A1B2-61A919E456ED}.Debug|Any CPU.ActiveCfg = Debug|Any CPU
		{3ADF6CD0-5713-468F-A1B2-61A919E456ED}.Debug|Any CPU.Build.0 = Debug|Any CPU
		{3ADF6CD0-5713-468F-A1B2-61A919E456ED}.Debug|ARM.ActiveCfg = Debug|Any CPU
		{3ADF6CD0-5713-468F-A1B2-61A919E456ED}.Debug|ARM.Build.0 = Debug|Any CPU
		{3ADF6CD0-5713-468F-A1B2-61A919E456ED}.Debug|iPhone.ActiveCfg = Debug|Any CPU
		{3ADF6CD0-5713-468F-A1B2-61A919E456ED}.Debug|iPhone.Build.0 = Debug|Any CPU
		{3ADF6CD0-5713-468F-A1B2-61A919E456ED}.Debug|iPhoneSimulator.ActiveCfg = Debug|Any CPU
		{3ADF6CD0-5713-468F-A1B2-61A919E456ED}.Debug|iPhoneSimulator.Build.0 = Debug|Any CPU
		{3ADF6CD0-5713-468F-A1B2-61A919E456ED}.Debug|x64.ActiveCfg = Debug|Any CPU
		{3ADF6CD0-5713-468F-A1B2-61A919E456ED}.Debug|x64.Build.0 = Debug|Any CPU
		{3ADF6CD0-5713-468F-A1B2-61A919E456ED}.Debug|x86.ActiveCfg = Debug|Any CPU
		{3ADF6CD0-5713-468F-A1B2-61A919E456ED}.Debug|x86.Build.0 = Debug|Any CPU
		{3ADF6CD0-5713-468F-A1B2-61A919E456ED}.Release|Any CPU.ActiveCfg = Release|Any CPU
		{3ADF6CD0-5713-468F-A1B2-61A919E456ED}.Release|Any CPU.Build.0 = Release|Any CPU
		{3ADF6CD0-5713-468F-A1B2-61A919E456ED}.Release|ARM.ActiveCfg = Release|Any CPU
		{3ADF6CD0-5713-468F-A1B2-61A919E456ED}.Release|ARM.Build.0 = Release|Any CPU
		{3ADF6CD0-5713-468F-A1B2-61A919E456ED}.Release|iPhone.ActiveCfg = Release|Any CPU
		{3ADF6CD0-5713-468F-A1B2-61A919E456ED}.Release|iPhone.Build.0 = Release|Any CPU
		{3ADF6CD0-5713-468F-A1B2-61A919E456ED}.Release|iPhoneSimulator.ActiveCfg = Release|Any CPU
		{3ADF6CD0-5713-468F-A1B2-61A919E456ED}.Release|iPhoneSimulator.Build.0 = Release|Any CPU
		{3ADF6CD0-5713-468F-A1B2-61A919E456ED}.Release|x64.ActiveCfg = Release|Any CPU
		{3ADF6CD0-5713-468F-A1B2-61A919E456ED}.Release|x64.Build.0 = Release|Any CPU
		{3ADF6CD0-5713-468F-A1B2-61A919E456ED}.Release|x86.ActiveCfg = Release|Any CPU
		{3ADF6CD0-5713-468F-A1B2-61A919E456ED}.Release|x86.Build.0 = Release|Any CPU
		{D5165F0C-CD17-4AA4-8594-D367AE519F50}.Ad-Hoc|Any CPU.ActiveCfg = Release|Any CPU
		{D5165F0C-CD17-4AA4-8594-D367AE519F50}.Ad-Hoc|Any CPU.Build.0 = Release|Any CPU
		{D5165F0C-CD17-4AA4-8594-D367AE519F50}.Ad-Hoc|ARM.ActiveCfg = Release|Any CPU
		{D5165F0C-CD17-4AA4-8594-D367AE519F50}.Ad-Hoc|ARM.Build.0 = Release|Any CPU
		{D5165F0C-CD17-4AA4-8594-D367AE519F50}.Ad-Hoc|iPhone.ActiveCfg = Release|Any CPU
		{D5165F0C-CD17-4AA4-8594-D367AE519F50}.Ad-Hoc|iPhone.Build.0 = Release|Any CPU
		{D5165F0C-CD17-4AA4-8594-D367AE519F50}.Ad-Hoc|iPhoneSimulator.ActiveCfg = Release|Any CPU
		{D5165F0C-CD17-4AA4-8594-D367AE519F50}.Ad-Hoc|iPhoneSimulator.Build.0 = Release|Any CPU
		{D5165F0C-CD17-4AA4-8594-D367AE519F50}.Ad-Hoc|x64.ActiveCfg = Release|Any CPU
		{D5165F0C-CD17-4AA4-8594-D367AE519F50}.Ad-Hoc|x64.Build.0 = Release|Any CPU
		{D5165F0C-CD17-4AA4-8594-D367AE519F50}.Ad-Hoc|x86.ActiveCfg = Release|Any CPU
		{D5165F0C-CD17-4AA4-8594-D367AE519F50}.Ad-Hoc|x86.Build.0 = Release|Any CPU
		{D5165F0C-CD17-4AA4-8594-D367AE519F50}.AppStore|Any CPU.ActiveCfg = Release|Any CPU
		{D5165F0C-CD17-4AA4-8594-D367AE519F50}.AppStore|Any CPU.Build.0 = Release|Any CPU
		{D5165F0C-CD17-4AA4-8594-D367AE519F50}.AppStore|ARM.ActiveCfg = Release|Any CPU
		{D5165F0C-CD17-4AA4-8594-D367AE519F50}.AppStore|ARM.Build.0 = Release|Any CPU
		{D5165F0C-CD17-4AA4-8594-D367AE519F50}.AppStore|iPhone.ActiveCfg = Release|Any CPU
		{D5165F0C-CD17-4AA4-8594-D367AE519F50}.AppStore|iPhone.Build.0 = Release|Any CPU
		{D5165F0C-CD17-4AA4-8594-D367AE519F50}.AppStore|iPhoneSimulator.ActiveCfg = Release|Any CPU
		{D5165F0C-CD17-4AA4-8594-D367AE519F50}.AppStore|iPhoneSimulator.Build.0 = Release|Any CPU
		{D5165F0C-CD17-4AA4-8594-D367AE519F50}.AppStore|x64.ActiveCfg = Release|Any CPU
		{D5165F0C-CD17-4AA4-8594-D367AE519F50}.AppStore|x64.Build.0 = Release|Any CPU
		{D5165F0C-CD17-4AA4-8594-D367AE519F50}.AppStore|x86.ActiveCfg = Release|Any CPU
		{D5165F0C-CD17-4AA4-8594-D367AE519F50}.AppStore|x86.Build.0 = Release|Any CPU
		{D5165F0C-CD17-4AA4-8594-D367AE519F50}.Debug|Any CPU.ActiveCfg = Debug|Any CPU
		{D5165F0C-CD17-4AA4-8594-D367AE519F50}.Debug|Any CPU.Build.0 = Debug|Any CPU
		{D5165F0C-CD17-4AA4-8594-D367AE519F50}.Debug|ARM.ActiveCfg = Debug|Any CPU
		{D5165F0C-CD17-4AA4-8594-D367AE519F50}.Debug|ARM.Build.0 = Debug|Any CPU
		{D5165F0C-CD17-4AA4-8594-D367AE519F50}.Debug|iPhone.ActiveCfg = Debug|Any CPU
		{D5165F0C-CD17-4AA4-8594-D367AE519F50}.Debug|iPhone.Build.0 = Debug|Any CPU
		{D5165F0C-CD17-4AA4-8594-D367AE519F50}.Debug|iPhoneSimulator.ActiveCfg = Debug|Any CPU
		{D5165F0C-CD17-4AA4-8594-D367AE519F50}.Debug|iPhoneSimulator.Build.0 = Debug|Any CPU
		{D5165F0C-CD17-4AA4-8594-D367AE519F50}.Debug|x64.ActiveCfg = Debug|Any CPU
		{D5165F0C-CD17-4AA4-8594-D367AE519F50}.Debug|x64.Build.0 = Debug|Any CPU
		{D5165F0C-CD17-4AA4-8594-D367AE519F50}.Debug|x86.ActiveCfg = Debug|Any CPU
		{D5165F0C-CD17-4AA4-8594-D367AE519F50}.Debug|x86.Build.0 = Debug|Any CPU
		{D5165F0C-CD17-4AA4-8594-D367AE519F50}.Release|Any CPU.ActiveCfg = Release|Any CPU
		{D5165F0C-CD17-4AA4-8594-D367AE519F50}.Release|Any CPU.Build.0 = Release|Any CPU
		{D5165F0C-CD17-4AA4-8594-D367AE519F50}.Release|ARM.ActiveCfg = Release|Any CPU
		{D5165F0C-CD17-4AA4-8594-D367AE519F50}.Release|ARM.Build.0 = Release|Any CPU
		{D5165F0C-CD17-4AA4-8594-D367AE519F50}.Release|iPhone.ActiveCfg = Release|Any CPU
		{D5165F0C-CD17-4AA4-8594-D367AE519F50}.Release|iPhone.Build.0 = Release|Any CPU
		{D5165F0C-CD17-4AA4-8594-D367AE519F50}.Release|iPhoneSimulator.ActiveCfg = Release|Any CPU
		{D5165F0C-CD17-4AA4-8594-D367AE519F50}.Release|iPhoneSimulator.Build.0 = Release|Any CPU
		{D5165F0C-CD17-4AA4-8594-D367AE519F50}.Release|x64.ActiveCfg = Release|Any CPU
		{D5165F0C-CD17-4AA4-8594-D367AE519F50}.Release|x64.Build.0 = Release|Any CPU
		{D5165F0C-CD17-4AA4-8594-D367AE519F50}.Release|x86.ActiveCfg = Release|Any CPU
		{D5165F0C-CD17-4AA4-8594-D367AE519F50}.Release|x86.Build.0 = Release|Any CPU
		{36C9218F-2FE5-4949-A7DD-8FFBD79175D9}.Ad-Hoc|Any CPU.ActiveCfg = Debug|Any CPU
		{36C9218F-2FE5-4949-A7DD-8FFBD79175D9}.Ad-Hoc|Any CPU.Build.0 = Debug|Any CPU
		{36C9218F-2FE5-4949-A7DD-8FFBD79175D9}.Ad-Hoc|ARM.ActiveCfg = Debug|Any CPU
		{36C9218F-2FE5-4949-A7DD-8FFBD79175D9}.Ad-Hoc|ARM.Build.0 = Debug|Any CPU
		{36C9218F-2FE5-4949-A7DD-8FFBD79175D9}.Ad-Hoc|iPhone.ActiveCfg = Debug|Any CPU
		{36C9218F-2FE5-4949-A7DD-8FFBD79175D9}.Ad-Hoc|iPhone.Build.0 = Debug|Any CPU
		{36C9218F-2FE5-4949-A7DD-8FFBD79175D9}.Ad-Hoc|iPhoneSimulator.ActiveCfg = Debug|Any CPU
		{36C9218F-2FE5-4949-A7DD-8FFBD79175D9}.Ad-Hoc|iPhoneSimulator.Build.0 = Debug|Any CPU
		{36C9218F-2FE5-4949-A7DD-8FFBD79175D9}.Ad-Hoc|x64.ActiveCfg = Debug|Any CPU
		{36C9218F-2FE5-4949-A7DD-8FFBD79175D9}.Ad-Hoc|x64.Build.0 = Debug|Any CPU
		{36C9218F-2FE5-4949-A7DD-8FFBD79175D9}.Ad-Hoc|x86.ActiveCfg = Debug|Any CPU
		{36C9218F-2FE5-4949-A7DD-8FFBD79175D9}.Ad-Hoc|x86.Build.0 = Debug|Any CPU
		{36C9218F-2FE5-4949-A7DD-8FFBD79175D9}.AppStore|Any CPU.ActiveCfg = Debug|Any CPU
		{36C9218F-2FE5-4949-A7DD-8FFBD79175D9}.AppStore|Any CPU.Build.0 = Debug|Any CPU
		{36C9218F-2FE5-4949-A7DD-8FFBD79175D9}.AppStore|ARM.ActiveCfg = Debug|Any CPU
		{36C9218F-2FE5-4949-A7DD-8FFBD79175D9}.AppStore|ARM.Build.0 = Debug|Any CPU
		{36C9218F-2FE5-4949-A7DD-8FFBD79175D9}.AppStore|iPhone.ActiveCfg = Debug|Any CPU
		{36C9218F-2FE5-4949-A7DD-8FFBD79175D9}.AppStore|iPhone.Build.0 = Debug|Any CPU
		{36C9218F-2FE5-4949-A7DD-8FFBD79175D9}.AppStore|iPhoneSimulator.ActiveCfg = Debug|Any CPU
		{36C9218F-2FE5-4949-A7DD-8FFBD79175D9}.AppStore|iPhoneSimulator.Build.0 = Debug|Any CPU
		{36C9218F-2FE5-4949-A7DD-8FFBD79175D9}.AppStore|x64.ActiveCfg = Debug|Any CPU
		{36C9218F-2FE5-4949-A7DD-8FFBD79175D9}.AppStore|x64.Build.0 = Debug|Any CPU
		{36C9218F-2FE5-4949-A7DD-8FFBD79175D9}.AppStore|x86.ActiveCfg = Debug|Any CPU
		{36C9218F-2FE5-4949-A7DD-8FFBD79175D9}.AppStore|x86.Build.0 = Debug|Any CPU
		{36C9218F-2FE5-4949-A7DD-8FFBD79175D9}.Debug|Any CPU.ActiveCfg = Debug|Any CPU
		{36C9218F-2FE5-4949-A7DD-8FFBD79175D9}.Debug|Any CPU.Build.0 = Debug|Any CPU
		{36C9218F-2FE5-4949-A7DD-8FFBD79175D9}.Debug|ARM.ActiveCfg = Debug|Any CPU
		{36C9218F-2FE5-4949-A7DD-8FFBD79175D9}.Debug|ARM.Build.0 = Debug|Any CPU
		{36C9218F-2FE5-4949-A7DD-8FFBD79175D9}.Debug|iPhone.ActiveCfg = Debug|Any CPU
		{36C9218F-2FE5-4949-A7DD-8FFBD79175D9}.Debug|iPhone.Build.0 = Debug|Any CPU
		{36C9218F-2FE5-4949-A7DD-8FFBD79175D9}.Debug|iPhoneSimulator.ActiveCfg = Debug|Any CPU
		{36C9218F-2FE5-4949-A7DD-8FFBD79175D9}.Debug|iPhoneSimulator.Build.0 = Debug|Any CPU
		{36C9218F-2FE5-4949-A7DD-8FFBD79175D9}.Debug|x64.ActiveCfg = Debug|Any CPU
		{36C9218F-2FE5-4949-A7DD-8FFBD79175D9}.Debug|x64.Build.0 = Debug|Any CPU
		{36C9218F-2FE5-4949-A7DD-8FFBD79175D9}.Debug|x86.ActiveCfg = Debug|Any CPU
		{36C9218F-2FE5-4949-A7DD-8FFBD79175D9}.Debug|x86.Build.0 = Debug|Any CPU
		{36C9218F-2FE5-4949-A7DD-8FFBD79175D9}.Release|Any CPU.ActiveCfg = Release|Any CPU
		{36C9218F-2FE5-4949-A7DD-8FFBD79175D9}.Release|Any CPU.Build.0 = Release|Any CPU
		{36C9218F-2FE5-4949-A7DD-8FFBD79175D9}.Release|ARM.ActiveCfg = Release|Any CPU
		{36C9218F-2FE5-4949-A7DD-8FFBD79175D9}.Release|ARM.Build.0 = Release|Any CPU
		{36C9218F-2FE5-4949-A7DD-8FFBD79175D9}.Release|iPhone.ActiveCfg = Release|Any CPU
		{36C9218F-2FE5-4949-A7DD-8FFBD79175D9}.Release|iPhone.Build.0 = Release|Any CPU
		{36C9218F-2FE5-4949-A7DD-8FFBD79175D9}.Release|iPhoneSimulator.ActiveCfg = Release|Any CPU
		{36C9218F-2FE5-4949-A7DD-8FFBD79175D9}.Release|iPhoneSimulator.Build.0 = Release|Any CPU
		{36C9218F-2FE5-4949-A7DD-8FFBD79175D9}.Release|x64.ActiveCfg = Release|Any CPU
		{36C9218F-2FE5-4949-A7DD-8FFBD79175D9}.Release|x64.Build.0 = Release|Any CPU
		{36C9218F-2FE5-4949-A7DD-8FFBD79175D9}.Release|x86.ActiveCfg = Release|Any CPU
		{36C9218F-2FE5-4949-A7DD-8FFBD79175D9}.Release|x86.Build.0 = Release|Any CPU
	EndGlobalSection
	GlobalSection(SolutionProperties) = preSolution
		HideSolutionNode = FALSE
	EndGlobalSection
	GlobalSection(NestedProjects) = preSolution
		{17783EDB-7903-48A7-B85A-4243DD0A0A5A} = {E9DAB471-D189-4DFA-8606-4A57E189B9AD}
		{A3374CFD-2F4F-4C38-9F14-F5D4EA06AC52} = {E9DAB471-D189-4DFA-8606-4A57E189B9AD}
		{87C5C96C-C9D7-407C-A3FA-B94AFA3CD99A} = {E9DAB471-D189-4DFA-8606-4A57E189B9AD}
		{96C8785B-A213-4713-80F7-B7B0D6442C3C} = {61C95BB6-89B9-4D97-A414-800734DD8830}
		{652E2446-972F-4B4F-A000-EF1C472C568C} = {61C95BB6-89B9-4D97-A414-800734DD8830}
		{545FACBE-2D1C-44D2-A1F9-8743859F965F} = {61C95BB6-89B9-4D97-A414-800734DD8830}
		{027A76B1-C8EE-4C76-9C40-F95D2B0F3B54} = {BECCC884-E964-462D-8122-FE37305ECCF9}
		{22C24E38-B823-446D-8B50-773C618B0C34} = {BECCC884-E964-462D-8122-FE37305ECCF9}
		{05774B41-6763-49F8-A6D8-9EF3D5DD1E07} = {BECCC884-E964-462D-8122-FE37305ECCF9}
		{A0264C2A-0F0D-4254-8105-661F575E1EAC} = {BECCC884-E964-462D-8122-FE37305ECCF9}
		{D1B48BAB-29FD-4BCF-96C4-235F5DC4CF99} = {DD8EC577-580D-4123-95BC-4FB46A035C62}
		{92F38F9F-E482-4D39-B40B-EAC0FCDC5DC7} = {DD8EC577-580D-4123-95BC-4FB46A035C62}
		{3ADF6CD0-5713-468F-A1B2-61A919E456ED} = {61C95BB6-89B9-4D97-A414-800734DD8830}
		{D5165F0C-CD17-4AA4-8594-D367AE519F50} = {61C95BB6-89B9-4D97-A414-800734DD8830}
		{36C9218F-2FE5-4949-A7DD-8FFBD79175D9} = {E9DAB471-D189-4DFA-8606-4A57E189B9AD}
	EndGlobalSection
	GlobalSection(ExtensibilityGlobals) = postSolution
		SolutionGuid = {3EA94BC6-C2E6-4D5D-ACD0-6EBB4E8852A6}
	EndGlobalSection
EndGlobal
